PODS:
  - JXCategoryView (1.3.0)
  - Masonry (1.1.0)
  - MJRefresh (3.1.15.7)

DEPENDENCIES:
  - JXCategoryView
  - Masonry
  - MJRefresh

SPEC REPOS:
  https://github.com/cocoapods/specs.git:
    - JXCategoryView
    - Masonry
    - MJRefresh

SPEC CHECKSUMS:
  JXCategoryView: b3bf1bedb51b5f98b63d51f0e31007a2ef80de14
  Masonry: 678fab65091a9290e40e2832a55e7ab731aad201
  MJRefresh: 697f8ec75ebdbe9207767bb682cf0f51b0d8a41f

PODFILE CHECKSUM: 2d372a9c846d8ea68dbf43887c0a49021aa8ddf9

COCOAPODS: 1.6.1
