PODS:
  - TZImagePickerController (2.2.3)

DEPENDENCIES:
  - TZImagePickerController

SPEC REPOS:
  https://github.com/cocoapods/specs.git:
    - TZImagePickerController

SPEC CHECKSUMS:
  TZImagePickerController: 5374a30df056b33428802c8112ed44011fe2596a

PODFILE CHECKSUM: 582866d8dd1cd7dd159972b65743d298d9e8db50

COCOAPODS: 1.5.3
