// !$*UTF8*$!
{
	archiveVersion = 1;
	classes = {
	};
	objectVersion = 51;
	objects = {

/* Begin PBXBuildFile section */
		600EC5582306588500222289 /* AppDelegate.m in Sources */ = {isa = PBXBuildFile; fileRef = 600EC5572306588500222289 /* AppDelegate.m */; };
		600EC5602306588700222289 /* Assets.xcassets in Resources */ = {isa = PBXBuildFile; fileRef = 600EC55F2306588700222289 /* Assets.xcassets */; };
		600EC5632306588700222289 /* LaunchScreen.storyboard in Resources */ = {isa = PBXBuildFile; fileRef = 600EC5612306588700222289 /* LaunchScreen.storyboard */; };
		600EC5662306588700222289 /* main.m in Sources */ = {isa = PBXBuildFile; fileRef = 600EC5652306588700222289 /* main.m */; };
		600EC6D423067F5400222289 /* GKPushTransitionAnimation.m in Sources */ = {isa = PBXBuildFile; fileRef = 600EC6B623067F5400222289 /* GKPushTransitionAnimation.m */; };
		600EC6D623067F5400222289 /* GKPopTransitionAnimation.m in Sources */ = {isa = PBXBuildFile; fileRef = 600EC6B823067F5400222289 /* GKPopTransitionAnimation.m */; };
		600EC6D723067F5400222289 /* GKBaseTransitionAnimation.m in Sources */ = {isa = PBXBuildFile; fileRef = 600EC6B923067F5400222289 /* GKBaseTransitionAnimation.m */; };
		600EC6D823067F5400222289 /* UINavigationController+GKCategory.m in Sources */ = {isa = PBXBuildFile; fileRef = 600EC6BF23067F5400222289 /* UINavigationController+GKCategory.m */; };
		600EC6DA23067F5400222289 /* UIBarButtonItem+GKCategory.m in Sources */ = {isa = PBXBuildFile; fileRef = 600EC6C223067F5400222289 /* UIBarButtonItem+GKCategory.m */; };
		600EC6DB23067F5400222289 /* UIScrollView+GKCategory.m in Sources */ = {isa = PBXBuildFile; fileRef = 600EC6C423067F5400222289 /* UIScrollView+GKCategory.m */; };
		600EC6DC23067F5400222289 /* UINavigationItem+GKCategory.m in Sources */ = {isa = PBXBuildFile; fileRef = 600EC6C723067F5400222289 /* UINavigationItem+GKCategory.m */; };
		600EC6DD23067F5400222289 /* UIViewController+GKCategory.m in Sources */ = {isa = PBXBuildFile; fileRef = 600EC6CB23067F5400222289 /* UIViewController+GKCategory.m */; };
		600EC6DE23067F5400222289 /* GKNavigationBar.m in Sources */ = {isa = PBXBuildFile; fileRef = 600EC6CE23067F5400222289 /* GKNavigationBar.m */; };
		600EC6DF23067F5400222289 /* GKNavigationBarViewController.bundle in Resources */ = {isa = PBXBuildFile; fileRef = 600EC6CF23067F5400222289 /* GKNavigationBarViewController.bundle */; };
		600EC6E023067F5400222289 /* GKNavigationBarViewController.m in Sources */ = {isa = PBXBuildFile; fileRef = 600EC6D023067F5400222289 /* GKNavigationBarViewController.m */; };
		600EC6E123067F5400222289 /* GKNavigationBarConfigure.m in Sources */ = {isa = PBXBuildFile; fileRef = 600EC6D323067F5400222289 /* GKNavigationBarConfigure.m */; };
		600EC6E423067F6800222289 /* GKNavigationBarViewController.podspec in Resources */ = {isa = PBXBuildFile; fileRef = 600EC6E223067F6700222289 /* GKNavigationBarViewController.podspec */; };
		600EC6E523067F6800222289 /* README.md in Resources */ = {isa = PBXBuildFile; fileRef = 600EC6E323067F6800222289 /* README.md */; };
		6011631B236FF52900622897 /* UIImage+GKCategory.m in Sources */ = {isa = PBXBuildFile; fileRef = 6011631A236FF52900622897 /* UIImage+GKCategory.m */; };
		60180AD223585B8600C48293 /* GKPushTransitionAnimation.m in Sources */ = {isa = PBXBuildFile; fileRef = 600EC6B623067F5400222289 /* GKPushTransitionAnimation.m */; };
		60180AD323585B8600C48293 /* GKPopTransitionAnimation.m in Sources */ = {isa = PBXBuildFile; fileRef = 600EC6B823067F5400222289 /* GKPopTransitionAnimation.m */; };
		60180AD423585B8600C48293 /* GKBaseTransitionAnimation.m in Sources */ = {isa = PBXBuildFile; fileRef = 600EC6B923067F5400222289 /* GKBaseTransitionAnimation.m */; };
		60180AD623585B8600C48293 /* UIScrollView+GKCategory.m in Sources */ = {isa = PBXBuildFile; fileRef = 600EC6C423067F5400222289 /* UIScrollView+GKCategory.m */; };
		60180AD723585B8600C48293 /* UIBarButtonItem+GKCategory.m in Sources */ = {isa = PBXBuildFile; fileRef = 600EC6C223067F5400222289 /* UIBarButtonItem+GKCategory.m */; };
		60180AD823585B8600C48293 /* UINavigationItem+GKCategory.m in Sources */ = {isa = PBXBuildFile; fileRef = 600EC6C723067F5400222289 /* UINavigationItem+GKCategory.m */; };
		60180AD923585B8600C48293 /* UINavigationController+GKCategory.m in Sources */ = {isa = PBXBuildFile; fileRef = 600EC6BF23067F5400222289 /* UINavigationController+GKCategory.m */; };
		60180ADB23585B8600C48293 /* UIViewController+GKCategory.m in Sources */ = {isa = PBXBuildFile; fileRef = 600EC6CB23067F5400222289 /* UIViewController+GKCategory.m */; };
		60180ADC23585B8600C48293 /* GKNavigationBarViewController.m in Sources */ = {isa = PBXBuildFile; fileRef = 600EC6D023067F5400222289 /* GKNavigationBarViewController.m */; };
		60180ADD23585B8600C48293 /* GKNavigationBarConfigure.m in Sources */ = {isa = PBXBuildFile; fileRef = 600EC6D323067F5400222289 /* GKNavigationBarConfigure.m */; };
		60180ADE23585B8600C48293 /* GKNavigationBar.m in Sources */ = {isa = PBXBuildFile; fileRef = 600EC6CE23067F5400222289 /* GKNavigationBar.m */; };
		60180ADF23585B9800C48293 /* GKNavigationBarViewController.bundle in Resources */ = {isa = PBXBuildFile; fileRef = 600EC6CF23067F5400222289 /* GKNavigationBarViewController.bundle */; };
		60180AE123585BF500C48293 /* GKPushTransitionAnimation.h in Headers */ = {isa = PBXBuildFile; fileRef = 600EC6BA23067F5400222289 /* GKPushTransitionAnimation.h */; settings = {ATTRIBUTES = (Public, ); }; };
		60180AE223585BF500C48293 /* GKPopTransitionAnimation.h in Headers */ = {isa = PBXBuildFile; fileRef = 600EC6BC23067F5400222289 /* GKPopTransitionAnimation.h */; settings = {ATTRIBUTES = (Public, ); }; };
		60180AE323585BF500C48293 /* GKBaseTransitionAnimation.h in Headers */ = {isa = PBXBuildFile; fileRef = 600EC6BD23067F5400222289 /* GKBaseTransitionAnimation.h */; settings = {ATTRIBUTES = (Public, ); }; };
		60180AE523585BF500C48293 /* GKCategory.h in Headers */ = {isa = PBXBuildFile; fileRef = 600EC6C523067F5400222289 /* GKCategory.h */; settings = {ATTRIBUTES = (Public, ); }; };
		60180AE623585BF500C48293 /* UIScrollView+GKCategory.h in Headers */ = {isa = PBXBuildFile; fileRef = 600EC6CA23067F5400222289 /* UIScrollView+GKCategory.h */; settings = {ATTRIBUTES = (Public, ); }; };
		60180AE723585BF500C48293 /* UIBarButtonItem+GKCategory.h in Headers */ = {isa = PBXBuildFile; fileRef = 600EC6C923067F5400222289 /* UIBarButtonItem+GKCategory.h */; settings = {ATTRIBUTES = (Public, ); }; };
		60180AE823585BF500C48293 /* UINavigationItem+GKCategory.h in Headers */ = {isa = PBXBuildFile; fileRef = 600EC6C123067F5400222289 /* UINavigationItem+GKCategory.h */; settings = {ATTRIBUTES = (Public, ); }; };
		60180AE923585BF500C48293 /* UINavigationController+GKCategory.h in Headers */ = {isa = PBXBuildFile; fileRef = 600EC6C823067F5400222289 /* UINavigationController+GKCategory.h */; settings = {ATTRIBUTES = (Public, ); }; };
		60180AEB23585BF500C48293 /* UIViewController+GKCategory.h in Headers */ = {isa = PBXBuildFile; fileRef = 600EC6C323067F5400222289 /* UIViewController+GKCategory.h */; settings = {ATTRIBUTES = (Public, ); }; };
		60180AEC23585BF500C48293 /* GKCommon.h in Headers */ = {isa = PBXBuildFile; fileRef = 600EC6D123067F5400222289 /* GKCommon.h */; settings = {ATTRIBUTES = (Public, ); }; };
		60180AED23585BF500C48293 /* GKNavigationBarViewController.h in Headers */ = {isa = PBXBuildFile; fileRef = 600EC6CC23067F5400222289 /* GKNavigationBarViewController.h */; settings = {ATTRIBUTES = (Public, ); }; };
		60180AEE23585BF500C48293 /* GKNavigationBarConfigure.h in Headers */ = {isa = PBXBuildFile; fileRef = 600EC6CD23067F5400222289 /* GKNavigationBarConfigure.h */; settings = {ATTRIBUTES = (Public, ); }; };
		60180AEF23585BF500C48293 /* GKNavigationBar.h in Headers */ = {isa = PBXBuildFile; fileRef = 600EC6D223067F5400222289 /* GKNavigationBar.h */; settings = {ATTRIBUTES = (Public, ); }; };
		60180B342358669300C48293 /* .travis.yml in Resources */ = {isa = PBXBuildFile; fileRef = 60180B332358669300C48293 /* .travis.yml */; };
		602B933A261C395E002F9742 /* GKDemo004ViewController.m in Sources */ = {isa = PBXBuildFile; fileRef = 602B9338261C395E002F9742 /* GKDemo004ViewController.m */; };
		602B933B261C395E002F9742 /* GKDemo004ViewController.xib in Resources */ = {isa = PBXBuildFile; fileRef = 602B9339261C395E002F9742 /* GKDemo004ViewController.xib */; };
		602B9340261C482E002F9742 /* GKDemo005ViewController.m in Sources */ = {isa = PBXBuildFile; fileRef = 602B933F261C482E002F9742 /* GKDemo005ViewController.m */; };
		603BE6B0257494BB0039D2ED /* GKDemoTransitionViewController.m in Sources */ = {isa = PBXBuildFile; fileRef = 603BE6AF257494BB0039D2ED /* GKDemoTransitionViewController.m */; };
		60B70D48256F8498008D62FC /* GKNavigationInteractiveTransition.h in Headers */ = {isa = PBXBuildFile; fileRef = 7913689A256E9C95008AB9F5 /* GKNavigationInteractiveTransition.h */; settings = {ATTRIBUTES = (Public, ); }; };
		60D0DC07236FF8B800266415 /* UIImage+GKCategory.m in Sources */ = {isa = PBXBuildFile; fileRef = 6011631A236FF52900622897 /* UIImage+GKCategory.m */; };
		60D0DC08236FF8C200266415 /* UIImage+GKCategory.h in Headers */ = {isa = PBXBuildFile; fileRef = 60116319236FF52900622897 /* UIImage+GKCategory.h */; settings = {ATTRIBUTES = (Public, ); }; };
		60D1406C25873EA8004393D0 /* GKWYMusicDetailViewController.m in Sources */ = {isa = PBXBuildFile; fileRef = 60D1406525873EA8004393D0 /* GKWYMusicDetailViewController.m */; };
		60D1406D25873EA8004393D0 /* GKWYMusicFriendViewController.m in Sources */ = {isa = PBXBuildFile; fileRef = 60D1406625873EA8004393D0 /* GKWYMusicFriendViewController.m */; };
		60D1406E25873EA8004393D0 /* GKWYMusicFindViewController.m in Sources */ = {isa = PBXBuildFile; fileRef = 60D1406725873EA8004393D0 /* GKWYMusicFindViewController.m */; };
		60D1406F25873EA8004393D0 /* GKWYMusicMineViewController.m in Sources */ = {isa = PBXBuildFile; fileRef = 60D1406825873EA8004393D0 /* GKWYMusicMineViewController.m */; };
		60D1407025873EA8004393D0 /* GKWYMusicAccountViewController.m in Sources */ = {isa = PBXBuildFile; fileRef = 60D1406A25873EA8004393D0 /* GKWYMusicAccountViewController.m */; };
		60D1407125873EA8004393D0 /* GKWYMusicViewController.m in Sources */ = {isa = PBXBuildFile; fileRef = 60D1406B25873EA8004393D0 /* GKWYMusicViewController.m */; };
		7913689C256E9C95008AB9F5 /* GKNavigationInteractiveTransition.m in Sources */ = {isa = PBXBuildFile; fileRef = 7913689B256E9C95008AB9F5 /* GKNavigationInteractiveTransition.m */; };
		796EB946259732D00043B2E6 /* GKNavigationInteractiveTransition.m in Sources */ = {isa = PBXBuildFile; fileRef = 7913689B256E9C95008AB9F5 /* GKNavigationInteractiveTransition.m */; };
		79C48C1A243CC464000B0815 /* GKToutiaoViewController.m in Sources */ = {isa = PBXBuildFile; fileRef = 79C48BC9243CC462000B0815 /* GKToutiaoViewController.m */; };
		79C48C1B243CC464000B0815 /* GKToutiaoMineViewController.m in Sources */ = {isa = PBXBuildFile; fileRef = 79C48BCB243CC462000B0815 /* GKToutiaoMineViewController.m */; };
		79C48C1C243CC464000B0815 /* GKToutiaoDetailViewController.m in Sources */ = {isa = PBXBuildFile; fileRef = 79C48BCD243CC462000B0815 /* GKToutiaoDetailViewController.m */; };
		79C48C1D243CC464000B0815 /* GKToutiaoVideoViewController.m in Sources */ = {isa = PBXBuildFile; fileRef = 79C48BCE243CC462000B0815 /* GKToutiaoVideoViewController.m */; };
		79C48C1E243CC464000B0815 /* GKToutiaoMicroViewController.m in Sources */ = {isa = PBXBuildFile; fileRef = 79C48BD0243CC462000B0815 /* GKToutiaoMicroViewController.m */; };
		79C48C1F243CC464000B0815 /* GKToutiaoHomeViewController.m in Sources */ = {isa = PBXBuildFile; fileRef = 79C48BD4243CC462000B0815 /* GKToutiaoHomeViewController.m */; };
		79C48C20243CC464000B0815 /* GKDemo000ViewController.xib in Resources */ = {isa = PBXBuildFile; fileRef = 79C48BD7243CC462000B0815 /* GKDemo000ViewController.xib */; };
		79C48C21243CC464000B0815 /* GKDemo001ViewController.m in Sources */ = {isa = PBXBuildFile; fileRef = 79C48BDA243CC462000B0815 /* GKDemo001ViewController.m */; };
		79C48C22243CC464000B0815 /* GKDemo000ViewController.m in Sources */ = {isa = PBXBuildFile; fileRef = 79C48BDB243CC462000B0815 /* GKDemo000ViewController.m */; };
		79C48C23243CC464000B0815 /* GKDemo002ViewController.m in Sources */ = {isa = PBXBuildFile; fileRef = 79C48BDD243CC462000B0815 /* GKDemo002ViewController.m */; };
		79C48C24243CC464000B0815 /* GKDemoWebViewController.m in Sources */ = {isa = PBXBuildFile; fileRef = 79C48BDF243CC462000B0815 /* GKDemoWebViewController.m */; };
		79C48C25243CC464000B0815 /* GKDemo003ViewController.m in Sources */ = {isa = PBXBuildFile; fileRef = 79C48BE1243CC462000B0815 /* GKDemo003ViewController.m */; };
		79C48C26243CC464000B0815 /* web.txt in Resources */ = {isa = PBXBuildFile; fileRef = 79C48BE2243CC462000B0815 /* web.txt */; };
		79C48C2D243CC464000B0815 /* GKBaseViewController.m in Sources */ = {isa = PBXBuildFile; fileRef = 79C48BF3243CC463000B0815 /* GKBaseViewController.m */; };
		79C48C2E243CC464000B0815 /* GKTabBaseViewController.m in Sources */ = {isa = PBXBuildFile; fileRef = 79C48BF5243CC463000B0815 /* GKTabBaseViewController.m */; };
		79C48C2F243CC464000B0815 /* GKDemoBaseViewController.m in Sources */ = {isa = PBXBuildFile; fileRef = 79C48BF7243CC463000B0815 /* GKDemoBaseViewController.m */; };
		79C48C30243CC464000B0815 /* UIView+Extension.m in Sources */ = {isa = PBXBuildFile; fileRef = 79C48BF9243CC463000B0815 /* UIView+Extension.m */; };
		79C48C31243CC464000B0815 /* GKBaseNavigationController.m in Sources */ = {isa = PBXBuildFile; fileRef = 79C48BFA243CC463000B0815 /* GKBaseNavigationController.m */; };
		79C48C32243CC464000B0815 /* GKMainViewController.m in Sources */ = {isa = PBXBuildFile; fileRef = 79C48BFC243CC463000B0815 /* GKMainViewController.m */; };
		79C48C33243CC464000B0815 /* GKWYNewsViewController.m in Sources */ = {isa = PBXBuildFile; fileRef = 79C48BFE243CC463000B0815 /* GKWYNewsViewController.m */; };
		79C48C34243CC464000B0815 /* GKWYNewsHomeViewController.m in Sources */ = {isa = PBXBuildFile; fileRef = 79C48C01243CC463000B0815 /* GKWYNewsHomeViewController.m */; };
		79C48C35243CC464000B0815 /* GKWYNewsNewViewController.m in Sources */ = {isa = PBXBuildFile; fileRef = 79C48C02243CC463000B0815 /* GKWYNewsNewViewController.m */; };
		79C48C36243CC464000B0815 /* GKWYNewsProfileViewController.m in Sources */ = {isa = PBXBuildFile; fileRef = 79C48C03243CC463000B0815 /* GKWYNewsProfileViewController.m */; };
		79C48C37243CC464000B0815 /* GKWYNewsCommentViewController.m in Sources */ = {isa = PBXBuildFile; fileRef = 79C48C05243CC463000B0815 /* GKWYNewsCommentViewController.m */; };
		79C48C38243CC464000B0815 /* GKWYNewsDetailViewController.m in Sources */ = {isa = PBXBuildFile; fileRef = 79C48C08243CC463000B0815 /* GKWYNewsDetailViewController.m */; };
		79C48C39243CC464000B0815 /* GKWYNewsVideoViewController.m in Sources */ = {isa = PBXBuildFile; fileRef = 79C48C0C243CC463000B0815 /* GKWYNewsVideoViewController.m */; };
		79C48C3A243CC464000B0815 /* GKWYNewsLiveViewController.m in Sources */ = {isa = PBXBuildFile; fileRef = 79C48C0D243CC463000B0815 /* GKWYNewsLiveViewController.m */; };
		79C48C3B243CC464000B0815 /* GKDouyinHomePlayerViewController.m in Sources */ = {isa = PBXBuildFile; fileRef = 79C48C14243CC463000B0815 /* GKDouyinHomePlayerViewController.m */; };
		79C48C3C243CC464000B0815 /* GKDouyinHomeViewController.m in Sources */ = {isa = PBXBuildFile; fileRef = 79C48C15243CC463000B0815 /* GKDouyinHomeViewController.m */; };
		79C48C3D243CC464000B0815 /* GKDouyinScrollView.m in Sources */ = {isa = PBXBuildFile; fileRef = 79C48C16243CC463000B0815 /* GKDouyinScrollView.m */; };
		79C48C3E243CC464000B0815 /* GKDouyinPersonalViewController.m in Sources */ = {isa = PBXBuildFile; fileRef = 79C48C17243CC464000B0815 /* GKDouyinPersonalViewController.m */; };
		79C48C3F243CC464000B0815 /* GKDouyinHomeSearchViewController.m in Sources */ = {isa = PBXBuildFile; fileRef = 79C48C18243CC464000B0815 /* GKDouyinHomeSearchViewController.m */; };
		79FBECEA253AE3F90053F518 /* GKWXViewController.m in Sources */ = {isa = PBXBuildFile; fileRef = 79FBECE9253AE3F90053F518 /* GKWXViewController.m */; };
		79FBECF1253AE6C60053F518 /* GKWXHomeViewController.m in Sources */ = {isa = PBXBuildFile; fileRef = 79FBECF0253AE6C60053F518 /* GKWXHomeViewController.m */; };
		79FBECF7253AE6E90053F518 /* GKWXFindViewController.m in Sources */ = {isa = PBXBuildFile; fileRef = 79FBECF6253AE6E90053F518 /* GKWXFindViewController.m */; };
		79FBECFD253AE6F10053F518 /* GKWXMineViewController.m in Sources */ = {isa = PBXBuildFile; fileRef = 79FBECFC253AE6F10053F518 /* GKWXMineViewController.m */; };
		79FBED06253AE8AA0053F518 /* GKWXDetailViewController.m in Sources */ = {isa = PBXBuildFile; fileRef = 79FBED05253AE8AA0053F518 /* GKWXDetailViewController.m */; };
		79FBED0D253AE9110053F518 /* GKFloatView.m in Sources */ = {isa = PBXBuildFile; fileRef = 79FBED0B253AE9110053F518 /* GKFloatView.m */; };
		79FBED13253AE9590053F518 /* GKFloatTransition.m in Sources */ = {isa = PBXBuildFile; fileRef = 79FBED11253AE9590053F518 /* GKFloatTransition.m */; };
		8DF46E5B66130A8189FB62B1 /* Pods_GKNavigationBarViewControllerDemo.framework in Frameworks */ = {isa = PBXBuildFile; fileRef = CC3617061D50CAD65A453EBD /* Pods_GKNavigationBarViewControllerDemo.framework */; };
/* End PBXBuildFile section */

/* Begin PBXFileReference section */
		269F61B4ACDBF25AE775D67A /* Pods-GKNavigationBarViewControllerDemo.debug.xcconfig */ = {isa = PBXFileReference; includeInIndex = 1; lastKnownFileType = text.xcconfig; name = "Pods-GKNavigationBarViewControllerDemo.debug.xcconfig"; path = "Target Support Files/Pods-GKNavigationBarViewControllerDemo/Pods-GKNavigationBarViewControllerDemo.debug.xcconfig"; sourceTree = "<group>"; };
		600EC5532306588500222289 /* GKNavigationBarViewControllerDemo.app */ = {isa = PBXFileReference; explicitFileType = wrapper.application; includeInIndex = 0; path = GKNavigationBarViewControllerDemo.app; sourceTree = BUILT_PRODUCTS_DIR; };
		600EC5562306588500222289 /* AppDelegate.h */ = {isa = PBXFileReference; lastKnownFileType = sourcecode.c.h; path = AppDelegate.h; sourceTree = "<group>"; };
		600EC5572306588500222289 /* AppDelegate.m */ = {isa = PBXFileReference; lastKnownFileType = sourcecode.c.objc; path = AppDelegate.m; sourceTree = "<group>"; };
		600EC55F2306588700222289 /* Assets.xcassets */ = {isa = PBXFileReference; lastKnownFileType = folder.assetcatalog; path = Assets.xcassets; sourceTree = "<group>"; };
		600EC5622306588700222289 /* Base */ = {isa = PBXFileReference; lastKnownFileType = file.storyboard; name = Base; path = Base.lproj/LaunchScreen.storyboard; sourceTree = "<group>"; };
		600EC5642306588700222289 /* Info.plist */ = {isa = PBXFileReference; lastKnownFileType = text.plist.xml; path = Info.plist; sourceTree = "<group>"; };
		600EC5652306588700222289 /* main.m */ = {isa = PBXFileReference; lastKnownFileType = sourcecode.c.objc; path = main.m; sourceTree = "<group>"; };
		600EC56F2306588700222289 /* GKNavigationBarViewControllerDemoTests.m */ = {isa = PBXFileReference; lastKnownFileType = sourcecode.c.objc; path = GKNavigationBarViewControllerDemoTests.m; sourceTree = "<group>"; };
		600EC5712306588700222289 /* Info.plist */ = {isa = PBXFileReference; lastKnownFileType = text.plist.xml; path = Info.plist; sourceTree = "<group>"; };
		600EC66523067CD000222289 /* PrefixHeader.pch */ = {isa = PBXFileReference; fileEncoding = 4; lastKnownFileType = sourcecode.c.h; path = PrefixHeader.pch; sourceTree = "<group>"; };
		600EC6B623067F5400222289 /* GKPushTransitionAnimation.m */ = {isa = PBXFileReference; fileEncoding = 4; lastKnownFileType = sourcecode.c.objc; path = GKPushTransitionAnimation.m; sourceTree = "<group>"; };
		600EC6B823067F5400222289 /* GKPopTransitionAnimation.m */ = {isa = PBXFileReference; fileEncoding = 4; lastKnownFileType = sourcecode.c.objc; path = GKPopTransitionAnimation.m; sourceTree = "<group>"; };
		600EC6B923067F5400222289 /* GKBaseTransitionAnimation.m */ = {isa = PBXFileReference; fileEncoding = 4; lastKnownFileType = sourcecode.c.objc; path = GKBaseTransitionAnimation.m; sourceTree = "<group>"; };
		600EC6BA23067F5400222289 /* GKPushTransitionAnimation.h */ = {isa = PBXFileReference; fileEncoding = 4; lastKnownFileType = sourcecode.c.h; path = GKPushTransitionAnimation.h; sourceTree = "<group>"; };
		600EC6BC23067F5400222289 /* GKPopTransitionAnimation.h */ = {isa = PBXFileReference; fileEncoding = 4; lastKnownFileType = sourcecode.c.h; path = GKPopTransitionAnimation.h; sourceTree = "<group>"; };
		600EC6BD23067F5400222289 /* GKBaseTransitionAnimation.h */ = {isa = PBXFileReference; fileEncoding = 4; lastKnownFileType = sourcecode.c.h; path = GKBaseTransitionAnimation.h; sourceTree = "<group>"; };
		600EC6BF23067F5400222289 /* UINavigationController+GKCategory.m */ = {isa = PBXFileReference; fileEncoding = 4; lastKnownFileType = sourcecode.c.objc; path = "UINavigationController+GKCategory.m"; sourceTree = "<group>"; };
		600EC6C123067F5400222289 /* UINavigationItem+GKCategory.h */ = {isa = PBXFileReference; fileEncoding = 4; lastKnownFileType = sourcecode.c.h; path = "UINavigationItem+GKCategory.h"; sourceTree = "<group>"; };
		600EC6C223067F5400222289 /* UIBarButtonItem+GKCategory.m */ = {isa = PBXFileReference; fileEncoding = 4; lastKnownFileType = sourcecode.c.objc; path = "UIBarButtonItem+GKCategory.m"; sourceTree = "<group>"; };
		600EC6C323067F5400222289 /* UIViewController+GKCategory.h */ = {isa = PBXFileReference; fileEncoding = 4; lastKnownFileType = sourcecode.c.h; path = "UIViewController+GKCategory.h"; sourceTree = "<group>"; };
		600EC6C423067F5400222289 /* UIScrollView+GKCategory.m */ = {isa = PBXFileReference; fileEncoding = 4; lastKnownFileType = sourcecode.c.objc; path = "UIScrollView+GKCategory.m"; sourceTree = "<group>"; };
		600EC6C523067F5400222289 /* GKCategory.h */ = {isa = PBXFileReference; fileEncoding = 4; lastKnownFileType = sourcecode.c.h; path = GKCategory.h; sourceTree = "<group>"; };
		600EC6C723067F5400222289 /* UINavigationItem+GKCategory.m */ = {isa = PBXFileReference; fileEncoding = 4; lastKnownFileType = sourcecode.c.objc; path = "UINavigationItem+GKCategory.m"; sourceTree = "<group>"; };
		600EC6C823067F5400222289 /* UINavigationController+GKCategory.h */ = {isa = PBXFileReference; fileEncoding = 4; lastKnownFileType = sourcecode.c.h; path = "UINavigationController+GKCategory.h"; sourceTree = "<group>"; };
		600EC6C923067F5400222289 /* UIBarButtonItem+GKCategory.h */ = {isa = PBXFileReference; fileEncoding = 4; lastKnownFileType = sourcecode.c.h; path = "UIBarButtonItem+GKCategory.h"; sourceTree = "<group>"; };
		600EC6CA23067F5400222289 /* UIScrollView+GKCategory.h */ = {isa = PBXFileReference; fileEncoding = 4; lastKnownFileType = sourcecode.c.h; path = "UIScrollView+GKCategory.h"; sourceTree = "<group>"; };
		600EC6CB23067F5400222289 /* UIViewController+GKCategory.m */ = {isa = PBXFileReference; fileEncoding = 4; lastKnownFileType = sourcecode.c.objc; path = "UIViewController+GKCategory.m"; sourceTree = "<group>"; };
		600EC6CC23067F5400222289 /* GKNavigationBarViewController.h */ = {isa = PBXFileReference; fileEncoding = 4; lastKnownFileType = sourcecode.c.h; path = GKNavigationBarViewController.h; sourceTree = "<group>"; };
		600EC6CD23067F5400222289 /* GKNavigationBarConfigure.h */ = {isa = PBXFileReference; fileEncoding = 4; lastKnownFileType = sourcecode.c.h; path = GKNavigationBarConfigure.h; sourceTree = "<group>"; };
		600EC6CE23067F5400222289 /* GKNavigationBar.m */ = {isa = PBXFileReference; fileEncoding = 4; lastKnownFileType = sourcecode.c.objc; path = GKNavigationBar.m; sourceTree = "<group>"; };
		600EC6CF23067F5400222289 /* GKNavigationBarViewController.bundle */ = {isa = PBXFileReference; lastKnownFileType = "wrapper.plug-in"; path = GKNavigationBarViewController.bundle; sourceTree = "<group>"; };
		600EC6D023067F5400222289 /* GKNavigationBarViewController.m */ = {isa = PBXFileReference; fileEncoding = 4; lastKnownFileType = sourcecode.c.objc; path = GKNavigationBarViewController.m; sourceTree = "<group>"; };
		600EC6D123067F5400222289 /* GKCommon.h */ = {isa = PBXFileReference; fileEncoding = 4; lastKnownFileType = sourcecode.c.h; path = GKCommon.h; sourceTree = "<group>"; };
		600EC6D223067F5400222289 /* GKNavigationBar.h */ = {isa = PBXFileReference; fileEncoding = 4; lastKnownFileType = sourcecode.c.h; path = GKNavigationBar.h; sourceTree = "<group>"; };
		600EC6D323067F5400222289 /* GKNavigationBarConfigure.m */ = {isa = PBXFileReference; fileEncoding = 4; lastKnownFileType = sourcecode.c.objc; path = GKNavigationBarConfigure.m; sourceTree = "<group>"; };
		600EC6E223067F6700222289 /* GKNavigationBarViewController.podspec */ = {isa = PBXFileReference; fileEncoding = 4; lastKnownFileType = text; name = GKNavigationBarViewController.podspec; path = ../../GKNavigationBarViewController.podspec; sourceTree = "<group>"; };
		600EC6E323067F6800222289 /* README.md */ = {isa = PBXFileReference; fileEncoding = 4; lastKnownFileType = net.daringfireball.markdown; name = README.md; path = ../../README.md; sourceTree = "<group>"; };
		60116319236FF52900622897 /* UIImage+GKCategory.h */ = {isa = PBXFileReference; fileEncoding = 4; lastKnownFileType = sourcecode.c.h; path = "UIImage+GKCategory.h"; sourceTree = "<group>"; };
		6011631A236FF52900622897 /* UIImage+GKCategory.m */ = {isa = PBXFileReference; fileEncoding = 4; lastKnownFileType = sourcecode.c.objc; path = "UIImage+GKCategory.m"; sourceTree = "<group>"; };
		60180AB323585A7500C48293 /* GKNavigationBarViewController.framework */ = {isa = PBXFileReference; explicitFileType = wrapper.framework; includeInIndex = 0; path = GKNavigationBarViewController.framework; sourceTree = BUILT_PRODUCTS_DIR; };
		60180AB623585A7500C48293 /* Info.plist */ = {isa = PBXFileReference; lastKnownFileType = text.plist.xml; path = Info.plist; sourceTree = "<group>"; };
		60180B332358669300C48293 /* .travis.yml */ = {isa = PBXFileReference; fileEncoding = 4; lastKnownFileType = text.yaml; name = .travis.yml; path = ../../.travis.yml; sourceTree = "<group>"; };
		602B9337261C395E002F9742 /* GKDemo004ViewController.h */ = {isa = PBXFileReference; lastKnownFileType = sourcecode.c.h; path = GKDemo004ViewController.h; sourceTree = "<group>"; };
		602B9338261C395E002F9742 /* GKDemo004ViewController.m */ = {isa = PBXFileReference; lastKnownFileType = sourcecode.c.objc; path = GKDemo004ViewController.m; sourceTree = "<group>"; };
		602B9339261C395E002F9742 /* GKDemo004ViewController.xib */ = {isa = PBXFileReference; lastKnownFileType = file.xib; path = GKDemo004ViewController.xib; sourceTree = "<group>"; };
		602B933E261C482E002F9742 /* GKDemo005ViewController.h */ = {isa = PBXFileReference; lastKnownFileType = sourcecode.c.h; path = GKDemo005ViewController.h; sourceTree = "<group>"; };
		602B933F261C482E002F9742 /* GKDemo005ViewController.m */ = {isa = PBXFileReference; lastKnownFileType = sourcecode.c.objc; path = GKDemo005ViewController.m; sourceTree = "<group>"; };
		603BE6AE257494BB0039D2ED /* GKDemoTransitionViewController.h */ = {isa = PBXFileReference; lastKnownFileType = sourcecode.c.h; path = GKDemoTransitionViewController.h; sourceTree = "<group>"; };
		603BE6AF257494BB0039D2ED /* GKDemoTransitionViewController.m */ = {isa = PBXFileReference; lastKnownFileType = sourcecode.c.objc; path = GKDemoTransitionViewController.m; sourceTree = "<group>"; };
		60D1405E25873EA8004393D0 /* GKWYMusicViewController.h */ = {isa = PBXFileReference; fileEncoding = 4; lastKnownFileType = sourcecode.c.h; path = GKWYMusicViewController.h; sourceTree = "<group>"; };
		60D1406125873EA8004393D0 /* GKWYMusicMineViewController.h */ = {isa = PBXFileReference; fileEncoding = 4; lastKnownFileType = sourcecode.c.h; path = GKWYMusicMineViewController.h; sourceTree = "<group>"; };
		60D1406225873EA8004393D0 /* GKWYMusicFindViewController.h */ = {isa = PBXFileReference; fileEncoding = 4; lastKnownFileType = sourcecode.c.h; path = GKWYMusicFindViewController.h; sourceTree = "<group>"; };
		60D1406325873EA8004393D0 /* GKWYMusicFriendViewController.h */ = {isa = PBXFileReference; fileEncoding = 4; lastKnownFileType = sourcecode.c.h; path = GKWYMusicFriendViewController.h; sourceTree = "<group>"; };
		60D1406425873EA8004393D0 /* GKWYMusicAccountViewController.h */ = {isa = PBXFileReference; fileEncoding = 4; lastKnownFileType = sourcecode.c.h; path = GKWYMusicAccountViewController.h; sourceTree = "<group>"; };
		60D1406525873EA8004393D0 /* GKWYMusicDetailViewController.m */ = {isa = PBXFileReference; fileEncoding = 4; lastKnownFileType = sourcecode.c.objc; path = GKWYMusicDetailViewController.m; sourceTree = "<group>"; };
		60D1406625873EA8004393D0 /* GKWYMusicFriendViewController.m */ = {isa = PBXFileReference; fileEncoding = 4; lastKnownFileType = sourcecode.c.objc; path = GKWYMusicFriendViewController.m; sourceTree = "<group>"; };
		60D1406725873EA8004393D0 /* GKWYMusicFindViewController.m */ = {isa = PBXFileReference; fileEncoding = 4; lastKnownFileType = sourcecode.c.objc; path = GKWYMusicFindViewController.m; sourceTree = "<group>"; };
		60D1406825873EA8004393D0 /* GKWYMusicMineViewController.m */ = {isa = PBXFileReference; fileEncoding = 4; lastKnownFileType = sourcecode.c.objc; path = GKWYMusicMineViewController.m; sourceTree = "<group>"; };
		60D1406925873EA8004393D0 /* GKWYMusicDetailViewController.h */ = {isa = PBXFileReference; fileEncoding = 4; lastKnownFileType = sourcecode.c.h; path = GKWYMusicDetailViewController.h; sourceTree = "<group>"; };
		60D1406A25873EA8004393D0 /* GKWYMusicAccountViewController.m */ = {isa = PBXFileReference; fileEncoding = 4; lastKnownFileType = sourcecode.c.objc; path = GKWYMusicAccountViewController.m; sourceTree = "<group>"; };
		60D1406B25873EA8004393D0 /* GKWYMusicViewController.m */ = {isa = PBXFileReference; fileEncoding = 4; lastKnownFileType = sourcecode.c.objc; path = GKWYMusicViewController.m; sourceTree = "<group>"; };
		656BD2E20F7FF5D6C823AB90 /* Pods-GKNavigationBarViewControllerDemo.release.xcconfig */ = {isa = PBXFileReference; includeInIndex = 1; lastKnownFileType = text.xcconfig; name = "Pods-GKNavigationBarViewControllerDemo.release.xcconfig"; path = "Target Support Files/Pods-GKNavigationBarViewControllerDemo/Pods-GKNavigationBarViewControllerDemo.release.xcconfig"; sourceTree = "<group>"; };
		7913689A256E9C95008AB9F5 /* GKNavigationInteractiveTransition.h */ = {isa = PBXFileReference; lastKnownFileType = sourcecode.c.h; path = GKNavigationInteractiveTransition.h; sourceTree = "<group>"; };
		7913689B256E9C95008AB9F5 /* GKNavigationInteractiveTransition.m */ = {isa = PBXFileReference; lastKnownFileType = sourcecode.c.objc; path = GKNavigationInteractiveTransition.m; sourceTree = "<group>"; };
		79C48BC7243CC462000B0815 /* GKMainViewController.h */ = {isa = PBXFileReference; fileEncoding = 4; lastKnownFileType = sourcecode.c.h; path = GKMainViewController.h; sourceTree = "<group>"; };
		79C48BC9243CC462000B0815 /* GKToutiaoViewController.m */ = {isa = PBXFileReference; fileEncoding = 4; lastKnownFileType = sourcecode.c.objc; path = GKToutiaoViewController.m; sourceTree = "<group>"; };
		79C48BCB243CC462000B0815 /* GKToutiaoMineViewController.m */ = {isa = PBXFileReference; fileEncoding = 4; lastKnownFileType = sourcecode.c.objc; path = GKToutiaoMineViewController.m; sourceTree = "<group>"; };
		79C48BCC243CC462000B0815 /* GKToutiaoMicroViewController.h */ = {isa = PBXFileReference; fileEncoding = 4; lastKnownFileType = sourcecode.c.h; path = GKToutiaoMicroViewController.h; sourceTree = "<group>"; };
		79C48BCD243CC462000B0815 /* GKToutiaoDetailViewController.m */ = {isa = PBXFileReference; fileEncoding = 4; lastKnownFileType = sourcecode.c.objc; path = GKToutiaoDetailViewController.m; sourceTree = "<group>"; };
		79C48BCE243CC462000B0815 /* GKToutiaoVideoViewController.m */ = {isa = PBXFileReference; fileEncoding = 4; lastKnownFileType = sourcecode.c.objc; path = GKToutiaoVideoViewController.m; sourceTree = "<group>"; };
		79C48BCF243CC462000B0815 /* GKToutiaoHomeViewController.h */ = {isa = PBXFileReference; fileEncoding = 4; lastKnownFileType = sourcecode.c.h; path = GKToutiaoHomeViewController.h; sourceTree = "<group>"; };
		79C48BD0243CC462000B0815 /* GKToutiaoMicroViewController.m */ = {isa = PBXFileReference; fileEncoding = 4; lastKnownFileType = sourcecode.c.objc; path = GKToutiaoMicroViewController.m; sourceTree = "<group>"; };
		79C48BD1243CC462000B0815 /* GKToutiaoMineViewController.h */ = {isa = PBXFileReference; fileEncoding = 4; lastKnownFileType = sourcecode.c.h; path = GKToutiaoMineViewController.h; sourceTree = "<group>"; };
		79C48BD2243CC462000B0815 /* GKToutiaoDetailViewController.h */ = {isa = PBXFileReference; fileEncoding = 4; lastKnownFileType = sourcecode.c.h; path = GKToutiaoDetailViewController.h; sourceTree = "<group>"; };
		79C48BD3243CC462000B0815 /* GKToutiaoVideoViewController.h */ = {isa = PBXFileReference; fileEncoding = 4; lastKnownFileType = sourcecode.c.h; path = GKToutiaoVideoViewController.h; sourceTree = "<group>"; };
		79C48BD4243CC462000B0815 /* GKToutiaoHomeViewController.m */ = {isa = PBXFileReference; fileEncoding = 4; lastKnownFileType = sourcecode.c.objc; path = GKToutiaoHomeViewController.m; sourceTree = "<group>"; };
		79C48BD5243CC462000B0815 /* GKToutiaoViewController.h */ = {isa = PBXFileReference; fileEncoding = 4; lastKnownFileType = sourcecode.c.h; path = GKToutiaoViewController.h; sourceTree = "<group>"; };
		79C48BD7243CC462000B0815 /* GKDemo000ViewController.xib */ = {isa = PBXFileReference; fileEncoding = 4; lastKnownFileType = file.xib; path = GKDemo000ViewController.xib; sourceTree = "<group>"; };
		79C48BD8243CC462000B0815 /* GKDemo002ViewController.h */ = {isa = PBXFileReference; fileEncoding = 4; lastKnownFileType = sourcecode.c.h; path = GKDemo002ViewController.h; sourceTree = "<group>"; };
		79C48BD9243CC462000B0815 /* GKDemoWebViewController.h */ = {isa = PBXFileReference; fileEncoding = 4; lastKnownFileType = sourcecode.c.h; path = GKDemoWebViewController.h; sourceTree = "<group>"; };
		79C48BDA243CC462000B0815 /* GKDemo001ViewController.m */ = {isa = PBXFileReference; fileEncoding = 4; lastKnownFileType = sourcecode.c.objc; path = GKDemo001ViewController.m; sourceTree = "<group>"; };
		79C48BDB243CC462000B0815 /* GKDemo000ViewController.m */ = {isa = PBXFileReference; fileEncoding = 4; lastKnownFileType = sourcecode.c.objc; path = GKDemo000ViewController.m; sourceTree = "<group>"; };
		79C48BDC243CC462000B0815 /* GKDemo003ViewController.h */ = {isa = PBXFileReference; fileEncoding = 4; lastKnownFileType = sourcecode.c.h; path = GKDemo003ViewController.h; sourceTree = "<group>"; };
		79C48BDD243CC462000B0815 /* GKDemo002ViewController.m */ = {isa = PBXFileReference; fileEncoding = 4; lastKnownFileType = sourcecode.c.objc; path = GKDemo002ViewController.m; sourceTree = "<group>"; };
		79C48BDE243CC462000B0815 /* GKDemo001ViewController.h */ = {isa = PBXFileReference; fileEncoding = 4; lastKnownFileType = sourcecode.c.h; path = GKDemo001ViewController.h; sourceTree = "<group>"; };
		79C48BDF243CC462000B0815 /* GKDemoWebViewController.m */ = {isa = PBXFileReference; fileEncoding = 4; lastKnownFileType = sourcecode.c.objc; path = GKDemoWebViewController.m; sourceTree = "<group>"; };
		79C48BE0243CC462000B0815 /* GKDemo000ViewController.h */ = {isa = PBXFileReference; fileEncoding = 4; lastKnownFileType = sourcecode.c.h; path = GKDemo000ViewController.h; sourceTree = "<group>"; };
		79C48BE1243CC462000B0815 /* GKDemo003ViewController.m */ = {isa = PBXFileReference; fileEncoding = 4; lastKnownFileType = sourcecode.c.objc; path = GKDemo003ViewController.m; sourceTree = "<group>"; };
		79C48BE2243CC462000B0815 /* web.txt */ = {isa = PBXFileReference; fileEncoding = 4; lastKnownFileType = text; path = web.txt; sourceTree = "<group>"; };
		79C48BF2243CC463000B0815 /* GKDemoBaseViewController.h */ = {isa = PBXFileReference; fileEncoding = 4; lastKnownFileType = sourcecode.c.h; path = GKDemoBaseViewController.h; sourceTree = "<group>"; };
		79C48BF3243CC463000B0815 /* GKBaseViewController.m */ = {isa = PBXFileReference; fileEncoding = 4; lastKnownFileType = sourcecode.c.objc; path = GKBaseViewController.m; sourceTree = "<group>"; };
		79C48BF4243CC463000B0815 /* UIView+Extension.h */ = {isa = PBXFileReference; fileEncoding = 4; lastKnownFileType = sourcecode.c.h; path = "UIView+Extension.h"; sourceTree = "<group>"; };
		79C48BF5243CC463000B0815 /* GKTabBaseViewController.m */ = {isa = PBXFileReference; fileEncoding = 4; lastKnownFileType = sourcecode.c.objc; path = GKTabBaseViewController.m; sourceTree = "<group>"; };
		79C48BF6243CC463000B0815 /* GKBaseNavigationController.h */ = {isa = PBXFileReference; fileEncoding = 4; lastKnownFileType = sourcecode.c.h; path = GKBaseNavigationController.h; sourceTree = "<group>"; };
		79C48BF7243CC463000B0815 /* GKDemoBaseViewController.m */ = {isa = PBXFileReference; fileEncoding = 4; lastKnownFileType = sourcecode.c.objc; path = GKDemoBaseViewController.m; sourceTree = "<group>"; };
		79C48BF8243CC463000B0815 /* GKBaseViewController.h */ = {isa = PBXFileReference; fileEncoding = 4; lastKnownFileType = sourcecode.c.h; path = GKBaseViewController.h; sourceTree = "<group>"; };
		79C48BF9243CC463000B0815 /* UIView+Extension.m */ = {isa = PBXFileReference; fileEncoding = 4; lastKnownFileType = sourcecode.c.objc; path = "UIView+Extension.m"; sourceTree = "<group>"; };
		79C48BFA243CC463000B0815 /* GKBaseNavigationController.m */ = {isa = PBXFileReference; fileEncoding = 4; lastKnownFileType = sourcecode.c.objc; path = GKBaseNavigationController.m; sourceTree = "<group>"; };
		79C48BFB243CC463000B0815 /* GKTabBaseViewController.h */ = {isa = PBXFileReference; fileEncoding = 4; lastKnownFileType = sourcecode.c.h; path = GKTabBaseViewController.h; sourceTree = "<group>"; };
		79C48BFC243CC463000B0815 /* GKMainViewController.m */ = {isa = PBXFileReference; fileEncoding = 4; lastKnownFileType = sourcecode.c.objc; path = GKMainViewController.m; sourceTree = "<group>"; };
		79C48BFE243CC463000B0815 /* GKWYNewsViewController.m */ = {isa = PBXFileReference; fileEncoding = 4; lastKnownFileType = sourcecode.c.objc; path = GKWYNewsViewController.m; sourceTree = "<group>"; };
		79C48C00243CC463000B0815 /* GKWYNewsDetailViewController.h */ = {isa = PBXFileReference; fileEncoding = 4; lastKnownFileType = sourcecode.c.h; path = GKWYNewsDetailViewController.h; sourceTree = "<group>"; };
		79C48C01243CC463000B0815 /* GKWYNewsHomeViewController.m */ = {isa = PBXFileReference; fileEncoding = 4; lastKnownFileType = sourcecode.c.objc; path = GKWYNewsHomeViewController.m; sourceTree = "<group>"; };
		79C48C02243CC463000B0815 /* GKWYNewsNewViewController.m */ = {isa = PBXFileReference; fileEncoding = 4; lastKnownFileType = sourcecode.c.objc; path = GKWYNewsNewViewController.m; sourceTree = "<group>"; };
		79C48C03243CC463000B0815 /* GKWYNewsProfileViewController.m */ = {isa = PBXFileReference; fileEncoding = 4; lastKnownFileType = sourcecode.c.objc; path = GKWYNewsProfileViewController.m; sourceTree = "<group>"; };
		79C48C04243CC463000B0815 /* GKWYNewsVideoViewController.h */ = {isa = PBXFileReference; fileEncoding = 4; lastKnownFileType = sourcecode.c.h; path = GKWYNewsVideoViewController.h; sourceTree = "<group>"; };
		79C48C05243CC463000B0815 /* GKWYNewsCommentViewController.m */ = {isa = PBXFileReference; fileEncoding = 4; lastKnownFileType = sourcecode.c.objc; path = GKWYNewsCommentViewController.m; sourceTree = "<group>"; };
		79C48C06243CC463000B0815 /* GKWYNewsLiveViewController.h */ = {isa = PBXFileReference; fileEncoding = 4; lastKnownFileType = sourcecode.c.h; path = GKWYNewsLiveViewController.h; sourceTree = "<group>"; };
		79C48C07243CC463000B0815 /* GKWYNewsHomeViewController.h */ = {isa = PBXFileReference; fileEncoding = 4; lastKnownFileType = sourcecode.c.h; path = GKWYNewsHomeViewController.h; sourceTree = "<group>"; };
		79C48C08243CC463000B0815 /* GKWYNewsDetailViewController.m */ = {isa = PBXFileReference; fileEncoding = 4; lastKnownFileType = sourcecode.c.objc; path = GKWYNewsDetailViewController.m; sourceTree = "<group>"; };
		79C48C09243CC463000B0815 /* GKWYNewsProfileViewController.h */ = {isa = PBXFileReference; fileEncoding = 4; lastKnownFileType = sourcecode.c.h; path = GKWYNewsProfileViewController.h; sourceTree = "<group>"; };
		79C48C0A243CC463000B0815 /* GKWYNewsNewViewController.h */ = {isa = PBXFileReference; fileEncoding = 4; lastKnownFileType = sourcecode.c.h; path = GKWYNewsNewViewController.h; sourceTree = "<group>"; };
		79C48C0B243CC463000B0815 /* GKWYNewsCommentViewController.h */ = {isa = PBXFileReference; fileEncoding = 4; lastKnownFileType = sourcecode.c.h; path = GKWYNewsCommentViewController.h; sourceTree = "<group>"; };
		79C48C0C243CC463000B0815 /* GKWYNewsVideoViewController.m */ = {isa = PBXFileReference; fileEncoding = 4; lastKnownFileType = sourcecode.c.objc; path = GKWYNewsVideoViewController.m; sourceTree = "<group>"; };
		79C48C0D243CC463000B0815 /* GKWYNewsLiveViewController.m */ = {isa = PBXFileReference; fileEncoding = 4; lastKnownFileType = sourcecode.c.objc; path = GKWYNewsLiveViewController.m; sourceTree = "<group>"; };
		79C48C0E243CC463000B0815 /* GKWYNewsViewController.h */ = {isa = PBXFileReference; fileEncoding = 4; lastKnownFileType = sourcecode.c.h; path = GKWYNewsViewController.h; sourceTree = "<group>"; };
		79C48C10243CC463000B0815 /* GKDouyinScrollView.h */ = {isa = PBXFileReference; fileEncoding = 4; lastKnownFileType = sourcecode.c.h; path = GKDouyinScrollView.h; sourceTree = "<group>"; };
		79C48C11243CC463000B0815 /* GKDouyinHomeViewController.h */ = {isa = PBXFileReference; fileEncoding = 4; lastKnownFileType = sourcecode.c.h; path = GKDouyinHomeViewController.h; sourceTree = "<group>"; };
		79C48C12243CC463000B0815 /* GKDouyinHomeSearchViewController.h */ = {isa = PBXFileReference; fileEncoding = 4; lastKnownFileType = sourcecode.c.h; path = GKDouyinHomeSearchViewController.h; sourceTree = "<group>"; };
		79C48C13243CC463000B0815 /* GKDouyinPersonalViewController.h */ = {isa = PBXFileReference; fileEncoding = 4; lastKnownFileType = sourcecode.c.h; path = GKDouyinPersonalViewController.h; sourceTree = "<group>"; };
		79C48C14243CC463000B0815 /* GKDouyinHomePlayerViewController.m */ = {isa = PBXFileReference; fileEncoding = 4; lastKnownFileType = sourcecode.c.objc; path = GKDouyinHomePlayerViewController.m; sourceTree = "<group>"; };
		79C48C15243CC463000B0815 /* GKDouyinHomeViewController.m */ = {isa = PBXFileReference; fileEncoding = 4; lastKnownFileType = sourcecode.c.objc; path = GKDouyinHomeViewController.m; sourceTree = "<group>"; };
		79C48C16243CC463000B0815 /* GKDouyinScrollView.m */ = {isa = PBXFileReference; fileEncoding = 4; lastKnownFileType = sourcecode.c.objc; path = GKDouyinScrollView.m; sourceTree = "<group>"; };
		79C48C17243CC464000B0815 /* GKDouyinPersonalViewController.m */ = {isa = PBXFileReference; fileEncoding = 4; lastKnownFileType = sourcecode.c.objc; path = GKDouyinPersonalViewController.m; sourceTree = "<group>"; };
		79C48C18243CC464000B0815 /* GKDouyinHomeSearchViewController.m */ = {isa = PBXFileReference; fileEncoding = 4; lastKnownFileType = sourcecode.c.objc; path = GKDouyinHomeSearchViewController.m; sourceTree = "<group>"; };
		79C48C19243CC464000B0815 /* GKDouyinHomePlayerViewController.h */ = {isa = PBXFileReference; fileEncoding = 4; lastKnownFileType = sourcecode.c.h; path = GKDouyinHomePlayerViewController.h; sourceTree = "<group>"; };
		79FBECE8253AE3F90053F518 /* GKWXViewController.h */ = {isa = PBXFileReference; lastKnownFileType = sourcecode.c.h; path = GKWXViewController.h; sourceTree = "<group>"; };
		79FBECE9253AE3F90053F518 /* GKWXViewController.m */ = {isa = PBXFileReference; lastKnownFileType = sourcecode.c.objc; path = GKWXViewController.m; sourceTree = "<group>"; };
		79FBECEF253AE6C60053F518 /* GKWXHomeViewController.h */ = {isa = PBXFileReference; lastKnownFileType = sourcecode.c.h; path = GKWXHomeViewController.h; sourceTree = "<group>"; };
		79FBECF0253AE6C60053F518 /* GKWXHomeViewController.m */ = {isa = PBXFileReference; lastKnownFileType = sourcecode.c.objc; path = GKWXHomeViewController.m; sourceTree = "<group>"; };
		79FBECF5253AE6E90053F518 /* GKWXFindViewController.h */ = {isa = PBXFileReference; lastKnownFileType = sourcecode.c.h; path = GKWXFindViewController.h; sourceTree = "<group>"; };
		79FBECF6253AE6E90053F518 /* GKWXFindViewController.m */ = {isa = PBXFileReference; lastKnownFileType = sourcecode.c.objc; path = GKWXFindViewController.m; sourceTree = "<group>"; };
		79FBECFB253AE6F10053F518 /* GKWXMineViewController.h */ = {isa = PBXFileReference; lastKnownFileType = sourcecode.c.h; path = GKWXMineViewController.h; sourceTree = "<group>"; };
		79FBECFC253AE6F10053F518 /* GKWXMineViewController.m */ = {isa = PBXFileReference; lastKnownFileType = sourcecode.c.objc; path = GKWXMineViewController.m; sourceTree = "<group>"; };
		79FBED04253AE8AA0053F518 /* GKWXDetailViewController.h */ = {isa = PBXFileReference; lastKnownFileType = sourcecode.c.h; path = GKWXDetailViewController.h; sourceTree = "<group>"; };
		79FBED05253AE8AA0053F518 /* GKWXDetailViewController.m */ = {isa = PBXFileReference; lastKnownFileType = sourcecode.c.objc; path = GKWXDetailViewController.m; sourceTree = "<group>"; };
		79FBED0B253AE9110053F518 /* GKFloatView.m */ = {isa = PBXFileReference; fileEncoding = 4; lastKnownFileType = sourcecode.c.objc; path = GKFloatView.m; sourceTree = "<group>"; };
		79FBED0C253AE9110053F518 /* GKFloatView.h */ = {isa = PBXFileReference; fileEncoding = 4; lastKnownFileType = sourcecode.c.h; path = GKFloatView.h; sourceTree = "<group>"; };
		79FBED11253AE9590053F518 /* GKFloatTransition.m */ = {isa = PBXFileReference; fileEncoding = 4; lastKnownFileType = sourcecode.c.objc; path = GKFloatTransition.m; sourceTree = "<group>"; };
		79FBED12253AE9590053F518 /* GKFloatTransition.h */ = {isa = PBXFileReference; fileEncoding = 4; lastKnownFileType = sourcecode.c.h; path = GKFloatTransition.h; sourceTree = "<group>"; };
		CC3617061D50CAD65A453EBD /* Pods_GKNavigationBarViewControllerDemo.framework */ = {isa = PBXFileReference; explicitFileType = wrapper.framework; includeInIndex = 0; path = Pods_GKNavigationBarViewControllerDemo.framework; sourceTree = BUILT_PRODUCTS_DIR; };
/* End PBXFileReference section */

/* Begin PBXFrameworksBuildPhase section */
		600EC5502306588500222289 /* Frameworks */ = {
			isa = PBXFrameworksBuildPhase;
			buildActionMask = 2147483647;
			files = (
				8DF46E5B66130A8189FB62B1 /* Pods_GKNavigationBarViewControllerDemo.framework in Frameworks */,
			);
			runOnlyForDeploymentPostprocessing = 0;
		};
		60180AB023585A7500C48293 /* Frameworks */ = {
			isa = PBXFrameworksBuildPhase;
			buildActionMask = 2147483647;
			files = (
			);
			runOnlyForDeploymentPostprocessing = 0;
		};
/* End PBXFrameworksBuildPhase section */

/* Begin PBXGroup section */
		30E1A9D7D3EF8017B0875C3F /* Pods */ = {
			isa = PBXGroup;
			children = (
				269F61B4ACDBF25AE775D67A /* Pods-GKNavigationBarViewControllerDemo.debug.xcconfig */,
				656BD2E20F7FF5D6C823AB90 /* Pods-GKNavigationBarViewControllerDemo.release.xcconfig */,
			);
			path = Pods;
			sourceTree = "<group>";
		};
		600EC54A2306588500222289 = {
			isa = PBXGroup;
			children = (
				600EC5552306588500222289 /* GKNavigationBarViewControllerDemo */,
				600EC56E2306588700222289 /* GKNavigationBarViewControllerDemoTests */,
				60180AB423585A7500C48293 /* GKNavigationBarViewControllerFramework */,
				600EC5542306588500222289 /* Products */,
				30E1A9D7D3EF8017B0875C3F /* Pods */,
				D7F64A91D4217D7E5C3F0E36 /* Frameworks */,
			);
			sourceTree = "<group>";
		};
		600EC5542306588500222289 /* Products */ = {
			isa = PBXGroup;
			children = (
				600EC5532306588500222289 /* GKNavigationBarViewControllerDemo.app */,
				60180AB323585A7500C48293 /* GKNavigationBarViewController.framework */,
			);
			name = Products;
			sourceTree = "<group>";
		};
		600EC5552306588500222289 /* GKNavigationBarViewControllerDemo */ = {
			isa = PBXGroup;
			children = (
				600EC6B423067F5300222289 /* GKNavigationBarViewController */,
				600EC5A823065F8800222289 /* Classes */,
				600EC5562306588500222289 /* AppDelegate.h */,
				600EC5572306588500222289 /* AppDelegate.m */,
				600EC55F2306588700222289 /* Assets.xcassets */,
				600EC5612306588700222289 /* LaunchScreen.storyboard */,
				600EC5642306588700222289 /* Info.plist */,
				600EC5652306588700222289 /* main.m */,
				600EC66523067CD000222289 /* PrefixHeader.pch */,
				600EC6E323067F6800222289 /* README.md */,
				600EC6E223067F6700222289 /* GKNavigationBarViewController.podspec */,
				60180B332358669300C48293 /* .travis.yml */,
			);
			path = GKNavigationBarViewControllerDemo;
			sourceTree = "<group>";
		};
		600EC56E2306588700222289 /* GKNavigationBarViewControllerDemoTests */ = {
			isa = PBXGroup;
			children = (
				600EC56F2306588700222289 /* GKNavigationBarViewControllerDemoTests.m */,
				600EC5712306588700222289 /* Info.plist */,
			);
			path = GKNavigationBarViewControllerDemoTests;
			sourceTree = "<group>";
		};
		600EC5A823065F8800222289 /* Classes */ = {
			isa = PBXGroup;
			children = (
				79C48BC7243CC462000B0815 /* GKMainViewController.h */,
				79C48BFC243CC463000B0815 /* GKMainViewController.m */,
				79C48BF1243CC463000B0815 /* BaseVC */,
				79C48BD6243CC462000B0815 /* DemoVC */,
				79C48C0F243CC463000B0815 /* 抖音 */,
				79C48BC8243CC462000B0815 /* 今日头条 */,
				79C48BFD243CC463000B0815 /* 网易新闻 */,
				60D1405D25873EA8004393D0 /* 网易云音乐 */,
				79FBECE7253AE3C00053F518 /* 微信 */,
			);
			path = Classes;
			sourceTree = "<group>";
		};
		600EC6B423067F5300222289 /* GKNavigationBarViewController */ = {
			isa = PBXGroup;
			children = (
				600EC6CC23067F5400222289 /* GKNavigationBarViewController.h */,
				600EC6D023067F5400222289 /* GKNavigationBarViewController.m */,
				602ED48023B1FEE6006696C6 /* GKConfigure */,
				600EC6B523067F5400222289 /* GKTransition */,
				600EC6BE23067F5400222289 /* GKCategory */,
				600EC6CF23067F5400222289 /* GKNavigationBarViewController.bundle */,
			);
			name = GKNavigationBarViewController;
			path = ../../GKNavigationBarViewController;
			sourceTree = "<group>";
		};
		600EC6B523067F5400222289 /* GKTransition */ = {
			isa = PBXGroup;
			children = (
				7913689A256E9C95008AB9F5 /* GKNavigationInteractiveTransition.h */,
				7913689B256E9C95008AB9F5 /* GKNavigationInteractiveTransition.m */,
				600EC6BA23067F5400222289 /* GKPushTransitionAnimation.h */,
				600EC6B623067F5400222289 /* GKPushTransitionAnimation.m */,
				600EC6BC23067F5400222289 /* GKPopTransitionAnimation.h */,
				600EC6B823067F5400222289 /* GKPopTransitionAnimation.m */,
				600EC6BD23067F5400222289 /* GKBaseTransitionAnimation.h */,
				600EC6B923067F5400222289 /* GKBaseTransitionAnimation.m */,
			);
			path = GKTransition;
			sourceTree = "<group>";
		};
		600EC6BE23067F5400222289 /* GKCategory */ = {
			isa = PBXGroup;
			children = (
				600EC6C523067F5400222289 /* GKCategory.h */,
				600EC6C323067F5400222289 /* UIViewController+GKCategory.h */,
				600EC6CB23067F5400222289 /* UIViewController+GKCategory.m */,
				600EC6C823067F5400222289 /* UINavigationController+GKCategory.h */,
				600EC6BF23067F5400222289 /* UINavigationController+GKCategory.m */,
				600EC6C123067F5400222289 /* UINavigationItem+GKCategory.h */,
				600EC6C723067F5400222289 /* UINavigationItem+GKCategory.m */,
				600EC6C923067F5400222289 /* UIBarButtonItem+GKCategory.h */,
				600EC6C223067F5400222289 /* UIBarButtonItem+GKCategory.m */,
				600EC6CA23067F5400222289 /* UIScrollView+GKCategory.h */,
				600EC6C423067F5400222289 /* UIScrollView+GKCategory.m */,
				60116319236FF52900622897 /* UIImage+GKCategory.h */,
				6011631A236FF52900622897 /* UIImage+GKCategory.m */,
			);
			path = GKCategory;
			sourceTree = "<group>";
		};
		60180AB423585A7500C48293 /* GKNavigationBarViewControllerFramework */ = {
			isa = PBXGroup;
			children = (
				60180AB623585A7500C48293 /* Info.plist */,
			);
			path = GKNavigationBarViewControllerFramework;
			sourceTree = "<group>";
		};
		602ED48023B1FEE6006696C6 /* GKConfigure */ = {
			isa = PBXGroup;
			children = (
				600EC6D123067F5400222289 /* GKCommon.h */,
				600EC6D223067F5400222289 /* GKNavigationBar.h */,
				600EC6CE23067F5400222289 /* GKNavigationBar.m */,
				600EC6CD23067F5400222289 /* GKNavigationBarConfigure.h */,
				600EC6D323067F5400222289 /* GKNavigationBarConfigure.m */,
			);
			path = GKConfigure;
			sourceTree = "<group>";
		};
		60D1405D25873EA8004393D0 /* 网易云音乐 */ = {
			isa = PBXGroup;
			children = (
				60D1405E25873EA8004393D0 /* GKWYMusicViewController.h */,
				60D1406B25873EA8004393D0 /* GKWYMusicViewController.m */,
				60D1406025873EA8004393D0 /* tab */,
			);
			path = "网易云音乐";
			sourceTree = "<group>";
		};
		60D1406025873EA8004393D0 /* tab */ = {
			isa = PBXGroup;
			children = (
				60D1406225873EA8004393D0 /* GKWYMusicFindViewController.h */,
				60D1406725873EA8004393D0 /* GKWYMusicFindViewController.m */,
				60D1406325873EA8004393D0 /* GKWYMusicFriendViewController.h */,
				60D1406625873EA8004393D0 /* GKWYMusicFriendViewController.m */,
				60D1406125873EA8004393D0 /* GKWYMusicMineViewController.h */,
				60D1406825873EA8004393D0 /* GKWYMusicMineViewController.m */,
				60D1406425873EA8004393D0 /* GKWYMusicAccountViewController.h */,
				60D1406A25873EA8004393D0 /* GKWYMusicAccountViewController.m */,
				60D1406925873EA8004393D0 /* GKWYMusicDetailViewController.h */,
				60D1406525873EA8004393D0 /* GKWYMusicDetailViewController.m */,
			);
			path = tab;
			sourceTree = "<group>";
		};
		79C48BC8243CC462000B0815 /* 今日头条 */ = {
			isa = PBXGroup;
			children = (
				79C48BD5243CC462000B0815 /* GKToutiaoViewController.h */,
				79C48BC9243CC462000B0815 /* GKToutiaoViewController.m */,
				79C48BCA243CC462000B0815 /* tab */,
			);
			path = "今日头条";
			sourceTree = "<group>";
		};
		79C48BCA243CC462000B0815 /* tab */ = {
			isa = PBXGroup;
			children = (
				79C48BCF243CC462000B0815 /* GKToutiaoHomeViewController.h */,
				79C48BD4243CC462000B0815 /* GKToutiaoHomeViewController.m */,
				79C48BD3243CC462000B0815 /* GKToutiaoVideoViewController.h */,
				79C48BCE243CC462000B0815 /* GKToutiaoVideoViewController.m */,
				79C48BCC243CC462000B0815 /* GKToutiaoMicroViewController.h */,
				79C48BD0243CC462000B0815 /* GKToutiaoMicroViewController.m */,
				79C48BD1243CC462000B0815 /* GKToutiaoMineViewController.h */,
				79C48BCB243CC462000B0815 /* GKToutiaoMineViewController.m */,
				79C48BD2243CC462000B0815 /* GKToutiaoDetailViewController.h */,
				79C48BCD243CC462000B0815 /* GKToutiaoDetailViewController.m */,
			);
			path = tab;
			sourceTree = "<group>";
		};
		79C48BD6243CC462000B0815 /* DemoVC */ = {
			isa = PBXGroup;
			children = (
				79C48BE0243CC462000B0815 /* GKDemo000ViewController.h */,
				79C48BDB243CC462000B0815 /* GKDemo000ViewController.m */,
				79C48BD7243CC462000B0815 /* GKDemo000ViewController.xib */,
				79C48BDE243CC462000B0815 /* GKDemo001ViewController.h */,
				79C48BDA243CC462000B0815 /* GKDemo001ViewController.m */,
				79C48BD8243CC462000B0815 /* GKDemo002ViewController.h */,
				79C48BDD243CC462000B0815 /* GKDemo002ViewController.m */,
				79C48BDC243CC462000B0815 /* GKDemo003ViewController.h */,
				79C48BE1243CC462000B0815 /* GKDemo003ViewController.m */,
				602B9337261C395E002F9742 /* GKDemo004ViewController.h */,
				602B9338261C395E002F9742 /* GKDemo004ViewController.m */,
				602B9339261C395E002F9742 /* GKDemo004ViewController.xib */,
				602B933E261C482E002F9742 /* GKDemo005ViewController.h */,
				602B933F261C482E002F9742 /* GKDemo005ViewController.m */,
				603BE6AE257494BB0039D2ED /* GKDemoTransitionViewController.h */,
				603BE6AF257494BB0039D2ED /* GKDemoTransitionViewController.m */,
				79C48BD9243CC462000B0815 /* GKDemoWebViewController.h */,
				79C48BDF243CC462000B0815 /* GKDemoWebViewController.m */,
				79C48BE2243CC462000B0815 /* web.txt */,
			);
			path = DemoVC;
			sourceTree = "<group>";
		};
		79C48BF1243CC463000B0815 /* BaseVC */ = {
			isa = PBXGroup;
			children = (
				79C48BF8243CC463000B0815 /* GKBaseViewController.h */,
				79C48BF3243CC463000B0815 /* GKBaseViewController.m */,
				79C48BF2243CC463000B0815 /* GKDemoBaseViewController.h */,
				79C48BF7243CC463000B0815 /* GKDemoBaseViewController.m */,
				79C48BFB243CC463000B0815 /* GKTabBaseViewController.h */,
				79C48BF5243CC463000B0815 /* GKTabBaseViewController.m */,
				79C48BF4243CC463000B0815 /* UIView+Extension.h */,
				79C48BF9243CC463000B0815 /* UIView+Extension.m */,
				79C48BF6243CC463000B0815 /* GKBaseNavigationController.h */,
				79C48BFA243CC463000B0815 /* GKBaseNavigationController.m */,
			);
			path = BaseVC;
			sourceTree = "<group>";
		};
		79C48BFD243CC463000B0815 /* 网易新闻 */ = {
			isa = PBXGroup;
			children = (
				79C48C0E243CC463000B0815 /* GKWYNewsViewController.h */,
				79C48BFE243CC463000B0815 /* GKWYNewsViewController.m */,
				79C48BFF243CC463000B0815 /* tab */,
			);
			path = "网易新闻";
			sourceTree = "<group>";
		};
		79C48BFF243CC463000B0815 /* tab */ = {
			isa = PBXGroup;
			children = (
				79C48C07243CC463000B0815 /* GKWYNewsHomeViewController.h */,
				79C48C01243CC463000B0815 /* GKWYNewsHomeViewController.m */,
				79C48C0A243CC463000B0815 /* GKWYNewsNewViewController.h */,
				79C48C02243CC463000B0815 /* GKWYNewsNewViewController.m */,
				79C48C00243CC463000B0815 /* GKWYNewsDetailViewController.h */,
				79C48C08243CC463000B0815 /* GKWYNewsDetailViewController.m */,
				79C48C09243CC463000B0815 /* GKWYNewsProfileViewController.h */,
				79C48C03243CC463000B0815 /* GKWYNewsProfileViewController.m */,
				79C48C0B243CC463000B0815 /* GKWYNewsCommentViewController.h */,
				79C48C05243CC463000B0815 /* GKWYNewsCommentViewController.m */,
				79C48C04243CC463000B0815 /* GKWYNewsVideoViewController.h */,
				79C48C0C243CC463000B0815 /* GKWYNewsVideoViewController.m */,
				79C48C06243CC463000B0815 /* GKWYNewsLiveViewController.h */,
				79C48C0D243CC463000B0815 /* GKWYNewsLiveViewController.m */,
			);
			path = tab;
			sourceTree = "<group>";
		};
		79C48C0F243CC463000B0815 /* 抖音 */ = {
			isa = PBXGroup;
			children = (
				79C48C11243CC463000B0815 /* GKDouyinHomeViewController.h */,
				79C48C15243CC463000B0815 /* GKDouyinHomeViewController.m */,
				79C48C12243CC463000B0815 /* GKDouyinHomeSearchViewController.h */,
				79C48C18243CC464000B0815 /* GKDouyinHomeSearchViewController.m */,
				79C48C19243CC464000B0815 /* GKDouyinHomePlayerViewController.h */,
				79C48C14243CC463000B0815 /* GKDouyinHomePlayerViewController.m */,
				79C48C17243CC464000B0815 /* GKDouyinPersonalViewController.m */,
				79C48C13243CC463000B0815 /* GKDouyinPersonalViewController.h */,
				79C48C10243CC463000B0815 /* GKDouyinScrollView.h */,
				79C48C16243CC463000B0815 /* GKDouyinScrollView.m */,
			);
			path = "抖音";
			sourceTree = "<group>";
		};
		79FBECE7253AE3C00053F518 /* 微信 */ = {
			isa = PBXGroup;
			children = (
				79FBECE8253AE3F90053F518 /* GKWXViewController.h */,
				79FBECE9253AE3F90053F518 /* GKWXViewController.m */,
				79FBECEE253AE40D0053F518 /* tab */,
				79FBED0A253AE8F00053F518 /* FloatView */,
			);
			path = "微信";
			sourceTree = "<group>";
		};
		79FBECEE253AE40D0053F518 /* tab */ = {
			isa = PBXGroup;
			children = (
				79FBECEF253AE6C60053F518 /* GKWXHomeViewController.h */,
				79FBECF0253AE6C60053F518 /* GKWXHomeViewController.m */,
				79FBECF5253AE6E90053F518 /* GKWXFindViewController.h */,
				79FBECF6253AE6E90053F518 /* GKWXFindViewController.m */,
				79FBECFB253AE6F10053F518 /* GKWXMineViewController.h */,
				79FBECFC253AE6F10053F518 /* GKWXMineViewController.m */,
				79FBED04253AE8AA0053F518 /* GKWXDetailViewController.h */,
				79FBED05253AE8AA0053F518 /* GKWXDetailViewController.m */,
			);
			path = tab;
			sourceTree = "<group>";
		};
		79FBED0A253AE8F00053F518 /* FloatView */ = {
			isa = PBXGroup;
			children = (
				79FBED0C253AE9110053F518 /* GKFloatView.h */,
				79FBED0B253AE9110053F518 /* GKFloatView.m */,
				79FBED12253AE9590053F518 /* GKFloatTransition.h */,
				79FBED11253AE9590053F518 /* GKFloatTransition.m */,
			);
			path = FloatView;
			sourceTree = "<group>";
		};
		D7F64A91D4217D7E5C3F0E36 /* Frameworks */ = {
			isa = PBXGroup;
			children = (
				CC3617061D50CAD65A453EBD /* Pods_GKNavigationBarViewControllerDemo.framework */,
			);
			name = Frameworks;
			sourceTree = "<group>";
		};
/* End PBXGroup section */

/* Begin PBXHeadersBuildPhase section */
		60180AAE23585A7500C48293 /* Headers */ = {
			isa = PBXHeadersBuildPhase;
			buildActionMask = 2147483647;
			files = (
				60B70D48256F8498008D62FC /* GKNavigationInteractiveTransition.h in Headers */,
				60180AE123585BF500C48293 /* GKPushTransitionAnimation.h in Headers */,
				60180AE223585BF500C48293 /* GKPopTransitionAnimation.h in Headers */,
				60180AE323585BF500C48293 /* GKBaseTransitionAnimation.h in Headers */,
				60180AE523585BF500C48293 /* GKCategory.h in Headers */,
				60180AE623585BF500C48293 /* UIScrollView+GKCategory.h in Headers */,
				60180AE723585BF500C48293 /* UIBarButtonItem+GKCategory.h in Headers */,
				60180AE823585BF500C48293 /* UINavigationItem+GKCategory.h in Headers */,
				60180AE923585BF500C48293 /* UINavigationController+GKCategory.h in Headers */,
				60180AEB23585BF500C48293 /* UIViewController+GKCategory.h in Headers */,
				60180AEC23585BF500C48293 /* GKCommon.h in Headers */,
				60180AED23585BF500C48293 /* GKNavigationBarViewController.h in Headers */,
				60180AEE23585BF500C48293 /* GKNavigationBarConfigure.h in Headers */,
				60180AEF23585BF500C48293 /* GKNavigationBar.h in Headers */,
				60D0DC08236FF8C200266415 /* UIImage+GKCategory.h in Headers */,
			);
			runOnlyForDeploymentPostprocessing = 0;
		};
/* End PBXHeadersBuildPhase section */

/* Begin PBXNativeTarget section */
		600EC5522306588500222289 /* GKNavigationBarViewControllerDemo */ = {
			isa = PBXNativeTarget;
			buildConfigurationList = 600EC57F2306588700222289 /* Build configuration list for PBXNativeTarget "GKNavigationBarViewControllerDemo" */;
			buildPhases = (
				54C59E2E0878AC6ECAF3F14D /* [CP] Check Pods Manifest.lock */,
				600EC54F2306588500222289 /* Sources */,
				600EC5502306588500222289 /* Frameworks */,
				600EC5512306588500222289 /* Resources */,
				FD750B2577171B300714148B /* [CP] Embed Pods Frameworks */,
			);
			buildRules = (
			);
			dependencies = (
			);
			name = GKNavigationBarViewControllerDemo;
			productName = GKNavigationBarViewControllerDemo;
			productReference = 600EC5532306588500222289 /* GKNavigationBarViewControllerDemo.app */;
			productType = "com.apple.product-type.application";
		};
		60180AB223585A7500C48293 /* GKNavigationBarViewControllerFramework */ = {
			isa = PBXNativeTarget;
			buildConfigurationList = 60180ACF23585A7500C48293 /* Build configuration list for PBXNativeTarget "GKNavigationBarViewControllerFramework" */;
			buildPhases = (
				60180AAE23585A7500C48293 /* Headers */,
				60180AAF23585A7500C48293 /* Sources */,
				60180AB023585A7500C48293 /* Frameworks */,
				60180AB123585A7500C48293 /* Resources */,
			);
			buildRules = (
			);
			dependencies = (
			);
			name = GKNavigationBarViewControllerFramework;
			productName = GKNavigationBarViewControllerFramework;
			productReference = 60180AB323585A7500C48293 /* GKNavigationBarViewController.framework */;
			productType = "com.apple.product-type.framework";
		};
/* End PBXNativeTarget section */

/* Begin PBXProject section */
		600EC54B2306588500222289 /* Project object */ = {
			isa = PBXProject;
			attributes = {
				DefaultBuildSystemTypeForWorkspace = Latest;
				LastUpgradeCheck = 1240;
				ORGANIZATIONNAME = gaokun;
				TargetAttributes = {
					600EC5522306588500222289 = {
						CreatedOnToolsVersion = 10.3;
					};
					60180AB223585A7500C48293 = {
						CreatedOnToolsVersion = 11.1;
					};
				};
			};
			buildConfigurationList = 600EC54E2306588500222289 /* Build configuration list for PBXProject "GKNavigationBarViewControllerDemo" */;
			compatibilityVersion = "Xcode 9.3";
			developmentRegion = en;
			hasScannedForEncodings = 0;
			knownRegions = (
				en,
				Base,
			);
			mainGroup = 600EC54A2306588500222289;
			productRefGroup = 600EC5542306588500222289 /* Products */;
			projectDirPath = "";
			projectRoot = "";
			targets = (
				600EC5522306588500222289 /* GKNavigationBarViewControllerDemo */,
				60180AB223585A7500C48293 /* GKNavigationBarViewControllerFramework */,
			);
		};
/* End PBXProject section */

/* Begin PBXResourcesBuildPhase section */
		600EC5512306588500222289 /* Resources */ = {
			isa = PBXResourcesBuildPhase;
			buildActionMask = 2147483647;
			files = (
				600EC6E523067F6800222289 /* README.md in Resources */,
				600EC5632306588700222289 /* LaunchScreen.storyboard in Resources */,
				79C48C20243CC464000B0815 /* GKDemo000ViewController.xib in Resources */,
				79C48C26243CC464000B0815 /* web.txt in Resources */,
				600EC6DF23067F5400222289 /* GKNavigationBarViewController.bundle in Resources */,
				602B933B261C395E002F9742 /* GKDemo004ViewController.xib in Resources */,
				600EC5602306588700222289 /* Assets.xcassets in Resources */,
				60180B342358669300C48293 /* .travis.yml in Resources */,
				600EC6E423067F6800222289 /* GKNavigationBarViewController.podspec in Resources */,
			);
			runOnlyForDeploymentPostprocessing = 0;
		};
		60180AB123585A7500C48293 /* Resources */ = {
			isa = PBXResourcesBuildPhase;
			buildActionMask = 2147483647;
			files = (
				60180ADF23585B9800C48293 /* GKNavigationBarViewController.bundle in Resources */,
			);
			runOnlyForDeploymentPostprocessing = 0;
		};
/* End PBXResourcesBuildPhase section */

/* Begin PBXShellScriptBuildPhase section */
		54C59E2E0878AC6ECAF3F14D /* [CP] Check Pods Manifest.lock */ = {
			isa = PBXShellScriptBuildPhase;
			buildActionMask = 2147483647;
			files = (
			);
			inputFileListPaths = (
			);
			inputPaths = (
				"${PODS_PODFILE_DIR_PATH}/Podfile.lock",
				"${PODS_ROOT}/Manifest.lock",
			);
			name = "[CP] Check Pods Manifest.lock";
			outputFileListPaths = (
			);
			outputPaths = (
				"$(DERIVED_FILE_DIR)/Pods-GKNavigationBarViewControllerDemo-checkManifestLockResult.txt",
			);
			runOnlyForDeploymentPostprocessing = 0;
			shellPath = /bin/sh;
			shellScript = "diff \"${PODS_PODFILE_DIR_PATH}/Podfile.lock\" \"${PODS_ROOT}/Manifest.lock\" > /dev/null\nif [ $? != 0 ] ; then\n    # print error to STDERR\n    echo \"error: The sandbox is not in sync with the Podfile.lock. Run 'pod install' or update your CocoaPods installation.\" >&2\n    exit 1\nfi\n# This output is used by Xcode 'outputs' to avoid re-running this script phase.\necho \"SUCCESS\" > \"${SCRIPT_OUTPUT_FILE_0}\"\n";
			showEnvVarsInLog = 0;
		};
		FD750B2577171B300714148B /* [CP] Embed Pods Frameworks */ = {
			isa = PBXShellScriptBuildPhase;
			buildActionMask = 2147483647;
			files = (
			);
			inputFileListPaths = (
				"${PODS_ROOT}/Target Support Files/Pods-GKNavigationBarViewControllerDemo/Pods-GKNavigationBarViewControllerDemo-frameworks-${CONFIGURATION}-input-files.xcfilelist",
			);
			name = "[CP] Embed Pods Frameworks";
			outputFileListPaths = (
				"${PODS_ROOT}/Target Support Files/Pods-GKNavigationBarViewControllerDemo/Pods-GKNavigationBarViewControllerDemo-frameworks-${CONFIGURATION}-output-files.xcfilelist",
			);
			runOnlyForDeploymentPostprocessing = 0;
			shellPath = /bin/sh;
			shellScript = "\"${PODS_ROOT}/Target Support Files/Pods-GKNavigationBarViewControllerDemo/Pods-GKNavigationBarViewControllerDemo-frameworks.sh\"\n";
			showEnvVarsInLog = 0;
		};
/* End PBXShellScriptBuildPhase section */

/* Begin PBXSourcesBuildPhase section */
		600EC54F2306588500222289 /* Sources */ = {
			isa = PBXSourcesBuildPhase;
			buildActionMask = 2147483647;
			files = (
				79FBED06253AE8AA0053F518 /* GKWXDetailViewController.m in Sources */,
				600EC6D823067F5400222289 /* UINavigationController+GKCategory.m in Sources */,
				60D1406D25873EA8004393D0 /* GKWYMusicFriendViewController.m in Sources */,
				60D1406F25873EA8004393D0 /* GKWYMusicMineViewController.m in Sources */,
				603BE6B0257494BB0039D2ED /* GKDemoTransitionViewController.m in Sources */,
				79C48C1B243CC464000B0815 /* GKToutiaoMineViewController.m in Sources */,
				600EC6DD23067F5400222289 /* UIViewController+GKCategory.m in Sources */,
				79FBECEA253AE3F90053F518 /* GKWXViewController.m in Sources */,
				79C48C25243CC464000B0815 /* GKDemo003ViewController.m in Sources */,
				79C48C35243CC464000B0815 /* GKWYNewsNewViewController.m in Sources */,
				600EC6D623067F5400222289 /* GKPopTransitionAnimation.m in Sources */,
				79C48C3D243CC464000B0815 /* GKDouyinScrollView.m in Sources */,
				79C48C23243CC464000B0815 /* GKDemo002ViewController.m in Sources */,
				60D1407025873EA8004393D0 /* GKWYMusicAccountViewController.m in Sources */,
				79FBECF1253AE6C60053F518 /* GKWXHomeViewController.m in Sources */,
				79C48C3A243CC464000B0815 /* GKWYNewsLiveViewController.m in Sources */,
				600EC6D723067F5400222289 /* GKBaseTransitionAnimation.m in Sources */,
				79C48C2E243CC464000B0815 /* GKTabBaseViewController.m in Sources */,
				602B933A261C395E002F9742 /* GKDemo004ViewController.m in Sources */,
				79C48C1D243CC464000B0815 /* GKToutiaoVideoViewController.m in Sources */,
				79FBECFD253AE6F10053F518 /* GKWXMineViewController.m in Sources */,
				600EC6E123067F5400222289 /* GKNavigationBarConfigure.m in Sources */,
				600EC5662306588700222289 /* main.m in Sources */,
				79C48C37243CC464000B0815 /* GKWYNewsCommentViewController.m in Sources */,
				600EC6DB23067F5400222289 /* UIScrollView+GKCategory.m in Sources */,
				79C48C1E243CC464000B0815 /* GKToutiaoMicroViewController.m in Sources */,
				79C48C36243CC464000B0815 /* GKWYNewsProfileViewController.m in Sources */,
				79C48C22243CC464000B0815 /* GKDemo000ViewController.m in Sources */,
				79C48C38243CC464000B0815 /* GKWYNewsDetailViewController.m in Sources */,
				79C48C39243CC464000B0815 /* GKWYNewsVideoViewController.m in Sources */,
				60D1406C25873EA8004393D0 /* GKWYMusicDetailViewController.m in Sources */,
				600EC5582306588500222289 /* AppDelegate.m in Sources */,
				7913689C256E9C95008AB9F5 /* GKNavigationInteractiveTransition.m in Sources */,
				600EC6DC23067F5400222289 /* UINavigationItem+GKCategory.m in Sources */,
				79C48C30243CC464000B0815 /* UIView+Extension.m in Sources */,
				79C48C32243CC464000B0815 /* GKMainViewController.m in Sources */,
				600EC6DE23067F5400222289 /* GKNavigationBar.m in Sources */,
				79C48C1C243CC464000B0815 /* GKToutiaoDetailViewController.m in Sources */,
				79C48C3E243CC464000B0815 /* GKDouyinPersonalViewController.m in Sources */,
				79FBED13253AE9590053F518 /* GKFloatTransition.m in Sources */,
				79C48C1A243CC464000B0815 /* GKToutiaoViewController.m in Sources */,
				79C48C1F243CC464000B0815 /* GKToutiaoHomeViewController.m in Sources */,
				600EC6DA23067F5400222289 /* UIBarButtonItem+GKCategory.m in Sources */,
				79C48C2F243CC464000B0815 /* GKDemoBaseViewController.m in Sources */,
				60D1407125873EA8004393D0 /* GKWYMusicViewController.m in Sources */,
				79C48C2D243CC464000B0815 /* GKBaseViewController.m in Sources */,
				79FBED0D253AE9110053F518 /* GKFloatView.m in Sources */,
				600EC6D423067F5400222289 /* GKPushTransitionAnimation.m in Sources */,
				79FBECF7253AE6E90053F518 /* GKWXFindViewController.m in Sources */,
				79C48C34243CC464000B0815 /* GKWYNewsHomeViewController.m in Sources */,
				79C48C3B243CC464000B0815 /* GKDouyinHomePlayerViewController.m in Sources */,
				600EC6E023067F5400222289 /* GKNavigationBarViewController.m in Sources */,
				602B9340261C482E002F9742 /* GKDemo005ViewController.m in Sources */,
				6011631B236FF52900622897 /* UIImage+GKCategory.m in Sources */,
				79C48C24243CC464000B0815 /* GKDemoWebViewController.m in Sources */,
				79C48C3C243CC464000B0815 /* GKDouyinHomeViewController.m in Sources */,
				79C48C33243CC464000B0815 /* GKWYNewsViewController.m in Sources */,
				60D1406E25873EA8004393D0 /* GKWYMusicFindViewController.m in Sources */,
				79C48C31243CC464000B0815 /* GKBaseNavigationController.m in Sources */,
				79C48C3F243CC464000B0815 /* GKDouyinHomeSearchViewController.m in Sources */,
				79C48C21243CC464000B0815 /* GKDemo001ViewController.m in Sources */,
			);
			runOnlyForDeploymentPostprocessing = 0;
		};
		60180AAF23585A7500C48293 /* Sources */ = {
			isa = PBXSourcesBuildPhase;
			buildActionMask = 2147483647;
			files = (
				796EB946259732D00043B2E6 /* GKNavigationInteractiveTransition.m in Sources */,
				60D0DC07236FF8B800266415 /* UIImage+GKCategory.m in Sources */,
				60180AD223585B8600C48293 /* GKPushTransitionAnimation.m in Sources */,
				60180AD323585B8600C48293 /* GKPopTransitionAnimation.m in Sources */,
				60180AD423585B8600C48293 /* GKBaseTransitionAnimation.m in Sources */,
				60180AD623585B8600C48293 /* UIScrollView+GKCategory.m in Sources */,
				60180AD723585B8600C48293 /* UIBarButtonItem+GKCategory.m in Sources */,
				60180AD823585B8600C48293 /* UINavigationItem+GKCategory.m in Sources */,
				60180AD923585B8600C48293 /* UINavigationController+GKCategory.m in Sources */,
				60180ADB23585B8600C48293 /* UIViewController+GKCategory.m in Sources */,
				60180ADC23585B8600C48293 /* GKNavigationBarViewController.m in Sources */,
				60180ADD23585B8600C48293 /* GKNavigationBarConfigure.m in Sources */,
				60180ADE23585B8600C48293 /* GKNavigationBar.m in Sources */,
			);
			runOnlyForDeploymentPostprocessing = 0;
		};
/* End PBXSourcesBuildPhase section */

/* Begin PBXVariantGroup section */
		600EC5612306588700222289 /* LaunchScreen.storyboard */ = {
			isa = PBXVariantGroup;
			children = (
				600EC5622306588700222289 /* Base */,
			);
			name = LaunchScreen.storyboard;
			sourceTree = "<group>";
		};
/* End PBXVariantGroup section */

/* Begin XCBuildConfiguration section */
		600EC57D2306588700222289 /* Debug */ = {
			isa = XCBuildConfiguration;
			buildSettings = {
				ALWAYS_SEARCH_USER_PATHS = NO;
				CLANG_ANALYZER_NONNULL = YES;
				CLANG_ANALYZER_NUMBER_OBJECT_CONVERSION = YES_AGGRESSIVE;
				CLANG_CXX_LANGUAGE_STANDARD = "gnu++14";
				CLANG_CXX_LIBRARY = "libc++";
				CLANG_ENABLE_MODULES = YES;
				CLANG_ENABLE_OBJC_ARC = YES;
				CLANG_ENABLE_OBJC_WEAK = YES;
				CLANG_WARN_BLOCK_CAPTURE_AUTORELEASING = YES;
				CLANG_WARN_BOOL_CONVERSION = YES;
				CLANG_WARN_COMMA = YES;
				CLANG_WARN_CONSTANT_CONVERSION = YES;
				CLANG_WARN_DEPRECATED_OBJC_IMPLEMENTATIONS = YES;
				CLANG_WARN_DIRECT_OBJC_ISA_USAGE = YES_ERROR;
				CLANG_WARN_DOCUMENTATION_COMMENTS = YES;
				CLANG_WARN_EMPTY_BODY = YES;
				CLANG_WARN_ENUM_CONVERSION = YES;
				CLANG_WARN_INFINITE_RECURSION = YES;
				CLANG_WARN_INT_CONVERSION = YES;
				CLANG_WARN_NON_LITERAL_NULL_CONVERSION = YES;
				CLANG_WARN_OBJC_IMPLICIT_RETAIN_SELF = YES;
				CLANG_WARN_OBJC_LITERAL_CONVERSION = YES;
				CLANG_WARN_OBJC_ROOT_CLASS = YES_ERROR;
				CLANG_WARN_QUOTED_INCLUDE_IN_FRAMEWORK_HEADER = YES;
				CLANG_WARN_RANGE_LOOP_ANALYSIS = YES;
				CLANG_WARN_STRICT_PROTOTYPES = YES;
				CLANG_WARN_SUSPICIOUS_MOVE = YES;
				CLANG_WARN_UNGUARDED_AVAILABILITY = YES_AGGRESSIVE;
				CLANG_WARN_UNREACHABLE_CODE = YES;
				CLANG_WARN__DUPLICATE_METHOD_MATCH = YES;
				CODE_SIGN_IDENTITY = "iPhone Developer";
				COPY_PHASE_STRIP = NO;
				DEBUG_INFORMATION_FORMAT = dwarf;
				ENABLE_STRICT_OBJC_MSGSEND = YES;
				ENABLE_TESTABILITY = YES;
				GCC_C_LANGUAGE_STANDARD = gnu11;
				GCC_DYNAMIC_NO_PIC = NO;
				GCC_NO_COMMON_BLOCKS = YES;
				GCC_OPTIMIZATION_LEVEL = 0;
				GCC_PREPROCESSOR_DEFINITIONS = (
					"DEBUG=1",
					"$(inherited)",
				);
				GCC_WARN_64_TO_32_BIT_CONVERSION = YES;
				GCC_WARN_ABOUT_RETURN_TYPE = YES_ERROR;
				GCC_WARN_UNDECLARED_SELECTOR = YES;
				GCC_WARN_UNINITIALIZED_AUTOS = YES_AGGRESSIVE;
				GCC_WARN_UNUSED_FUNCTION = YES;
				GCC_WARN_UNUSED_VARIABLE = YES;
				IPHONEOS_DEPLOYMENT_TARGET = 12.4;
				MTL_ENABLE_DEBUG_INFO = INCLUDE_SOURCE;
				MTL_FAST_MATH = YES;
				ONLY_ACTIVE_ARCH = YES;
				SDKROOT = iphoneos;
			};
			name = Debug;
		};
		600EC57E2306588700222289 /* Release */ = {
			isa = XCBuildConfiguration;
			buildSettings = {
				ALWAYS_SEARCH_USER_PATHS = NO;
				CLANG_ANALYZER_NONNULL = YES;
				CLANG_ANALYZER_NUMBER_OBJECT_CONVERSION = YES_AGGRESSIVE;
				CLANG_CXX_LANGUAGE_STANDARD = "gnu++14";
				CLANG_CXX_LIBRARY = "libc++";
				CLANG_ENABLE_MODULES = YES;
				CLANG_ENABLE_OBJC_ARC = YES;
				CLANG_ENABLE_OBJC_WEAK = YES;
				CLANG_WARN_BLOCK_CAPTURE_AUTORELEASING = YES;
				CLANG_WARN_BOOL_CONVERSION = YES;
				CLANG_WARN_COMMA = YES;
				CLANG_WARN_CONSTANT_CONVERSION = YES;
				CLANG_WARN_DEPRECATED_OBJC_IMPLEMENTATIONS = YES;
				CLANG_WARN_DIRECT_OBJC_ISA_USAGE = YES_ERROR;
				CLANG_WARN_DOCUMENTATION_COMMENTS = YES;
				CLANG_WARN_EMPTY_BODY = YES;
				CLANG_WARN_ENUM_CONVERSION = YES;
				CLANG_WARN_INFINITE_RECURSION = YES;
				CLANG_WARN_INT_CONVERSION = YES;
				CLANG_WARN_NON_LITERAL_NULL_CONVERSION = YES;
				CLANG_WARN_OBJC_IMPLICIT_RETAIN_SELF = YES;
				CLANG_WARN_OBJC_LITERAL_CONVERSION = YES;
				CLANG_WARN_OBJC_ROOT_CLASS = YES_ERROR;
				CLANG_WARN_QUOTED_INCLUDE_IN_FRAMEWORK_HEADER = YES;
				CLANG_WARN_RANGE_LOOP_ANALYSIS = YES;
				CLANG_WARN_STRICT_PROTOTYPES = YES;
				CLANG_WARN_SUSPICIOUS_MOVE = YES;
				CLANG_WARN_UNGUARDED_AVAILABILITY = YES_AGGRESSIVE;
				CLANG_WARN_UNREACHABLE_CODE = YES;
				CLANG_WARN__DUPLICATE_METHOD_MATCH = YES;
				CODE_SIGN_IDENTITY = "iPhone Developer";
				COPY_PHASE_STRIP = NO;
				DEBUG_INFORMATION_FORMAT = "dwarf-with-dsym";
				ENABLE_NS_ASSERTIONS = NO;
				ENABLE_STRICT_OBJC_MSGSEND = YES;
				GCC_C_LANGUAGE_STANDARD = gnu11;
				GCC_NO_COMMON_BLOCKS = YES;
				GCC_WARN_64_TO_32_BIT_CONVERSION = YES;
				GCC_WARN_ABOUT_RETURN_TYPE = YES_ERROR;
				GCC_WARN_UNDECLARED_SELECTOR = YES;
				GCC_WARN_UNINITIALIZED_AUTOS = YES_AGGRESSIVE;
				GCC_WARN_UNUSED_FUNCTION = YES;
				GCC_WARN_UNUSED_VARIABLE = YES;
				IPHONEOS_DEPLOYMENT_TARGET = 12.4;
				MTL_ENABLE_DEBUG_INFO = NO;
				MTL_FAST_MATH = YES;
				SDKROOT = iphoneos;
				VALIDATE_PRODUCT = YES;
			};
			name = Release;
		};
		600EC5802306588700222289 /* Debug */ = {
			isa = XCBuildConfiguration;
			baseConfigurationReference = 269F61B4ACDBF25AE775D67A /* Pods-GKNavigationBarViewControllerDemo.debug.xcconfig */;
			buildSettings = {
				ASSETCATALOG_COMPILER_APPICON_NAME = AppIcon;
				CODE_SIGN_IDENTITY = "Apple Development: xinjun zhang (DNJGV7XB9Q)";
				CODE_SIGN_STYLE = Manual;
				DEVELOPMENT_TEAM = X52753HQNM;
				GCC_PREFIX_HEADER = GKNavigationBarViewControllerDemo/PrefixHeader.pch;
				INFOPLIST_FILE = GKNavigationBarViewControllerDemo/Info.plist;
				IPHONEOS_DEPLOYMENT_TARGET = 9.0;
				LD_RUNPATH_SEARCH_PATHS = (
					"$(inherited)",
					"@executable_path/Frameworks",
				);
				PRODUCT_BUNDLE_IDENTIFIER = com.test.gknavigationbar;
				PRODUCT_NAME = "$(TARGET_NAME)";
				PROVISIONING_PROFILE_SPECIFIER = aystfm_dev_test;
				TARGETED_DEVICE_FAMILY = "1,2";
			};
			name = Debug;
		};
		600EC5812306588700222289 /* Release */ = {
			isa = XCBuildConfiguration;
			baseConfigurationReference = 656BD2E20F7FF5D6C823AB90 /* Pods-GKNavigationBarViewControllerDemo.release.xcconfig */;
			buildSettings = {
				ASSETCATALOG_COMPILER_APPICON_NAME = AppIcon;
				CODE_SIGN_IDENTITY = "Apple Development: xinjun zhang (DNJGV7XB9Q)";
				CODE_SIGN_STYLE = Manual;
				DEVELOPMENT_TEAM = X52753HQNM;
				GCC_PREFIX_HEADER = GKNavigationBarViewControllerDemo/PrefixHeader.pch;
				INFOPLIST_FILE = GKNavigationBarViewControllerDemo/Info.plist;
				IPHONEOS_DEPLOYMENT_TARGET = 9.0;
				LD_RUNPATH_SEARCH_PATHS = (
					"$(inherited)",
					"@executable_path/Frameworks",
				);
				PRODUCT_BUNDLE_IDENTIFIER = com.test.gknavigationbar;
				PRODUCT_NAME = "$(TARGET_NAME)";
				PROVISIONING_PROFILE_SPECIFIER = aystfm_dev_test;
				TARGETED_DEVICE_FAMILY = "1,2";
			};
			name = Release;
		};
		60180ACB23585A7500C48293 /* Debug */ = {
			isa = XCBuildConfiguration;
			buildSettings = {
				CODE_SIGN_IDENTITY = "";
				CODE_SIGN_STYLE = Manual;
				CURRENT_PROJECT_VERSION = 1;
				DEFINES_MODULE = YES;
				DEVELOPMENT_TEAM = "";
				DYLIB_COMPATIBILITY_VERSION = 1;
				DYLIB_CURRENT_VERSION = 1;
				DYLIB_INSTALL_NAME_BASE = "@rpath";
				INFOPLIST_FILE = GKNavigationBarViewControllerFramework/Info.plist;
				INSTALL_PATH = "$(LOCAL_LIBRARY_DIR)/Frameworks";
				IPHONEOS_DEPLOYMENT_TARGET = 9.0;
				LD_RUNPATH_SEARCH_PATHS = (
					"$(inherited)",
					"@executable_path/Frameworks",
					"@loader_path/Frameworks",
				);
				OTHER_LDFLAGS = "-all_load";
				PRODUCT_BUNDLE_IDENTIFIER = com.test.GKNavigationBarViewControllerFramework;
				PRODUCT_MODULE_NAME = GKNavigationBarViewController;
				PRODUCT_NAME = GKNavigationBarViewController;
				PROVISIONING_PROFILE_SPECIFIER = "";
				"PROVISIONING_PROFILE_SPECIFIER[sdk=macosx*]" = "";
				SKIP_INSTALL = YES;
				SUPPORTS_MACCATALYST = YES;
				TARGETED_DEVICE_FAMILY = "1,2";
				VERSIONING_SYSTEM = "apple-generic";
				VERSION_INFO_PREFIX = "";
			};
			name = Debug;
		};
		60180ACC23585A7500C48293 /* Release */ = {
			isa = XCBuildConfiguration;
			buildSettings = {
				CODE_SIGN_IDENTITY = "";
				CODE_SIGN_STYLE = Manual;
				CURRENT_PROJECT_VERSION = 1;
				DEFINES_MODULE = YES;
				DEVELOPMENT_TEAM = "";
				DYLIB_COMPATIBILITY_VERSION = 1;
				DYLIB_CURRENT_VERSION = 1;
				DYLIB_INSTALL_NAME_BASE = "@rpath";
				INFOPLIST_FILE = GKNavigationBarViewControllerFramework/Info.plist;
				INSTALL_PATH = "$(LOCAL_LIBRARY_DIR)/Frameworks";
				IPHONEOS_DEPLOYMENT_TARGET = 9.0;
				LD_RUNPATH_SEARCH_PATHS = (
					"$(inherited)",
					"@executable_path/Frameworks",
					"@loader_path/Frameworks",
				);
				OTHER_LDFLAGS = "-all_load";
				PRODUCT_BUNDLE_IDENTIFIER = com.test.GKNavigationBarViewControllerFramework;
				PRODUCT_MODULE_NAME = GKNavigationBarViewController;
				PRODUCT_NAME = GKNavigationBarViewController;
				PROVISIONING_PROFILE_SPECIFIER = "";
				"PROVISIONING_PROFILE_SPECIFIER[sdk=macosx*]" = "";
				SKIP_INSTALL = YES;
				SUPPORTS_MACCATALYST = YES;
				TARGETED_DEVICE_FAMILY = "1,2";
				VERSIONING_SYSTEM = "apple-generic";
				VERSION_INFO_PREFIX = "";
			};
			name = Release;
		};
/* End XCBuildConfiguration section */

/* Begin XCConfigurationList section */
		600EC54E2306588500222289 /* Build configuration list for PBXProject "GKNavigationBarViewControllerDemo" */ = {
			isa = XCConfigurationList;
			buildConfigurations = (
				600EC57D2306588700222289 /* Debug */,
				600EC57E2306588700222289 /* Release */,
			);
			defaultConfigurationIsVisible = 0;
			defaultConfigurationName = Release;
		};
		600EC57F2306588700222289 /* Build configuration list for PBXNativeTarget "GKNavigationBarViewControllerDemo" */ = {
			isa = XCConfigurationList;
			buildConfigurations = (
				600EC5802306588700222289 /* Debug */,
				600EC5812306588700222289 /* Release */,
			);
			defaultConfigurationIsVisible = 0;
			defaultConfigurationName = Release;
		};
		60180ACF23585A7500C48293 /* Build configuration list for PBXNativeTarget "GKNavigationBarViewControllerFramework" */ = {
			isa = XCConfigurationList;
			buildConfigurations = (
				60180ACB23585A7500C48293 /* Debug */,
				60180ACC23585A7500C48293 /* Release */,
			);
			defaultConfigurationIsVisible = 0;
			defaultConfigurationName = Release;
		};
/* End XCConfigurationList section */
	};
	rootObject = 600EC54B2306588500222289 /* Project object */;
}
