// !$*UTF8*$!
{
	archiveVersion = 1;
	classes = {
	};
	objectVersion = 51;
	objects = {

/* Begin PBXBuildFile section */
		600EC5582306588500222289 /* AppDelegate.m in Sources */ = {isa = PBXBuildFile; fileRef = 600EC5572306588500222289 /* AppDelegate.m */; };
		600EC5602306588700222289 /* Assets.xcassets in Resources */ = {isa = PBXBuildFile; fileRef = 600EC55F2306588700222289 /* Assets.xcassets */; };
		600EC5632306588700222289 /* LaunchScreen.storyboard in Resources */ = {isa = PBXBuildFile; fileRef = 600EC5612306588700222289 /* LaunchScreen.storyboard */; };
		600EC5662306588700222289 /* main.m in Sources */ = {isa = PBXBuildFile; fileRef = 600EC5652306588700222289 /* main.m */; };
		600EC5702306588700222289 /* GKNavigationBarViewControllerDemoTests.m in Sources */ = {isa = PBXBuildFile; fileRef = 600EC56F2306588700222289 /* GKNavigationBarViewControllerDemoTests.m */; };
		600EC60C23065FA700222289 /* GKWYMusicDetailViewController.m in Sources */ = {isa = PBXBuildFile; fileRef = 600EC5B023065FA600222289 /* GKWYMusicDetailViewController.m */; };
		600EC60D23065FA700222289 /* GKWYMusicFriendViewController.m in Sources */ = {isa = PBXBuildFile; fileRef = 600EC5B123065FA600222289 /* GKWYMusicFriendViewController.m */; };
		600EC60E23065FA700222289 /* GKWYMusicFindViewController.m in Sources */ = {isa = PBXBuildFile; fileRef = 600EC5B223065FA600222289 /* GKWYMusicFindViewController.m */; };
		600EC60F23065FA700222289 /* GKWYMusicMineViewController.m in Sources */ = {isa = PBXBuildFile; fileRef = 600EC5B323065FA600222289 /* GKWYMusicMineViewController.m */; };
		600EC61023065FA700222289 /* GKWYMusicAccountViewController.m in Sources */ = {isa = PBXBuildFile; fileRef = 600EC5B523065FA600222289 /* GKWYMusicAccountViewController.m */; };
		600EC61123065FA700222289 /* GKWYMusicViewController.m in Sources */ = {isa = PBXBuildFile; fileRef = 600EC5B623065FA600222289 /* GKWYMusicViewController.m */; };
		600EC61223065FA700222289 /* GKWYNewsViewController.m in Sources */ = {isa = PBXBuildFile; fileRef = 600EC5B823065FA600222289 /* GKWYNewsViewController.m */; };
		600EC61323065FA700222289 /* GKWYNewsHomeViewController.m in Sources */ = {isa = PBXBuildFile; fileRef = 600EC5BB23065FA600222289 /* GKWYNewsHomeViewController.m */; };
		600EC61423065FA700222289 /* GKWYNewsNewViewController.m in Sources */ = {isa = PBXBuildFile; fileRef = 600EC5BC23065FA600222289 /* GKWYNewsNewViewController.m */; };
		600EC61523065FA700222289 /* GKWYNewsProfileViewController.m in Sources */ = {isa = PBXBuildFile; fileRef = 600EC5BD23065FA700222289 /* GKWYNewsProfileViewController.m */; };
		600EC61623065FA700222289 /* GKWYNewsCommentViewController.m in Sources */ = {isa = PBXBuildFile; fileRef = 600EC5BF23065FA700222289 /* GKWYNewsCommentViewController.m */; };
		600EC61723065FA700222289 /* GKWYNewsDetailViewController.m in Sources */ = {isa = PBXBuildFile; fileRef = 600EC5C223065FA700222289 /* GKWYNewsDetailViewController.m */; };
		600EC61823065FA700222289 /* GKWYNewsVideoViewController.m in Sources */ = {isa = PBXBuildFile; fileRef = 600EC5C623065FA700222289 /* GKWYNewsVideoViewController.m */; };
		600EC61923065FA700222289 /* GKWYNewsLiveViewController.m in Sources */ = {isa = PBXBuildFile; fileRef = 600EC5C723065FA700222289 /* GKWYNewsLiveViewController.m */; };
		600EC61A23065FA700222289 /* GKToutiaoViewController.m in Sources */ = {isa = PBXBuildFile; fileRef = 600EC5CA23065FA700222289 /* GKToutiaoViewController.m */; };
		600EC61B23065FA700222289 /* GKToutiaoMineViewController.m in Sources */ = {isa = PBXBuildFile; fileRef = 600EC5CC23065FA700222289 /* GKToutiaoMineViewController.m */; };
		600EC61C23065FA700222289 /* GKToutiaoDetailViewController.m in Sources */ = {isa = PBXBuildFile; fileRef = 600EC5CE23065FA700222289 /* GKToutiaoDetailViewController.m */; };
		600EC61D23065FA700222289 /* GKToutiaoVideoViewController.m in Sources */ = {isa = PBXBuildFile; fileRef = 600EC5CF23065FA700222289 /* GKToutiaoVideoViewController.m */; };
		600EC61E23065FA700222289 /* GKToutiaoMicroViewController.m in Sources */ = {isa = PBXBuildFile; fileRef = 600EC5D123065FA700222289 /* GKToutiaoMicroViewController.m */; };
		600EC61F23065FA700222289 /* GKToutiaoHomeViewController.m in Sources */ = {isa = PBXBuildFile; fileRef = 600EC5D523065FA700222289 /* GKToutiaoHomeViewController.m */; };
		600EC62023065FA700222289 /* GKTabBaseViewController.m in Sources */ = {isa = PBXBuildFile; fileRef = 600EC5DA23065FA700222289 /* GKTabBaseViewController.m */; };
		600EC62123065FA700222289 /* GKDemoBaseViewController.m in Sources */ = {isa = PBXBuildFile; fileRef = 600EC5DB23065FA700222289 /* GKDemoBaseViewController.m */; };
		600EC62223065FA700222289 /* UIView+Extension.m in Sources */ = {isa = PBXBuildFile; fileRef = 600EC5DC23065FA700222289 /* UIView+Extension.m */; };
		600EC62323065FA700222289 /* GKDouyinHomePlayerViewController.m in Sources */ = {isa = PBXBuildFile; fileRef = 600EC5E323065FA700222289 /* GKDouyinHomePlayerViewController.m */; };
		600EC62423065FA700222289 /* GKDouyinHomeViewController.m in Sources */ = {isa = PBXBuildFile; fileRef = 600EC5E423065FA700222289 /* GKDouyinHomeViewController.m */; };
		600EC62523065FA700222289 /* GKDouyinScrollView.m in Sources */ = {isa = PBXBuildFile; fileRef = 600EC5E523065FA700222289 /* GKDouyinScrollView.m */; };
		600EC62623065FA700222289 /* GKDouyinPersonalViewController.m in Sources */ = {isa = PBXBuildFile; fileRef = 600EC5E623065FA700222289 /* GKDouyinPersonalViewController.m */; };
		600EC62723065FA700222289 /* GKDouyinHomeSearchViewController.m in Sources */ = {isa = PBXBuildFile; fileRef = 600EC5E723065FA700222289 /* GKDouyinHomeSearchViewController.m */; };
		600EC62823065FA700222289 /* GKMainViewController.m in Sources */ = {isa = PBXBuildFile; fileRef = 600EC5EA23065FA700222289 /* GKMainViewController.m */; };
		600EC62923065FA700222289 /* GKTab001ViewController.m in Sources */ = {isa = PBXBuildFile; fileRef = 600EC5EE23065FA700222289 /* GKTab001ViewController.m */; };
		600EC62A23065FA700222289 /* GKTab003ViewController.m in Sources */ = {isa = PBXBuildFile; fileRef = 600EC5EF23065FA700222289 /* GKTab003ViewController.m */; };
		600EC62B23065FA700222289 /* GKTab002ViewController.m in Sources */ = {isa = PBXBuildFile; fileRef = 600EC5F023065FA700222289 /* GKTab002ViewController.m */; };
		600EC62C23065FA700222289 /* GKDemo010ViewController.m in Sources */ = {isa = PBXBuildFile; fileRef = 600EC5F323065FA700222289 /* GKDemo010ViewController.m */; };
		600EC62D23065FA700222289 /* GKDemo009ViewController.m in Sources */ = {isa = PBXBuildFile; fileRef = 600EC5F423065FA700222289 /* GKDemo009ViewController.m */; };
		600EC62E23065FA700222289 /* GKDemo006ViewController.m in Sources */ = {isa = PBXBuildFile; fileRef = 600EC5F523065FA700222289 /* GKDemo006ViewController.m */; };
		600EC62F23065FA700222289 /* GKDemo001ViewController.m in Sources */ = {isa = PBXBuildFile; fileRef = 600EC5F823065FA700222289 /* GKDemo001ViewController.m */; };
		600EC63023065FA700222289 /* GKDemo011ViewController.m in Sources */ = {isa = PBXBuildFile; fileRef = 600EC5FB23065FA700222289 /* GKDemo011ViewController.m */; };
		600EC63123065FA700222289 /* GKDemo008ViewController.m in Sources */ = {isa = PBXBuildFile; fileRef = 600EC5FC23065FA700222289 /* GKDemo008ViewController.m */; };
		600EC63223065FA700222289 /* GKDemo007ViewController.m in Sources */ = {isa = PBXBuildFile; fileRef = 600EC5FE23065FA700222289 /* GKDemo007ViewController.m */; };
		600EC63323065FA700222289 /* GKDemo002ViewController.m in Sources */ = {isa = PBXBuildFile; fileRef = 600EC60023065FA700222289 /* GKDemo002ViewController.m */; };
		600EC63423065FA700222289 /* GKDemo005ViewController.m in Sources */ = {isa = PBXBuildFile; fileRef = 600EC60523065FA700222289 /* GKDemo005ViewController.m */; };
		600EC63523065FA700222289 /* GKDemo012ViewController.m in Sources */ = {isa = PBXBuildFile; fileRef = 600EC60623065FA700222289 /* GKDemo012ViewController.m */; };
		600EC63623065FA700222289 /* GKDemo004ViewController.m in Sources */ = {isa = PBXBuildFile; fileRef = 600EC60723065FA700222289 /* GKDemo004ViewController.m */; };
		600EC63723065FA700222289 /* GKDemo003ViewController.m in Sources */ = {isa = PBXBuildFile; fileRef = 600EC60823065FA700222289 /* GKDemo003ViewController.m */; };
		600EC6D423067F5400222289 /* GKPushTransitionAnimation.m in Sources */ = {isa = PBXBuildFile; fileRef = 600EC6B623067F5400222289 /* GKPushTransitionAnimation.m */; };
		600EC6D523067F5400222289 /* GKDelegateHandler.m in Sources */ = {isa = PBXBuildFile; fileRef = 600EC6B723067F5400222289 /* GKDelegateHandler.m */; };
		600EC6D623067F5400222289 /* GKPopTransitionAnimation.m in Sources */ = {isa = PBXBuildFile; fileRef = 600EC6B823067F5400222289 /* GKPopTransitionAnimation.m */; };
		600EC6D723067F5400222289 /* GKBaseTransitionAnimation.m in Sources */ = {isa = PBXBuildFile; fileRef = 600EC6B923067F5400222289 /* GKBaseTransitionAnimation.m */; };
		600EC6D823067F5400222289 /* UINavigationController+GKCategory.m in Sources */ = {isa = PBXBuildFile; fileRef = 600EC6BF23067F5400222289 /* UINavigationController+GKCategory.m */; };
		600EC6DA23067F5400222289 /* UIBarButtonItem+GKCategory.m in Sources */ = {isa = PBXBuildFile; fileRef = 600EC6C223067F5400222289 /* UIBarButtonItem+GKCategory.m */; };
		600EC6DB23067F5400222289 /* UIScrollView+GKCategory.m in Sources */ = {isa = PBXBuildFile; fileRef = 600EC6C423067F5400222289 /* UIScrollView+GKCategory.m */; };
		600EC6DC23067F5400222289 /* UINavigationItem+GKCategory.m in Sources */ = {isa = PBXBuildFile; fileRef = 600EC6C723067F5400222289 /* UINavigationItem+GKCategory.m */; };
		600EC6DD23067F5400222289 /* UIViewController+GKCategory.m in Sources */ = {isa = PBXBuildFile; fileRef = 600EC6CB23067F5400222289 /* UIViewController+GKCategory.m */; };
		600EC6DE23067F5400222289 /* GKNavigationBar.m in Sources */ = {isa = PBXBuildFile; fileRef = 600EC6CE23067F5400222289 /* GKNavigationBar.m */; };
		600EC6DF23067F5400222289 /* GKNavigationBarViewController.bundle in Resources */ = {isa = PBXBuildFile; fileRef = 600EC6CF23067F5400222289 /* GKNavigationBarViewController.bundle */; };
		600EC6E023067F5400222289 /* GKNavigationBarViewController.m in Sources */ = {isa = PBXBuildFile; fileRef = 600EC6D023067F5400222289 /* GKNavigationBarViewController.m */; };
		600EC6E123067F5400222289 /* GKNavigationBarConfigure.m in Sources */ = {isa = PBXBuildFile; fileRef = 600EC6D323067F5400222289 /* GKNavigationBarConfigure.m */; };
		600EC6E423067F6800222289 /* GKNavigationBarViewController.podspec in Resources */ = {isa = PBXBuildFile; fileRef = 600EC6E223067F6700222289 /* GKNavigationBarViewController.podspec */; };
		600EC6E523067F6800222289 /* README.md in Resources */ = {isa = PBXBuildFile; fileRef = 600EC6E323067F6800222289 /* README.md */; };
		6011631B236FF52900622897 /* UIImage+GKCategory.m in Sources */ = {isa = PBXBuildFile; fileRef = 6011631A236FF52900622897 /* UIImage+GKCategory.m */; };
		60180AD123585B8600C48293 /* GKDelegateHandler.m in Sources */ = {isa = PBXBuildFile; fileRef = 600EC6B723067F5400222289 /* GKDelegateHandler.m */; };
		60180AD223585B8600C48293 /* GKPushTransitionAnimation.m in Sources */ = {isa = PBXBuildFile; fileRef = 600EC6B623067F5400222289 /* GKPushTransitionAnimation.m */; };
		60180AD323585B8600C48293 /* GKPopTransitionAnimation.m in Sources */ = {isa = PBXBuildFile; fileRef = 600EC6B823067F5400222289 /* GKPopTransitionAnimation.m */; };
		60180AD423585B8600C48293 /* GKBaseTransitionAnimation.m in Sources */ = {isa = PBXBuildFile; fileRef = 600EC6B923067F5400222289 /* GKBaseTransitionAnimation.m */; };
		60180AD623585B8600C48293 /* UIScrollView+GKCategory.m in Sources */ = {isa = PBXBuildFile; fileRef = 600EC6C423067F5400222289 /* UIScrollView+GKCategory.m */; };
		60180AD723585B8600C48293 /* UIBarButtonItem+GKCategory.m in Sources */ = {isa = PBXBuildFile; fileRef = 600EC6C223067F5400222289 /* UIBarButtonItem+GKCategory.m */; };
		60180AD823585B8600C48293 /* UINavigationItem+GKCategory.m in Sources */ = {isa = PBXBuildFile; fileRef = 600EC6C723067F5400222289 /* UINavigationItem+GKCategory.m */; };
		60180AD923585B8600C48293 /* UINavigationController+GKCategory.m in Sources */ = {isa = PBXBuildFile; fileRef = 600EC6BF23067F5400222289 /* UINavigationController+GKCategory.m */; };
		60180ADB23585B8600C48293 /* UIViewController+GKCategory.m in Sources */ = {isa = PBXBuildFile; fileRef = 600EC6CB23067F5400222289 /* UIViewController+GKCategory.m */; };
		60180ADC23585B8600C48293 /* GKNavigationBarViewController.m in Sources */ = {isa = PBXBuildFile; fileRef = 600EC6D023067F5400222289 /* GKNavigationBarViewController.m */; };
		60180ADD23585B8600C48293 /* GKNavigationBarConfigure.m in Sources */ = {isa = PBXBuildFile; fileRef = 600EC6D323067F5400222289 /* GKNavigationBarConfigure.m */; };
		60180ADE23585B8600C48293 /* GKNavigationBar.m in Sources */ = {isa = PBXBuildFile; fileRef = 600EC6CE23067F5400222289 /* GKNavigationBar.m */; };
		60180ADF23585B9800C48293 /* GKNavigationBarViewController.bundle in Resources */ = {isa = PBXBuildFile; fileRef = 600EC6CF23067F5400222289 /* GKNavigationBarViewController.bundle */; };
		60180AE023585BF500C48293 /* GKDelegateHandler.h in Headers */ = {isa = PBXBuildFile; fileRef = 600EC6BB23067F5400222289 /* GKDelegateHandler.h */; settings = {ATTRIBUTES = (Public, ); }; };
		60180AE123585BF500C48293 /* GKPushTransitionAnimation.h in Headers */ = {isa = PBXBuildFile; fileRef = 600EC6BA23067F5400222289 /* GKPushTransitionAnimation.h */; settings = {ATTRIBUTES = (Public, ); }; };
		60180AE223585BF500C48293 /* GKPopTransitionAnimation.h in Headers */ = {isa = PBXBuildFile; fileRef = 600EC6BC23067F5400222289 /* GKPopTransitionAnimation.h */; settings = {ATTRIBUTES = (Public, ); }; };
		60180AE323585BF500C48293 /* GKBaseTransitionAnimation.h in Headers */ = {isa = PBXBuildFile; fileRef = 600EC6BD23067F5400222289 /* GKBaseTransitionAnimation.h */; settings = {ATTRIBUTES = (Public, ); }; };
		60180AE523585BF500C48293 /* GKCategory.h in Headers */ = {isa = PBXBuildFile; fileRef = 600EC6C523067F5400222289 /* GKCategory.h */; settings = {ATTRIBUTES = (Public, ); }; };
		60180AE623585BF500C48293 /* UIScrollView+GKCategory.h in Headers */ = {isa = PBXBuildFile; fileRef = 600EC6CA23067F5400222289 /* UIScrollView+GKCategory.h */; settings = {ATTRIBUTES = (Public, ); }; };
		60180AE723585BF500C48293 /* UIBarButtonItem+GKCategory.h in Headers */ = {isa = PBXBuildFile; fileRef = 600EC6C923067F5400222289 /* UIBarButtonItem+GKCategory.h */; settings = {ATTRIBUTES = (Public, ); }; };
		60180AE823585BF500C48293 /* UINavigationItem+GKCategory.h in Headers */ = {isa = PBXBuildFile; fileRef = 600EC6C123067F5400222289 /* UINavigationItem+GKCategory.h */; settings = {ATTRIBUTES = (Public, ); }; };
		60180AE923585BF500C48293 /* UINavigationController+GKCategory.h in Headers */ = {isa = PBXBuildFile; fileRef = 600EC6C823067F5400222289 /* UINavigationController+GKCategory.h */; settings = {ATTRIBUTES = (Public, ); }; };
		60180AEB23585BF500C48293 /* UIViewController+GKCategory.h in Headers */ = {isa = PBXBuildFile; fileRef = 600EC6C323067F5400222289 /* UIViewController+GKCategory.h */; settings = {ATTRIBUTES = (Public, ); }; };
		60180AEC23585BF500C48293 /* GKCommon.h in Headers */ = {isa = PBXBuildFile; fileRef = 600EC6D123067F5400222289 /* GKCommon.h */; settings = {ATTRIBUTES = (Public, ); }; };
		60180AED23585BF500C48293 /* GKNavigationBarViewController.h in Headers */ = {isa = PBXBuildFile; fileRef = 600EC6CC23067F5400222289 /* GKNavigationBarViewController.h */; settings = {ATTRIBUTES = (Public, ); }; };
		60180AEE23585BF500C48293 /* GKNavigationBarConfigure.h in Headers */ = {isa = PBXBuildFile; fileRef = 600EC6CD23067F5400222289 /* GKNavigationBarConfigure.h */; settings = {ATTRIBUTES = (Public, ); }; };
		60180AEF23585BF500C48293 /* GKNavigationBar.h in Headers */ = {isa = PBXBuildFile; fileRef = 600EC6D223067F5400222289 /* GKNavigationBar.h */; settings = {ATTRIBUTES = (Public, ); }; };
		60180B342358669300C48293 /* .travis.yml in Resources */ = {isa = PBXBuildFile; fileRef = 60180B332358669300C48293 /* .travis.yml */; };
		603C8EE0234ED0A2001B4C3C /* GKDemo013ViewController.m in Sources */ = {isa = PBXBuildFile; fileRef = 603C8EDF234ED0A2001B4C3C /* GKDemo013ViewController.m */; };
		603C8EE3234ED4ED001B4C3C /* GKPushTab001ViewController.m in Sources */ = {isa = PBXBuildFile; fileRef = 603C8EE2234ED4ED001B4C3C /* GKPushTab001ViewController.m */; };
		603C8EE6234ED4F7001B4C3C /* GKPushTab002ViewController.m in Sources */ = {isa = PBXBuildFile; fileRef = 603C8EE5234ED4F7001B4C3C /* GKPushTab002ViewController.m */; };
		603C8EEC234ED5F7001B4C3C /* GKDemo013PushViewController.m in Sources */ = {isa = PBXBuildFile; fileRef = 603C8EEB234ED5F7001B4C3C /* GKDemo013PushViewController.m */; };
		60D0DC07236FF8B800266415 /* UIImage+GKCategory.m in Sources */ = {isa = PBXBuildFile; fileRef = 6011631A236FF52900622897 /* UIImage+GKCategory.m */; };
		60D0DC08236FF8C200266415 /* UIImage+GKCategory.h in Headers */ = {isa = PBXBuildFile; fileRef = 60116319236FF52900622897 /* UIImage+GKCategory.h */; settings = {ATTRIBUTES = (Public, ); }; };
		793A13CE234B1B380085DF82 /* UIViewController+FullScreen.m in Sources */ = {isa = PBXBuildFile; fileRef = 793A13CD234B1B380085DF82 /* UIViewController+FullScreen.m */; };
		8DF46E5B66130A8189FB62B1 /* Pods_GKNavigationBarViewControllerDemo.framework in Frameworks */ = {isa = PBXBuildFile; fileRef = CC3617061D50CAD65A453EBD /* Pods_GKNavigationBarViewControllerDemo.framework */; };
/* End PBXBuildFile section */

/* Begin PBXContainerItemProxy section */
		600EC56C2306588700222289 /* PBXContainerItemProxy */ = {
			isa = PBXContainerItemProxy;
			containerPortal = 600EC54B2306588500222289 /* Project object */;
			proxyType = 1;
			remoteGlobalIDString = 600EC5522306588500222289;
			remoteInfo = GKNavigationBarViewControllerDemo;
		};
/* End PBXContainerItemProxy section */

/* Begin PBXFileReference section */
		269F61B4ACDBF25AE775D67A /* Pods-GKNavigationBarViewControllerDemo.debug.xcconfig */ = {isa = PBXFileReference; includeInIndex = 1; lastKnownFileType = text.xcconfig; name = "Pods-GKNavigationBarViewControllerDemo.debug.xcconfig"; path = "Target Support Files/Pods-GKNavigationBarViewControllerDemo/Pods-GKNavigationBarViewControllerDemo.debug.xcconfig"; sourceTree = "<group>"; };
		600EC5532306588500222289 /* GKNavigationBarViewControllerDemo.app */ = {isa = PBXFileReference; explicitFileType = wrapper.application; includeInIndex = 0; path = GKNavigationBarViewControllerDemo.app; sourceTree = BUILT_PRODUCTS_DIR; };
		600EC5562306588500222289 /* AppDelegate.h */ = {isa = PBXFileReference; lastKnownFileType = sourcecode.c.h; path = AppDelegate.h; sourceTree = "<group>"; };
		600EC5572306588500222289 /* AppDelegate.m */ = {isa = PBXFileReference; lastKnownFileType = sourcecode.c.objc; path = AppDelegate.m; sourceTree = "<group>"; };
		600EC55F2306588700222289 /* Assets.xcassets */ = {isa = PBXFileReference; lastKnownFileType = folder.assetcatalog; path = Assets.xcassets; sourceTree = "<group>"; };
		600EC5622306588700222289 /* Base */ = {isa = PBXFileReference; lastKnownFileType = file.storyboard; name = Base; path = Base.lproj/LaunchScreen.storyboard; sourceTree = "<group>"; };
		600EC5642306588700222289 /* Info.plist */ = {isa = PBXFileReference; lastKnownFileType = text.plist.xml; path = Info.plist; sourceTree = "<group>"; };
		600EC5652306588700222289 /* main.m */ = {isa = PBXFileReference; lastKnownFileType = sourcecode.c.objc; path = main.m; sourceTree = "<group>"; };
		600EC56B2306588700222289 /* GKNavigationBarViewControllerDemoTests.xctest */ = {isa = PBXFileReference; explicitFileType = wrapper.cfbundle; includeInIndex = 0; path = GKNavigationBarViewControllerDemoTests.xctest; sourceTree = BUILT_PRODUCTS_DIR; };
		600EC56F2306588700222289 /* GKNavigationBarViewControllerDemoTests.m */ = {isa = PBXFileReference; lastKnownFileType = sourcecode.c.objc; path = GKNavigationBarViewControllerDemoTests.m; sourceTree = "<group>"; };
		600EC5712306588700222289 /* Info.plist */ = {isa = PBXFileReference; lastKnownFileType = text.plist.xml; path = Info.plist; sourceTree = "<group>"; };
		600EC5AA23065FA600222289 /* GKWYMusicViewController.h */ = {isa = PBXFileReference; fileEncoding = 4; lastKnownFileType = sourcecode.c.h; path = GKWYMusicViewController.h; sourceTree = "<group>"; };
		600EC5AC23065FA600222289 /* GKWYMusicMineViewController.h */ = {isa = PBXFileReference; fileEncoding = 4; lastKnownFileType = sourcecode.c.h; path = GKWYMusicMineViewController.h; sourceTree = "<group>"; };
		600EC5AD23065FA600222289 /* GKWYMusicFindViewController.h */ = {isa = PBXFileReference; fileEncoding = 4; lastKnownFileType = sourcecode.c.h; path = GKWYMusicFindViewController.h; sourceTree = "<group>"; };
		600EC5AE23065FA600222289 /* GKWYMusicFriendViewController.h */ = {isa = PBXFileReference; fileEncoding = 4; lastKnownFileType = sourcecode.c.h; path = GKWYMusicFriendViewController.h; sourceTree = "<group>"; };
		600EC5AF23065FA600222289 /* GKWYMusicAccountViewController.h */ = {isa = PBXFileReference; fileEncoding = 4; lastKnownFileType = sourcecode.c.h; path = GKWYMusicAccountViewController.h; sourceTree = "<group>"; };
		600EC5B023065FA600222289 /* GKWYMusicDetailViewController.m */ = {isa = PBXFileReference; fileEncoding = 4; lastKnownFileType = sourcecode.c.objc; path = GKWYMusicDetailViewController.m; sourceTree = "<group>"; };
		600EC5B123065FA600222289 /* GKWYMusicFriendViewController.m */ = {isa = PBXFileReference; fileEncoding = 4; lastKnownFileType = sourcecode.c.objc; path = GKWYMusicFriendViewController.m; sourceTree = "<group>"; };
		600EC5B223065FA600222289 /* GKWYMusicFindViewController.m */ = {isa = PBXFileReference; fileEncoding = 4; lastKnownFileType = sourcecode.c.objc; path = GKWYMusicFindViewController.m; sourceTree = "<group>"; };
		600EC5B323065FA600222289 /* GKWYMusicMineViewController.m */ = {isa = PBXFileReference; fileEncoding = 4; lastKnownFileType = sourcecode.c.objc; path = GKWYMusicMineViewController.m; sourceTree = "<group>"; };
		600EC5B423065FA600222289 /* GKWYMusicDetailViewController.h */ = {isa = PBXFileReference; fileEncoding = 4; lastKnownFileType = sourcecode.c.h; path = GKWYMusicDetailViewController.h; sourceTree = "<group>"; };
		600EC5B523065FA600222289 /* GKWYMusicAccountViewController.m */ = {isa = PBXFileReference; fileEncoding = 4; lastKnownFileType = sourcecode.c.objc; path = GKWYMusicAccountViewController.m; sourceTree = "<group>"; };
		600EC5B623065FA600222289 /* GKWYMusicViewController.m */ = {isa = PBXFileReference; fileEncoding = 4; lastKnownFileType = sourcecode.c.objc; path = GKWYMusicViewController.m; sourceTree = "<group>"; };
		600EC5B823065FA600222289 /* GKWYNewsViewController.m */ = {isa = PBXFileReference; fileEncoding = 4; lastKnownFileType = sourcecode.c.objc; path = GKWYNewsViewController.m; sourceTree = "<group>"; };
		600EC5BA23065FA600222289 /* GKWYNewsDetailViewController.h */ = {isa = PBXFileReference; fileEncoding = 4; lastKnownFileType = sourcecode.c.h; path = GKWYNewsDetailViewController.h; sourceTree = "<group>"; };
		600EC5BB23065FA600222289 /* GKWYNewsHomeViewController.m */ = {isa = PBXFileReference; fileEncoding = 4; lastKnownFileType = sourcecode.c.objc; path = GKWYNewsHomeViewController.m; sourceTree = "<group>"; };
		600EC5BC23065FA600222289 /* GKWYNewsNewViewController.m */ = {isa = PBXFileReference; fileEncoding = 4; lastKnownFileType = sourcecode.c.objc; path = GKWYNewsNewViewController.m; sourceTree = "<group>"; };
		600EC5BD23065FA700222289 /* GKWYNewsProfileViewController.m */ = {isa = PBXFileReference; fileEncoding = 4; lastKnownFileType = sourcecode.c.objc; path = GKWYNewsProfileViewController.m; sourceTree = "<group>"; };
		600EC5BE23065FA700222289 /* GKWYNewsVideoViewController.h */ = {isa = PBXFileReference; fileEncoding = 4; lastKnownFileType = sourcecode.c.h; path = GKWYNewsVideoViewController.h; sourceTree = "<group>"; };
		600EC5BF23065FA700222289 /* GKWYNewsCommentViewController.m */ = {isa = PBXFileReference; fileEncoding = 4; lastKnownFileType = sourcecode.c.objc; path = GKWYNewsCommentViewController.m; sourceTree = "<group>"; };
		600EC5C023065FA700222289 /* GKWYNewsLiveViewController.h */ = {isa = PBXFileReference; fileEncoding = 4; lastKnownFileType = sourcecode.c.h; path = GKWYNewsLiveViewController.h; sourceTree = "<group>"; };
		600EC5C123065FA700222289 /* GKWYNewsHomeViewController.h */ = {isa = PBXFileReference; fileEncoding = 4; lastKnownFileType = sourcecode.c.h; path = GKWYNewsHomeViewController.h; sourceTree = "<group>"; };
		600EC5C223065FA700222289 /* GKWYNewsDetailViewController.m */ = {isa = PBXFileReference; fileEncoding = 4; lastKnownFileType = sourcecode.c.objc; path = GKWYNewsDetailViewController.m; sourceTree = "<group>"; };
		600EC5C323065FA700222289 /* GKWYNewsProfileViewController.h */ = {isa = PBXFileReference; fileEncoding = 4; lastKnownFileType = sourcecode.c.h; path = GKWYNewsProfileViewController.h; sourceTree = "<group>"; };
		600EC5C423065FA700222289 /* GKWYNewsNewViewController.h */ = {isa = PBXFileReference; fileEncoding = 4; lastKnownFileType = sourcecode.c.h; path = GKWYNewsNewViewController.h; sourceTree = "<group>"; };
		600EC5C523065FA700222289 /* GKWYNewsCommentViewController.h */ = {isa = PBXFileReference; fileEncoding = 4; lastKnownFileType = sourcecode.c.h; path = GKWYNewsCommentViewController.h; sourceTree = "<group>"; };
		600EC5C623065FA700222289 /* GKWYNewsVideoViewController.m */ = {isa = PBXFileReference; fileEncoding = 4; lastKnownFileType = sourcecode.c.objc; path = GKWYNewsVideoViewController.m; sourceTree = "<group>"; };
		600EC5C723065FA700222289 /* GKWYNewsLiveViewController.m */ = {isa = PBXFileReference; fileEncoding = 4; lastKnownFileType = sourcecode.c.objc; path = GKWYNewsLiveViewController.m; sourceTree = "<group>"; };
		600EC5C823065FA700222289 /* GKWYNewsViewController.h */ = {isa = PBXFileReference; fileEncoding = 4; lastKnownFileType = sourcecode.c.h; path = GKWYNewsViewController.h; sourceTree = "<group>"; };
		600EC5CA23065FA700222289 /* GKToutiaoViewController.m */ = {isa = PBXFileReference; fileEncoding = 4; lastKnownFileType = sourcecode.c.objc; path = GKToutiaoViewController.m; sourceTree = "<group>"; };
		600EC5CC23065FA700222289 /* GKToutiaoMineViewController.m */ = {isa = PBXFileReference; fileEncoding = 4; lastKnownFileType = sourcecode.c.objc; path = GKToutiaoMineViewController.m; sourceTree = "<group>"; };
		600EC5CD23065FA700222289 /* GKToutiaoMicroViewController.h */ = {isa = PBXFileReference; fileEncoding = 4; lastKnownFileType = sourcecode.c.h; path = GKToutiaoMicroViewController.h; sourceTree = "<group>"; };
		600EC5CE23065FA700222289 /* GKToutiaoDetailViewController.m */ = {isa = PBXFileReference; fileEncoding = 4; lastKnownFileType = sourcecode.c.objc; path = GKToutiaoDetailViewController.m; sourceTree = "<group>"; };
		600EC5CF23065FA700222289 /* GKToutiaoVideoViewController.m */ = {isa = PBXFileReference; fileEncoding = 4; lastKnownFileType = sourcecode.c.objc; path = GKToutiaoVideoViewController.m; sourceTree = "<group>"; };
		600EC5D023065FA700222289 /* GKToutiaoHomeViewController.h */ = {isa = PBXFileReference; fileEncoding = 4; lastKnownFileType = sourcecode.c.h; path = GKToutiaoHomeViewController.h; sourceTree = "<group>"; };
		600EC5D123065FA700222289 /* GKToutiaoMicroViewController.m */ = {isa = PBXFileReference; fileEncoding = 4; lastKnownFileType = sourcecode.c.objc; path = GKToutiaoMicroViewController.m; sourceTree = "<group>"; };
		600EC5D223065FA700222289 /* GKToutiaoMineViewController.h */ = {isa = PBXFileReference; fileEncoding = 4; lastKnownFileType = sourcecode.c.h; path = GKToutiaoMineViewController.h; sourceTree = "<group>"; };
		600EC5D323065FA700222289 /* GKToutiaoDetailViewController.h */ = {isa = PBXFileReference; fileEncoding = 4; lastKnownFileType = sourcecode.c.h; path = GKToutiaoDetailViewController.h; sourceTree = "<group>"; };
		600EC5D423065FA700222289 /* GKToutiaoVideoViewController.h */ = {isa = PBXFileReference; fileEncoding = 4; lastKnownFileType = sourcecode.c.h; path = GKToutiaoVideoViewController.h; sourceTree = "<group>"; };
		600EC5D523065FA700222289 /* GKToutiaoHomeViewController.m */ = {isa = PBXFileReference; fileEncoding = 4; lastKnownFileType = sourcecode.c.objc; path = GKToutiaoHomeViewController.m; sourceTree = "<group>"; };
		600EC5D623065FA700222289 /* GKToutiaoViewController.h */ = {isa = PBXFileReference; fileEncoding = 4; lastKnownFileType = sourcecode.c.h; path = GKToutiaoViewController.h; sourceTree = "<group>"; };
		600EC5D823065FA700222289 /* GKDemoBaseViewController.h */ = {isa = PBXFileReference; fileEncoding = 4; lastKnownFileType = sourcecode.c.h; path = GKDemoBaseViewController.h; sourceTree = "<group>"; };
		600EC5D923065FA700222289 /* UIView+Extension.h */ = {isa = PBXFileReference; fileEncoding = 4; lastKnownFileType = sourcecode.c.h; path = "UIView+Extension.h"; sourceTree = "<group>"; };
		600EC5DA23065FA700222289 /* GKTabBaseViewController.m */ = {isa = PBXFileReference; fileEncoding = 4; lastKnownFileType = sourcecode.c.objc; path = GKTabBaseViewController.m; sourceTree = "<group>"; };
		600EC5DB23065FA700222289 /* GKDemoBaseViewController.m */ = {isa = PBXFileReference; fileEncoding = 4; lastKnownFileType = sourcecode.c.objc; path = GKDemoBaseViewController.m; sourceTree = "<group>"; };
		600EC5DC23065FA700222289 /* UIView+Extension.m */ = {isa = PBXFileReference; fileEncoding = 4; lastKnownFileType = sourcecode.c.objc; path = "UIView+Extension.m"; sourceTree = "<group>"; };
		600EC5DD23065FA700222289 /* GKTabBaseViewController.h */ = {isa = PBXFileReference; fileEncoding = 4; lastKnownFileType = sourcecode.c.h; path = GKTabBaseViewController.h; sourceTree = "<group>"; };
		600EC5DF23065FA700222289 /* GKDouyinScrollView.h */ = {isa = PBXFileReference; fileEncoding = 4; lastKnownFileType = sourcecode.c.h; path = GKDouyinScrollView.h; sourceTree = "<group>"; };
		600EC5E023065FA700222289 /* GKDouyinHomeViewController.h */ = {isa = PBXFileReference; fileEncoding = 4; lastKnownFileType = sourcecode.c.h; path = GKDouyinHomeViewController.h; sourceTree = "<group>"; };
		600EC5E123065FA700222289 /* GKDouyinHomeSearchViewController.h */ = {isa = PBXFileReference; fileEncoding = 4; lastKnownFileType = sourcecode.c.h; path = GKDouyinHomeSearchViewController.h; sourceTree = "<group>"; };
		600EC5E223065FA700222289 /* GKDouyinPersonalViewController.h */ = {isa = PBXFileReference; fileEncoding = 4; lastKnownFileType = sourcecode.c.h; path = GKDouyinPersonalViewController.h; sourceTree = "<group>"; };
		600EC5E323065FA700222289 /* GKDouyinHomePlayerViewController.m */ = {isa = PBXFileReference; fileEncoding = 4; lastKnownFileType = sourcecode.c.objc; path = GKDouyinHomePlayerViewController.m; sourceTree = "<group>"; };
		600EC5E423065FA700222289 /* GKDouyinHomeViewController.m */ = {isa = PBXFileReference; fileEncoding = 4; lastKnownFileType = sourcecode.c.objc; path = GKDouyinHomeViewController.m; sourceTree = "<group>"; };
		600EC5E523065FA700222289 /* GKDouyinScrollView.m */ = {isa = PBXFileReference; fileEncoding = 4; lastKnownFileType = sourcecode.c.objc; path = GKDouyinScrollView.m; sourceTree = "<group>"; };
		600EC5E623065FA700222289 /* GKDouyinPersonalViewController.m */ = {isa = PBXFileReference; fileEncoding = 4; lastKnownFileType = sourcecode.c.objc; path = GKDouyinPersonalViewController.m; sourceTree = "<group>"; };
		600EC5E723065FA700222289 /* GKDouyinHomeSearchViewController.m */ = {isa = PBXFileReference; fileEncoding = 4; lastKnownFileType = sourcecode.c.objc; path = GKDouyinHomeSearchViewController.m; sourceTree = "<group>"; };
		600EC5E823065FA700222289 /* GKDouyinHomePlayerViewController.h */ = {isa = PBXFileReference; fileEncoding = 4; lastKnownFileType = sourcecode.c.h; path = GKDouyinHomePlayerViewController.h; sourceTree = "<group>"; };
		600EC5E923065FA700222289 /* GKMainViewController.h */ = {isa = PBXFileReference; fileEncoding = 4; lastKnownFileType = sourcecode.c.h; path = GKMainViewController.h; sourceTree = "<group>"; };
		600EC5EA23065FA700222289 /* GKMainViewController.m */ = {isa = PBXFileReference; fileEncoding = 4; lastKnownFileType = sourcecode.c.objc; path = GKMainViewController.m; sourceTree = "<group>"; };
		600EC5EC23065FA700222289 /* GKTab003ViewController.h */ = {isa = PBXFileReference; fileEncoding = 4; lastKnownFileType = sourcecode.c.h; path = GKTab003ViewController.h; sourceTree = "<group>"; };
		600EC5ED23065FA700222289 /* GKTab002ViewController.h */ = {isa = PBXFileReference; fileEncoding = 4; lastKnownFileType = sourcecode.c.h; path = GKTab002ViewController.h; sourceTree = "<group>"; };
		600EC5EE23065FA700222289 /* GKTab001ViewController.m */ = {isa = PBXFileReference; fileEncoding = 4; lastKnownFileType = sourcecode.c.objc; path = GKTab001ViewController.m; sourceTree = "<group>"; };
		600EC5EF23065FA700222289 /* GKTab003ViewController.m */ = {isa = PBXFileReference; fileEncoding = 4; lastKnownFileType = sourcecode.c.objc; path = GKTab003ViewController.m; sourceTree = "<group>"; };
		600EC5F023065FA700222289 /* GKTab002ViewController.m */ = {isa = PBXFileReference; fileEncoding = 4; lastKnownFileType = sourcecode.c.objc; path = GKTab002ViewController.m; sourceTree = "<group>"; };
		600EC5F123065FA700222289 /* GKTab001ViewController.h */ = {isa = PBXFileReference; fileEncoding = 4; lastKnownFileType = sourcecode.c.h; path = GKTab001ViewController.h; sourceTree = "<group>"; };
		600EC5F323065FA700222289 /* GKDemo010ViewController.m */ = {isa = PBXFileReference; fileEncoding = 4; lastKnownFileType = sourcecode.c.objc; path = GKDemo010ViewController.m; sourceTree = "<group>"; };
		600EC5F423065FA700222289 /* GKDemo009ViewController.m */ = {isa = PBXFileReference; fileEncoding = 4; lastKnownFileType = sourcecode.c.objc; path = GKDemo009ViewController.m; sourceTree = "<group>"; };
		600EC5F523065FA700222289 /* GKDemo006ViewController.m */ = {isa = PBXFileReference; fileEncoding = 4; lastKnownFileType = sourcecode.c.objc; path = GKDemo006ViewController.m; sourceTree = "<group>"; };
		600EC5F623065FA700222289 /* GKDemo002ViewController.h */ = {isa = PBXFileReference; fileEncoding = 4; lastKnownFileType = sourcecode.c.h; path = GKDemo002ViewController.h; sourceTree = "<group>"; };
		600EC5F723065FA700222289 /* GKDemo005ViewController.h */ = {isa = PBXFileReference; fileEncoding = 4; lastKnownFileType = sourcecode.c.h; path = GKDemo005ViewController.h; sourceTree = "<group>"; };
		600EC5F823065FA700222289 /* GKDemo001ViewController.m */ = {isa = PBXFileReference; fileEncoding = 4; lastKnownFileType = sourcecode.c.objc; path = GKDemo001ViewController.m; sourceTree = "<group>"; };
		600EC5F923065FA700222289 /* GKDemo004ViewController.h */ = {isa = PBXFileReference; fileEncoding = 4; lastKnownFileType = sourcecode.c.h; path = GKDemo004ViewController.h; sourceTree = "<group>"; };
		600EC5FA23065FA700222289 /* GKDemo012ViewController.h */ = {isa = PBXFileReference; fileEncoding = 4; lastKnownFileType = sourcecode.c.h; path = GKDemo012ViewController.h; sourceTree = "<group>"; };
		600EC5FB23065FA700222289 /* GKDemo011ViewController.m */ = {isa = PBXFileReference; fileEncoding = 4; lastKnownFileType = sourcecode.c.objc; path = GKDemo011ViewController.m; sourceTree = "<group>"; };
		600EC5FC23065FA700222289 /* GKDemo008ViewController.m */ = {isa = PBXFileReference; fileEncoding = 4; lastKnownFileType = sourcecode.c.objc; path = GKDemo008ViewController.m; sourceTree = "<group>"; };
		600EC5FE23065FA700222289 /* GKDemo007ViewController.m */ = {isa = PBXFileReference; fileEncoding = 4; lastKnownFileType = sourcecode.c.objc; path = GKDemo007ViewController.m; sourceTree = "<group>"; };
		600EC5FF23065FA700222289 /* GKDemo003ViewController.h */ = {isa = PBXFileReference; fileEncoding = 4; lastKnownFileType = sourcecode.c.h; path = GKDemo003ViewController.h; sourceTree = "<group>"; };
		600EC60023065FA700222289 /* GKDemo002ViewController.m */ = {isa = PBXFileReference; fileEncoding = 4; lastKnownFileType = sourcecode.c.objc; path = GKDemo002ViewController.m; sourceTree = "<group>"; };
		600EC60123065FA700222289 /* GKDemo006ViewController.h */ = {isa = PBXFileReference; fileEncoding = 4; lastKnownFileType = sourcecode.c.h; path = GKDemo006ViewController.h; sourceTree = "<group>"; };
		600EC60223065FA700222289 /* GKDemo009ViewController.h */ = {isa = PBXFileReference; fileEncoding = 4; lastKnownFileType = sourcecode.c.h; path = GKDemo009ViewController.h; sourceTree = "<group>"; };
		600EC60323065FA700222289 /* GKDemo010ViewController.h */ = {isa = PBXFileReference; fileEncoding = 4; lastKnownFileType = sourcecode.c.h; path = GKDemo010ViewController.h; sourceTree = "<group>"; };
		600EC60423065FA700222289 /* GKDemo001ViewController.h */ = {isa = PBXFileReference; fileEncoding = 4; lastKnownFileType = sourcecode.c.h; path = GKDemo001ViewController.h; sourceTree = "<group>"; };
		600EC60523065FA700222289 /* GKDemo005ViewController.m */ = {isa = PBXFileReference; fileEncoding = 4; lastKnownFileType = sourcecode.c.objc; path = GKDemo005ViewController.m; sourceTree = "<group>"; };
		600EC60623065FA700222289 /* GKDemo012ViewController.m */ = {isa = PBXFileReference; fileEncoding = 4; lastKnownFileType = sourcecode.c.objc; path = GKDemo012ViewController.m; sourceTree = "<group>"; };
		600EC60723065FA700222289 /* GKDemo004ViewController.m */ = {isa = PBXFileReference; fileEncoding = 4; lastKnownFileType = sourcecode.c.objc; path = GKDemo004ViewController.m; sourceTree = "<group>"; };
		600EC60823065FA700222289 /* GKDemo003ViewController.m */ = {isa = PBXFileReference; fileEncoding = 4; lastKnownFileType = sourcecode.c.objc; path = GKDemo003ViewController.m; sourceTree = "<group>"; };
		600EC60923065FA700222289 /* GKDemo007ViewController.h */ = {isa = PBXFileReference; fileEncoding = 4; lastKnownFileType = sourcecode.c.h; path = GKDemo007ViewController.h; sourceTree = "<group>"; };
		600EC60A23065FA700222289 /* GKDemo008ViewController.h */ = {isa = PBXFileReference; fileEncoding = 4; lastKnownFileType = sourcecode.c.h; path = GKDemo008ViewController.h; sourceTree = "<group>"; };
		600EC60B23065FA700222289 /* GKDemo011ViewController.h */ = {isa = PBXFileReference; fileEncoding = 4; lastKnownFileType = sourcecode.c.h; path = GKDemo011ViewController.h; sourceTree = "<group>"; };
		600EC66523067CD000222289 /* PrefixHeader.pch */ = {isa = PBXFileReference; fileEncoding = 4; lastKnownFileType = sourcecode.c.h; path = PrefixHeader.pch; sourceTree = "<group>"; };
		600EC6B623067F5400222289 /* GKPushTransitionAnimation.m */ = {isa = PBXFileReference; fileEncoding = 4; lastKnownFileType = sourcecode.c.objc; path = GKPushTransitionAnimation.m; sourceTree = "<group>"; };
		600EC6B723067F5400222289 /* GKDelegateHandler.m */ = {isa = PBXFileReference; fileEncoding = 4; lastKnownFileType = sourcecode.c.objc; path = GKDelegateHandler.m; sourceTree = "<group>"; };
		600EC6B823067F5400222289 /* GKPopTransitionAnimation.m */ = {isa = PBXFileReference; fileEncoding = 4; lastKnownFileType = sourcecode.c.objc; path = GKPopTransitionAnimation.m; sourceTree = "<group>"; };
		600EC6B923067F5400222289 /* GKBaseTransitionAnimation.m */ = {isa = PBXFileReference; fileEncoding = 4; lastKnownFileType = sourcecode.c.objc; path = GKBaseTransitionAnimation.m; sourceTree = "<group>"; };
		600EC6BA23067F5400222289 /* GKPushTransitionAnimation.h */ = {isa = PBXFileReference; fileEncoding = 4; lastKnownFileType = sourcecode.c.h; path = GKPushTransitionAnimation.h; sourceTree = "<group>"; };
		600EC6BB23067F5400222289 /* GKDelegateHandler.h */ = {isa = PBXFileReference; fileEncoding = 4; lastKnownFileType = sourcecode.c.h; path = GKDelegateHandler.h; sourceTree = "<group>"; };
		600EC6BC23067F5400222289 /* GKPopTransitionAnimation.h */ = {isa = PBXFileReference; fileEncoding = 4; lastKnownFileType = sourcecode.c.h; path = GKPopTransitionAnimation.h; sourceTree = "<group>"; };
		600EC6BD23067F5400222289 /* GKBaseTransitionAnimation.h */ = {isa = PBXFileReference; fileEncoding = 4; lastKnownFileType = sourcecode.c.h; path = GKBaseTransitionAnimation.h; sourceTree = "<group>"; };
		600EC6BF23067F5400222289 /* UINavigationController+GKCategory.m */ = {isa = PBXFileReference; fileEncoding = 4; lastKnownFileType = sourcecode.c.objc; path = "UINavigationController+GKCategory.m"; sourceTree = "<group>"; };
		600EC6C123067F5400222289 /* UINavigationItem+GKCategory.h */ = {isa = PBXFileReference; fileEncoding = 4; lastKnownFileType = sourcecode.c.h; path = "UINavigationItem+GKCategory.h"; sourceTree = "<group>"; };
		600EC6C223067F5400222289 /* UIBarButtonItem+GKCategory.m */ = {isa = PBXFileReference; fileEncoding = 4; lastKnownFileType = sourcecode.c.objc; path = "UIBarButtonItem+GKCategory.m"; sourceTree = "<group>"; };
		600EC6C323067F5400222289 /* UIViewController+GKCategory.h */ = {isa = PBXFileReference; fileEncoding = 4; lastKnownFileType = sourcecode.c.h; path = "UIViewController+GKCategory.h"; sourceTree = "<group>"; };
		600EC6C423067F5400222289 /* UIScrollView+GKCategory.m */ = {isa = PBXFileReference; fileEncoding = 4; lastKnownFileType = sourcecode.c.objc; path = "UIScrollView+GKCategory.m"; sourceTree = "<group>"; };
		600EC6C523067F5400222289 /* GKCategory.h */ = {isa = PBXFileReference; fileEncoding = 4; lastKnownFileType = sourcecode.c.h; path = GKCategory.h; sourceTree = "<group>"; };
		600EC6C723067F5400222289 /* UINavigationItem+GKCategory.m */ = {isa = PBXFileReference; fileEncoding = 4; lastKnownFileType = sourcecode.c.objc; path = "UINavigationItem+GKCategory.m"; sourceTree = "<group>"; };
		600EC6C823067F5400222289 /* UINavigationController+GKCategory.h */ = {isa = PBXFileReference; fileEncoding = 4; lastKnownFileType = sourcecode.c.h; path = "UINavigationController+GKCategory.h"; sourceTree = "<group>"; };
		600EC6C923067F5400222289 /* UIBarButtonItem+GKCategory.h */ = {isa = PBXFileReference; fileEncoding = 4; lastKnownFileType = sourcecode.c.h; path = "UIBarButtonItem+GKCategory.h"; sourceTree = "<group>"; };
		600EC6CA23067F5400222289 /* UIScrollView+GKCategory.h */ = {isa = PBXFileReference; fileEncoding = 4; lastKnownFileType = sourcecode.c.h; path = "UIScrollView+GKCategory.h"; sourceTree = "<group>"; };
		600EC6CB23067F5400222289 /* UIViewController+GKCategory.m */ = {isa = PBXFileReference; fileEncoding = 4; lastKnownFileType = sourcecode.c.objc; path = "UIViewController+GKCategory.m"; sourceTree = "<group>"; };
		600EC6CC23067F5400222289 /* GKNavigationBarViewController.h */ = {isa = PBXFileReference; fileEncoding = 4; lastKnownFileType = sourcecode.c.h; path = GKNavigationBarViewController.h; sourceTree = "<group>"; };
		600EC6CD23067F5400222289 /* GKNavigationBarConfigure.h */ = {isa = PBXFileReference; fileEncoding = 4; lastKnownFileType = sourcecode.c.h; path = GKNavigationBarConfigure.h; sourceTree = "<group>"; };
		600EC6CE23067F5400222289 /* GKNavigationBar.m */ = {isa = PBXFileReference; fileEncoding = 4; lastKnownFileType = sourcecode.c.objc; path = GKNavigationBar.m; sourceTree = "<group>"; };
		600EC6CF23067F5400222289 /* GKNavigationBarViewController.bundle */ = {isa = PBXFileReference; lastKnownFileType = "wrapper.plug-in"; path = GKNavigationBarViewController.bundle; sourceTree = "<group>"; };
		600EC6D023067F5400222289 /* GKNavigationBarViewController.m */ = {isa = PBXFileReference; fileEncoding = 4; lastKnownFileType = sourcecode.c.objc; path = GKNavigationBarViewController.m; sourceTree = "<group>"; };
		600EC6D123067F5400222289 /* GKCommon.h */ = {isa = PBXFileReference; fileEncoding = 4; lastKnownFileType = sourcecode.c.h; path = GKCommon.h; sourceTree = "<group>"; };
		600EC6D223067F5400222289 /* GKNavigationBar.h */ = {isa = PBXFileReference; fileEncoding = 4; lastKnownFileType = sourcecode.c.h; path = GKNavigationBar.h; sourceTree = "<group>"; };
		600EC6D323067F5400222289 /* GKNavigationBarConfigure.m */ = {isa = PBXFileReference; fileEncoding = 4; lastKnownFileType = sourcecode.c.objc; path = GKNavigationBarConfigure.m; sourceTree = "<group>"; };
		600EC6E223067F6700222289 /* GKNavigationBarViewController.podspec */ = {isa = PBXFileReference; fileEncoding = 4; lastKnownFileType = text; name = GKNavigationBarViewController.podspec; path = ../../GKNavigationBarViewController.podspec; sourceTree = "<group>"; };
		600EC6E323067F6800222289 /* README.md */ = {isa = PBXFileReference; fileEncoding = 4; lastKnownFileType = net.daringfireball.markdown; name = README.md; path = ../../README.md; sourceTree = "<group>"; };
		60116319236FF52900622897 /* UIImage+GKCategory.h */ = {isa = PBXFileReference; fileEncoding = 4; lastKnownFileType = sourcecode.c.h; path = "UIImage+GKCategory.h"; sourceTree = "<group>"; };
		6011631A236FF52900622897 /* UIImage+GKCategory.m */ = {isa = PBXFileReference; fileEncoding = 4; lastKnownFileType = sourcecode.c.objc; path = "UIImage+GKCategory.m"; sourceTree = "<group>"; };
		60180AB323585A7500C48293 /* GKNavigationBarViewController.framework */ = {isa = PBXFileReference; explicitFileType = wrapper.framework; includeInIndex = 0; path = GKNavigationBarViewController.framework; sourceTree = BUILT_PRODUCTS_DIR; };
		60180AB623585A7500C48293 /* Info.plist */ = {isa = PBXFileReference; lastKnownFileType = text.plist.xml; path = Info.plist; sourceTree = "<group>"; };
		60180B332358669300C48293 /* .travis.yml */ = {isa = PBXFileReference; fileEncoding = 4; lastKnownFileType = text.yaml; name = .travis.yml; path = ../../.travis.yml; sourceTree = "<group>"; };
		603C8EDE234ED0A2001B4C3C /* GKDemo013ViewController.h */ = {isa = PBXFileReference; lastKnownFileType = sourcecode.c.h; path = GKDemo013ViewController.h; sourceTree = "<group>"; };
		603C8EDF234ED0A2001B4C3C /* GKDemo013ViewController.m */ = {isa = PBXFileReference; lastKnownFileType = sourcecode.c.objc; path = GKDemo013ViewController.m; sourceTree = "<group>"; };
		603C8EE1234ED4ED001B4C3C /* GKPushTab001ViewController.h */ = {isa = PBXFileReference; lastKnownFileType = sourcecode.c.h; path = GKPushTab001ViewController.h; sourceTree = "<group>"; };
		603C8EE2234ED4ED001B4C3C /* GKPushTab001ViewController.m */ = {isa = PBXFileReference; lastKnownFileType = sourcecode.c.objc; path = GKPushTab001ViewController.m; sourceTree = "<group>"; };
		603C8EE4234ED4F7001B4C3C /* GKPushTab002ViewController.h */ = {isa = PBXFileReference; lastKnownFileType = sourcecode.c.h; path = GKPushTab002ViewController.h; sourceTree = "<group>"; };
		603C8EE5234ED4F7001B4C3C /* GKPushTab002ViewController.m */ = {isa = PBXFileReference; lastKnownFileType = sourcecode.c.objc; path = GKPushTab002ViewController.m; sourceTree = "<group>"; };
		603C8EEA234ED5F7001B4C3C /* GKDemo013PushViewController.h */ = {isa = PBXFileReference; lastKnownFileType = sourcecode.c.h; path = GKDemo013PushViewController.h; sourceTree = "<group>"; };
		603C8EEB234ED5F7001B4C3C /* GKDemo013PushViewController.m */ = {isa = PBXFileReference; lastKnownFileType = sourcecode.c.objc; path = GKDemo013PushViewController.m; sourceTree = "<group>"; };
		656BD2E20F7FF5D6C823AB90 /* Pods-GKNavigationBarViewControllerDemo.release.xcconfig */ = {isa = PBXFileReference; includeInIndex = 1; lastKnownFileType = text.xcconfig; name = "Pods-GKNavigationBarViewControllerDemo.release.xcconfig"; path = "Target Support Files/Pods-GKNavigationBarViewControllerDemo/Pods-GKNavigationBarViewControllerDemo.release.xcconfig"; sourceTree = "<group>"; };
		793A13CC234B1B380085DF82 /* UIViewController+FullScreen.h */ = {isa = PBXFileReference; lastKnownFileType = sourcecode.c.h; path = "UIViewController+FullScreen.h"; sourceTree = "<group>"; };
		793A13CD234B1B380085DF82 /* UIViewController+FullScreen.m */ = {isa = PBXFileReference; lastKnownFileType = sourcecode.c.objc; path = "UIViewController+FullScreen.m"; sourceTree = "<group>"; };
		CC3617061D50CAD65A453EBD /* Pods_GKNavigationBarViewControllerDemo.framework */ = {isa = PBXFileReference; explicitFileType = wrapper.framework; includeInIndex = 0; path = Pods_GKNavigationBarViewControllerDemo.framework; sourceTree = BUILT_PRODUCTS_DIR; };
/* End PBXFileReference section */

/* Begin PBXFrameworksBuildPhase section */
		600EC5502306588500222289 /* Frameworks */ = {
			isa = PBXFrameworksBuildPhase;
			buildActionMask = 2147483647;
			files = (
				8DF46E5B66130A8189FB62B1 /* Pods_GKNavigationBarViewControllerDemo.framework in Frameworks */,
			);
			runOnlyForDeploymentPostprocessing = 0;
		};
		600EC5682306588700222289 /* Frameworks */ = {
			isa = PBXFrameworksBuildPhase;
			buildActionMask = 2147483647;
			files = (
			);
			runOnlyForDeploymentPostprocessing = 0;
		};
		60180AB023585A7500C48293 /* Frameworks */ = {
			isa = PBXFrameworksBuildPhase;
			buildActionMask = 2147483647;
			files = (
			);
			runOnlyForDeploymentPostprocessing = 0;
		};
/* End PBXFrameworksBuildPhase section */

/* Begin PBXGroup section */
		30E1A9D7D3EF8017B0875C3F /* Pods */ = {
			isa = PBXGroup;
			children = (
				269F61B4ACDBF25AE775D67A /* Pods-GKNavigationBarViewControllerDemo.debug.xcconfig */,
				656BD2E20F7FF5D6C823AB90 /* Pods-GKNavigationBarViewControllerDemo.release.xcconfig */,
			);
			path = Pods;
			sourceTree = "<group>";
		};
		600EC54A2306588500222289 = {
			isa = PBXGroup;
			children = (
				600EC5552306588500222289 /* GKNavigationBarViewControllerDemo */,
				600EC56E2306588700222289 /* GKNavigationBarViewControllerDemoTests */,
				60180AB423585A7500C48293 /* GKNavigationBarViewControllerFramework */,
				600EC5542306588500222289 /* Products */,
				30E1A9D7D3EF8017B0875C3F /* Pods */,
				D7F64A91D4217D7E5C3F0E36 /* Frameworks */,
			);
			sourceTree = "<group>";
		};
		600EC5542306588500222289 /* Products */ = {
			isa = PBXGroup;
			children = (
				600EC5532306588500222289 /* GKNavigationBarViewControllerDemo.app */,
				600EC56B2306588700222289 /* GKNavigationBarViewControllerDemoTests.xctest */,
				60180AB323585A7500C48293 /* GKNavigationBarViewController.framework */,
			);
			name = Products;
			sourceTree = "<group>";
		};
		600EC5552306588500222289 /* GKNavigationBarViewControllerDemo */ = {
			isa = PBXGroup;
			children = (
				600EC6B423067F5300222289 /* GKNavigationBarViewController */,
				600EC5A823065F8800222289 /* Classes */,
				600EC5562306588500222289 /* AppDelegate.h */,
				600EC5572306588500222289 /* AppDelegate.m */,
				600EC55F2306588700222289 /* Assets.xcassets */,
				600EC5612306588700222289 /* LaunchScreen.storyboard */,
				600EC5642306588700222289 /* Info.plist */,
				600EC5652306588700222289 /* main.m */,
				600EC66523067CD000222289 /* PrefixHeader.pch */,
				600EC6E323067F6800222289 /* README.md */,
				600EC6E223067F6700222289 /* GKNavigationBarViewController.podspec */,
				60180B332358669300C48293 /* .travis.yml */,
			);
			path = GKNavigationBarViewControllerDemo;
			sourceTree = "<group>";
		};
		600EC56E2306588700222289 /* GKNavigationBarViewControllerDemoTests */ = {
			isa = PBXGroup;
			children = (
				600EC56F2306588700222289 /* GKNavigationBarViewControllerDemoTests.m */,
				600EC5712306588700222289 /* Info.plist */,
			);
			path = GKNavigationBarViewControllerDemoTests;
			sourceTree = "<group>";
		};
		600EC5A823065F8800222289 /* Classes */ = {
			isa = PBXGroup;
			children = (
				600EC5E923065FA700222289 /* GKMainViewController.h */,
				600EC5EA23065FA700222289 /* GKMainViewController.m */,
				793A13CC234B1B380085DF82 /* UIViewController+FullScreen.h */,
				793A13CD234B1B380085DF82 /* UIViewController+FullScreen.m */,
				600EC5D723065FA700222289 /* BaseVC */,
				600EC5EB23065FA700222289 /* TabVC */,
				600EC5DE23065FA700222289 /* 抖音 */,
				600EC5C923065FA700222289 /* 今日头条 */,
				600EC5A923065FA600222289 /* 网易云音乐 */,
				600EC5B723065FA600222289 /* 网易新闻 */,
				600EC5F223065FA700222289 /* DemoVC */,
			);
			path = Classes;
			sourceTree = "<group>";
		};
		600EC5A923065FA600222289 /* 网易云音乐 */ = {
			isa = PBXGroup;
			children = (
				600EC5AA23065FA600222289 /* GKWYMusicViewController.h */,
				600EC5AB23065FA600222289 /* tab */,
				600EC5B623065FA600222289 /* GKWYMusicViewController.m */,
			);
			path = "网易云音乐";
			sourceTree = "<group>";
		};
		600EC5AB23065FA600222289 /* tab */ = {
			isa = PBXGroup;
			children = (
				600EC5AC23065FA600222289 /* GKWYMusicMineViewController.h */,
				600EC5AD23065FA600222289 /* GKWYMusicFindViewController.h */,
				600EC5AE23065FA600222289 /* GKWYMusicFriendViewController.h */,
				600EC5AF23065FA600222289 /* GKWYMusicAccountViewController.h */,
				600EC5B023065FA600222289 /* GKWYMusicDetailViewController.m */,
				600EC5B123065FA600222289 /* GKWYMusicFriendViewController.m */,
				600EC5B223065FA600222289 /* GKWYMusicFindViewController.m */,
				600EC5B323065FA600222289 /* GKWYMusicMineViewController.m */,
				600EC5B423065FA600222289 /* GKWYMusicDetailViewController.h */,
				600EC5B523065FA600222289 /* GKWYMusicAccountViewController.m */,
			);
			path = tab;
			sourceTree = "<group>";
		};
		600EC5B723065FA600222289 /* 网易新闻 */ = {
			isa = PBXGroup;
			children = (
				600EC5B823065FA600222289 /* GKWYNewsViewController.m */,
				600EC5B923065FA600222289 /* tab */,
				600EC5C823065FA700222289 /* GKWYNewsViewController.h */,
			);
			path = "网易新闻";
			sourceTree = "<group>";
		};
		600EC5B923065FA600222289 /* tab */ = {
			isa = PBXGroup;
			children = (
				600EC5BA23065FA600222289 /* GKWYNewsDetailViewController.h */,
				600EC5BB23065FA600222289 /* GKWYNewsHomeViewController.m */,
				600EC5BC23065FA600222289 /* GKWYNewsNewViewController.m */,
				600EC5BD23065FA700222289 /* GKWYNewsProfileViewController.m */,
				600EC5BE23065FA700222289 /* GKWYNewsVideoViewController.h */,
				600EC5BF23065FA700222289 /* GKWYNewsCommentViewController.m */,
				600EC5C023065FA700222289 /* GKWYNewsLiveViewController.h */,
				600EC5C123065FA700222289 /* GKWYNewsHomeViewController.h */,
				600EC5C223065FA700222289 /* GKWYNewsDetailViewController.m */,
				600EC5C323065FA700222289 /* GKWYNewsProfileViewController.h */,
				600EC5C423065FA700222289 /* GKWYNewsNewViewController.h */,
				600EC5C523065FA700222289 /* GKWYNewsCommentViewController.h */,
				600EC5C623065FA700222289 /* GKWYNewsVideoViewController.m */,
				600EC5C723065FA700222289 /* GKWYNewsLiveViewController.m */,
			);
			path = tab;
			sourceTree = "<group>";
		};
		600EC5C923065FA700222289 /* 今日头条 */ = {
			isa = PBXGroup;
			children = (
				600EC5CB23065FA700222289 /* tab */,
				600EC5D623065FA700222289 /* GKToutiaoViewController.h */,
				600EC5CA23065FA700222289 /* GKToutiaoViewController.m */,
			);
			path = "今日头条";
			sourceTree = "<group>";
		};
		600EC5CB23065FA700222289 /* tab */ = {
			isa = PBXGroup;
			children = (
				600EC5D023065FA700222289 /* GKToutiaoHomeViewController.h */,
				600EC5D523065FA700222289 /* GKToutiaoHomeViewController.m */,
				600EC5D423065FA700222289 /* GKToutiaoVideoViewController.h */,
				600EC5CF23065FA700222289 /* GKToutiaoVideoViewController.m */,
				600EC5CD23065FA700222289 /* GKToutiaoMicroViewController.h */,
				600EC5D123065FA700222289 /* GKToutiaoMicroViewController.m */,
				600EC5D323065FA700222289 /* GKToutiaoDetailViewController.h */,
				600EC5CE23065FA700222289 /* GKToutiaoDetailViewController.m */,
				600EC5D223065FA700222289 /* GKToutiaoMineViewController.h */,
				600EC5CC23065FA700222289 /* GKToutiaoMineViewController.m */,
			);
			path = tab;
			sourceTree = "<group>";
		};
		600EC5D723065FA700222289 /* BaseVC */ = {
			isa = PBXGroup;
			children = (
				600EC5D823065FA700222289 /* GKDemoBaseViewController.h */,
				600EC5DB23065FA700222289 /* GKDemoBaseViewController.m */,
				600EC5DD23065FA700222289 /* GKTabBaseViewController.h */,
				600EC5DA23065FA700222289 /* GKTabBaseViewController.m */,
				600EC5D923065FA700222289 /* UIView+Extension.h */,
				600EC5DC23065FA700222289 /* UIView+Extension.m */,
			);
			path = BaseVC;
			sourceTree = "<group>";
		};
		600EC5DE23065FA700222289 /* 抖音 */ = {
			isa = PBXGroup;
			children = (
				600EC5DF23065FA700222289 /* GKDouyinScrollView.h */,
				600EC5E023065FA700222289 /* GKDouyinHomeViewController.h */,
				600EC5E123065FA700222289 /* GKDouyinHomeSearchViewController.h */,
				600EC5E223065FA700222289 /* GKDouyinPersonalViewController.h */,
				600EC5E323065FA700222289 /* GKDouyinHomePlayerViewController.m */,
				600EC5E423065FA700222289 /* GKDouyinHomeViewController.m */,
				600EC5E523065FA700222289 /* GKDouyinScrollView.m */,
				600EC5E623065FA700222289 /* GKDouyinPersonalViewController.m */,
				600EC5E723065FA700222289 /* GKDouyinHomeSearchViewController.m */,
				600EC5E823065FA700222289 /* GKDouyinHomePlayerViewController.h */,
			);
			path = "抖音";
			sourceTree = "<group>";
		};
		600EC5EB23065FA700222289 /* TabVC */ = {
			isa = PBXGroup;
			children = (
				600EC5F123065FA700222289 /* GKTab001ViewController.h */,
				600EC5EE23065FA700222289 /* GKTab001ViewController.m */,
				600EC5ED23065FA700222289 /* GKTab002ViewController.h */,
				600EC5F023065FA700222289 /* GKTab002ViewController.m */,
				600EC5EC23065FA700222289 /* GKTab003ViewController.h */,
				600EC5EF23065FA700222289 /* GKTab003ViewController.m */,
				603C8EE1234ED4ED001B4C3C /* GKPushTab001ViewController.h */,
				603C8EE2234ED4ED001B4C3C /* GKPushTab001ViewController.m */,
				603C8EE4234ED4F7001B4C3C /* GKPushTab002ViewController.h */,
				603C8EE5234ED4F7001B4C3C /* GKPushTab002ViewController.m */,
			);
			path = TabVC;
			sourceTree = "<group>";
		};
		600EC5F223065FA700222289 /* DemoVC */ = {
			isa = PBXGroup;
			children = (
				600EC60423065FA700222289 /* GKDemo001ViewController.h */,
				600EC5F823065FA700222289 /* GKDemo001ViewController.m */,
				600EC5F623065FA700222289 /* GKDemo002ViewController.h */,
				600EC60023065FA700222289 /* GKDemo002ViewController.m */,
				600EC5FF23065FA700222289 /* GKDemo003ViewController.h */,
				600EC60823065FA700222289 /* GKDemo003ViewController.m */,
				600EC5F923065FA700222289 /* GKDemo004ViewController.h */,
				600EC60723065FA700222289 /* GKDemo004ViewController.m */,
				600EC5F723065FA700222289 /* GKDemo005ViewController.h */,
				600EC60523065FA700222289 /* GKDemo005ViewController.m */,
				600EC60123065FA700222289 /* GKDemo006ViewController.h */,
				600EC5F523065FA700222289 /* GKDemo006ViewController.m */,
				600EC60923065FA700222289 /* GKDemo007ViewController.h */,
				600EC5FE23065FA700222289 /* GKDemo007ViewController.m */,
				600EC60A23065FA700222289 /* GKDemo008ViewController.h */,
				600EC5FC23065FA700222289 /* GKDemo008ViewController.m */,
				600EC60223065FA700222289 /* GKDemo009ViewController.h */,
				600EC5F423065FA700222289 /* GKDemo009ViewController.m */,
				600EC60323065FA700222289 /* GKDemo010ViewController.h */,
				600EC5F323065FA700222289 /* GKDemo010ViewController.m */,
				600EC60B23065FA700222289 /* GKDemo011ViewController.h */,
				600EC5FB23065FA700222289 /* GKDemo011ViewController.m */,
				600EC5FA23065FA700222289 /* GKDemo012ViewController.h */,
				600EC60623065FA700222289 /* GKDemo012ViewController.m */,
				603C8EDE234ED0A2001B4C3C /* GKDemo013ViewController.h */,
				603C8EDF234ED0A2001B4C3C /* GKDemo013ViewController.m */,
				603C8EEA234ED5F7001B4C3C /* GKDemo013PushViewController.h */,
				603C8EEB234ED5F7001B4C3C /* GKDemo013PushViewController.m */,
			);
			path = DemoVC;
			sourceTree = "<group>";
		};
		600EC6B423067F5300222289 /* GKNavigationBarViewController */ = {
			isa = PBXGroup;
			children = (
				600EC6CC23067F5400222289 /* GKNavigationBarViewController.h */,
				600EC6D023067F5400222289 /* GKNavigationBarViewController.m */,
				602ED48023B1FEE6006696C6 /* GKConfigure */,
				600EC6B523067F5400222289 /* GKTransition */,
				600EC6BE23067F5400222289 /* GKCategory */,
				600EC6CF23067F5400222289 /* GKNavigationBarViewController.bundle */,
			);
			name = GKNavigationBarViewController;
			path = ../../GKNavigationBarViewController;
			sourceTree = "<group>";
		};
		600EC6B523067F5400222289 /* GKTransition */ = {
			isa = PBXGroup;
			children = (
				600EC6BB23067F5400222289 /* GKDelegateHandler.h */,
				600EC6B723067F5400222289 /* GKDelegateHandler.m */,
				600EC6BA23067F5400222289 /* GKPushTransitionAnimation.h */,
				600EC6B623067F5400222289 /* GKPushTransitionAnimation.m */,
				600EC6BC23067F5400222289 /* GKPopTransitionAnimation.h */,
				600EC6B823067F5400222289 /* GKPopTransitionAnimation.m */,
				600EC6BD23067F5400222289 /* GKBaseTransitionAnimation.h */,
				600EC6B923067F5400222289 /* GKBaseTransitionAnimation.m */,
			);
			path = GKTransition;
			sourceTree = "<group>";
		};
		600EC6BE23067F5400222289 /* GKCategory */ = {
			isa = PBXGroup;
			children = (
				600EC6C523067F5400222289 /* GKCategory.h */,
				600EC6C323067F5400222289 /* UIViewController+GKCategory.h */,
				600EC6CB23067F5400222289 /* UIViewController+GKCategory.m */,
				600EC6C823067F5400222289 /* UINavigationController+GKCategory.h */,
				600EC6BF23067F5400222289 /* UINavigationController+GKCategory.m */,
				600EC6C123067F5400222289 /* UINavigationItem+GKCategory.h */,
				600EC6C723067F5400222289 /* UINavigationItem+GKCategory.m */,
				600EC6C923067F5400222289 /* UIBarButtonItem+GKCategory.h */,
				600EC6C223067F5400222289 /* UIBarButtonItem+GKCategory.m */,
				600EC6CA23067F5400222289 /* UIScrollView+GKCategory.h */,
				600EC6C423067F5400222289 /* UIScrollView+GKCategory.m */,
				60116319236FF52900622897 /* UIImage+GKCategory.h */,
				6011631A236FF52900622897 /* UIImage+GKCategory.m */,
			);
			path = GKCategory;
			sourceTree = "<group>";
		};
		60180AB423585A7500C48293 /* GKNavigationBarViewControllerFramework */ = {
			isa = PBXGroup;
			children = (
				60180AB623585A7500C48293 /* Info.plist */,
			);
			path = GKNavigationBarViewControllerFramework;
			sourceTree = "<group>";
		};
		602ED48023B1FEE6006696C6 /* GKConfigure */ = {
			isa = PBXGroup;
			children = (
				600EC6D123067F5400222289 /* GKCommon.h */,
				600EC6D223067F5400222289 /* GKNavigationBar.h */,
				600EC6CE23067F5400222289 /* GKNavigationBar.m */,
				600EC6CD23067F5400222289 /* GKNavigationBarConfigure.h */,
				600EC6D323067F5400222289 /* GKNavigationBarConfigure.m */,
			);
			path = GKConfigure;
			sourceTree = "<group>";
		};
		D7F64A91D4217D7E5C3F0E36 /* Frameworks */ = {
			isa = PBXGroup;
			children = (
				CC3617061D50CAD65A453EBD /* Pods_GKNavigationBarViewControllerDemo.framework */,
			);
			name = Frameworks;
			sourceTree = "<group>";
		};
/* End PBXGroup section */

/* Begin PBXHeadersBuildPhase section */
		60180AAE23585A7500C48293 /* Headers */ = {
			isa = PBXHeadersBuildPhase;
			buildActionMask = 2147483647;
			files = (
				60180AE023585BF500C48293 /* GKDelegateHandler.h in Headers */,
				60180AE123585BF500C48293 /* GKPushTransitionAnimation.h in Headers */,
				60180AE223585BF500C48293 /* GKPopTransitionAnimation.h in Headers */,
				60180AE323585BF500C48293 /* GKBaseTransitionAnimation.h in Headers */,
				60180AE523585BF500C48293 /* GKCategory.h in Headers */,
				60180AE623585BF500C48293 /* UIScrollView+GKCategory.h in Headers */,
				60180AE723585BF500C48293 /* UIBarButtonItem+GKCategory.h in Headers */,
				60180AE823585BF500C48293 /* UINavigationItem+GKCategory.h in Headers */,
				60180AE923585BF500C48293 /* UINavigationController+GKCategory.h in Headers */,
				60180AEB23585BF500C48293 /* UIViewController+GKCategory.h in Headers */,
				60180AEC23585BF500C48293 /* GKCommon.h in Headers */,
				60180AED23585BF500C48293 /* GKNavigationBarViewController.h in Headers */,
				60180AEE23585BF500C48293 /* GKNavigationBarConfigure.h in Headers */,
				60180AEF23585BF500C48293 /* GKNavigationBar.h in Headers */,
				60D0DC08236FF8C200266415 /* UIImage+GKCategory.h in Headers */,
			);
			runOnlyForDeploymentPostprocessing = 0;
		};
/* End PBXHeadersBuildPhase section */

/* Begin PBXNativeTarget section */
		600EC5522306588500222289 /* GKNavigationBarViewControllerDemo */ = {
			isa = PBXNativeTarget;
			buildConfigurationList = 600EC57F2306588700222289 /* Build configuration list for PBXNativeTarget "GKNavigationBarViewControllerDemo" */;
			buildPhases = (
				54C59E2E0878AC6ECAF3F14D /* [CP] Check Pods Manifest.lock */,
				600EC54F2306588500222289 /* Sources */,
				600EC5502306588500222289 /* Frameworks */,
				600EC5512306588500222289 /* Resources */,
				FD750B2577171B300714148B /* [CP] Embed Pods Frameworks */,
			);
			buildRules = (
			);
			dependencies = (
			);
			name = GKNavigationBarViewControllerDemo;
			productName = GKNavigationBarViewControllerDemo;
			productReference = 600EC5532306588500222289 /* GKNavigationBarViewControllerDemo.app */;
			productType = "com.apple.product-type.application";
		};
		600EC56A2306588700222289 /* GKNavigationBarViewControllerDemoTests */ = {
			isa = PBXNativeTarget;
			buildConfigurationList = 600EC5822306588700222289 /* Build configuration list for PBXNativeTarget "GKNavigationBarViewControllerDemoTests" */;
			buildPhases = (
				600EC5672306588700222289 /* Sources */,
				600EC5682306588700222289 /* Frameworks */,
				600EC5692306588700222289 /* Resources */,
			);
			buildRules = (
			);
			dependencies = (
				600EC56D2306588700222289 /* PBXTargetDependency */,
			);
			name = GKNavigationBarViewControllerDemoTests;
			productName = GKNavigationBarViewControllerDemoTests;
			productReference = 600EC56B2306588700222289 /* GKNavigationBarViewControllerDemoTests.xctest */;
			productType = "com.apple.product-type.bundle.unit-test";
		};
		60180AB223585A7500C48293 /* GKNavigationBarViewControllerFramework */ = {
			isa = PBXNativeTarget;
			buildConfigurationList = 60180ACF23585A7500C48293 /* Build configuration list for PBXNativeTarget "GKNavigationBarViewControllerFramework" */;
			buildPhases = (
				60180AAE23585A7500C48293 /* Headers */,
				60180AAF23585A7500C48293 /* Sources */,
				60180AB023585A7500C48293 /* Frameworks */,
				60180AB123585A7500C48293 /* Resources */,
			);
			buildRules = (
			);
			dependencies = (
			);
			name = GKNavigationBarViewControllerFramework;
			productName = GKNavigationBarViewControllerFramework;
			productReference = 60180AB323585A7500C48293 /* GKNavigationBarViewController.framework */;
			productType = "com.apple.product-type.framework";
		};
/* End PBXNativeTarget section */

/* Begin PBXProject section */
		600EC54B2306588500222289 /* Project object */ = {
			isa = PBXProject;
			attributes = {
				DefaultBuildSystemTypeForWorkspace = Latest;
				LastUpgradeCheck = 1110;
				ORGANIZATIONNAME = gaokun;
				TargetAttributes = {
					600EC5522306588500222289 = {
						CreatedOnToolsVersion = 10.3;
					};
					600EC56A2306588700222289 = {
						CreatedOnToolsVersion = 10.3;
						TestTargetID = 600EC5522306588500222289;
					};
					60180AB223585A7500C48293 = {
						CreatedOnToolsVersion = 11.1;
					};
				};
			};
			buildConfigurationList = 600EC54E2306588500222289 /* Build configuration list for PBXProject "GKNavigationBarViewControllerDemo" */;
			compatibilityVersion = "Xcode 9.3";
			developmentRegion = en;
			hasScannedForEncodings = 0;
			knownRegions = (
				en,
				Base,
			);
			mainGroup = 600EC54A2306588500222289;
			productRefGroup = 600EC5542306588500222289 /* Products */;
			projectDirPath = "";
			projectRoot = "";
			targets = (
				600EC5522306588500222289 /* GKNavigationBarViewControllerDemo */,
				600EC56A2306588700222289 /* GKNavigationBarViewControllerDemoTests */,
				60180AB223585A7500C48293 /* GKNavigationBarViewControllerFramework */,
			);
		};
/* End PBXProject section */

/* Begin PBXResourcesBuildPhase section */
		600EC5512306588500222289 /* Resources */ = {
			isa = PBXResourcesBuildPhase;
			buildActionMask = 2147483647;
			files = (
				600EC6E523067F6800222289 /* README.md in Resources */,
				600EC5632306588700222289 /* LaunchScreen.storyboard in Resources */,
				600EC6DF23067F5400222289 /* GKNavigationBarViewController.bundle in Resources */,
				600EC5602306588700222289 /* Assets.xcassets in Resources */,
				60180B342358669300C48293 /* .travis.yml in Resources */,
				600EC6E423067F6800222289 /* GKNavigationBarViewController.podspec in Resources */,
			);
			runOnlyForDeploymentPostprocessing = 0;
		};
		600EC5692306588700222289 /* Resources */ = {
			isa = PBXResourcesBuildPhase;
			buildActionMask = 2147483647;
			files = (
			);
			runOnlyForDeploymentPostprocessing = 0;
		};
		60180AB123585A7500C48293 /* Resources */ = {
			isa = PBXResourcesBuildPhase;
			buildActionMask = 2147483647;
			files = (
				60180ADF23585B9800C48293 /* GKNavigationBarViewController.bundle in Resources */,
			);
			runOnlyForDeploymentPostprocessing = 0;
		};
/* End PBXResourcesBuildPhase section */

/* Begin PBXShellScriptBuildPhase section */
		54C59E2E0878AC6ECAF3F14D /* [CP] Check Pods Manifest.lock */ = {
			isa = PBXShellScriptBuildPhase;
			buildActionMask = 2147483647;
			files = (
			);
			inputFileListPaths = (
			);
			inputPaths = (
				"${PODS_PODFILE_DIR_PATH}/Podfile.lock",
				"${PODS_ROOT}/Manifest.lock",
			);
			name = "[CP] Check Pods Manifest.lock";
			outputFileListPaths = (
			);
			outputPaths = (
				"$(DERIVED_FILE_DIR)/Pods-GKNavigationBarViewControllerDemo-checkManifestLockResult.txt",
			);
			runOnlyForDeploymentPostprocessing = 0;
			shellPath = /bin/sh;
			shellScript = "diff \"${PODS_PODFILE_DIR_PATH}/Podfile.lock\" \"${PODS_ROOT}/Manifest.lock\" > /dev/null\nif [ $? != 0 ] ; then\n    # print error to STDERR\n    echo \"error: The sandbox is not in sync with the Podfile.lock. Run 'pod install' or update your CocoaPods installation.\" >&2\n    exit 1\nfi\n# This output is used by Xcode 'outputs' to avoid re-running this script phase.\necho \"SUCCESS\" > \"${SCRIPT_OUTPUT_FILE_0}\"\n";
			showEnvVarsInLog = 0;
		};
		FD750B2577171B300714148B /* [CP] Embed Pods Frameworks */ = {
			isa = PBXShellScriptBuildPhase;
			buildActionMask = 2147483647;
			files = (
			);
			inputFileListPaths = (
				"${PODS_ROOT}/Target Support Files/Pods-GKNavigationBarViewControllerDemo/Pods-GKNavigationBarViewControllerDemo-frameworks-${CONFIGURATION}-input-files.xcfilelist",
			);
			name = "[CP] Embed Pods Frameworks";
			outputFileListPaths = (
				"${PODS_ROOT}/Target Support Files/Pods-GKNavigationBarViewControllerDemo/Pods-GKNavigationBarViewControllerDemo-frameworks-${CONFIGURATION}-output-files.xcfilelist",
			);
			runOnlyForDeploymentPostprocessing = 0;
			shellPath = /bin/sh;
			shellScript = "\"${PODS_ROOT}/Target Support Files/Pods-GKNavigationBarViewControllerDemo/Pods-GKNavigationBarViewControllerDemo-frameworks.sh\"\n";
			showEnvVarsInLog = 0;
		};
/* End PBXShellScriptBuildPhase section */

/* Begin PBXSourcesBuildPhase section */
		600EC54F2306588500222289 /* Sources */ = {
			isa = PBXSourcesBuildPhase;
			buildActionMask = 2147483647;
			files = (
				600EC61123065FA700222289 /* GKWYMusicViewController.m in Sources */,
				600EC62A23065FA700222289 /* GKTab003ViewController.m in Sources */,
				600EC62223065FA700222289 /* UIView+Extension.m in Sources */,
				600EC63023065FA700222289 /* GKDemo011ViewController.m in Sources */,
				600EC61A23065FA700222289 /* GKToutiaoViewController.m in Sources */,
				600EC63523065FA700222289 /* GKDemo012ViewController.m in Sources */,
				600EC61C23065FA700222289 /* GKToutiaoDetailViewController.m in Sources */,
				600EC62423065FA700222289 /* GKDouyinHomeViewController.m in Sources */,
				600EC61B23065FA700222289 /* GKToutiaoMineViewController.m in Sources */,
				600EC63123065FA700222289 /* GKDemo008ViewController.m in Sources */,
				600EC6D823067F5400222289 /* UINavigationController+GKCategory.m in Sources */,
				600EC6DD23067F5400222289 /* UIViewController+GKCategory.m in Sources */,
				600EC62823065FA700222289 /* GKMainViewController.m in Sources */,
				600EC6D623067F5400222289 /* GKPopTransitionAnimation.m in Sources */,
				600EC6D723067F5400222289 /* GKBaseTransitionAnimation.m in Sources */,
				600EC61323065FA700222289 /* GKWYNewsHomeViewController.m in Sources */,
				603C8EEC234ED5F7001B4C3C /* GKDemo013PushViewController.m in Sources */,
				603C8EE0234ED0A2001B4C3C /* GKDemo013ViewController.m in Sources */,
				600EC62E23065FA700222289 /* GKDemo006ViewController.m in Sources */,
				600EC63323065FA700222289 /* GKDemo002ViewController.m in Sources */,
				600EC62D23065FA700222289 /* GKDemo009ViewController.m in Sources */,
				600EC6E123067F5400222289 /* GKNavigationBarConfigure.m in Sources */,
				600EC5662306588700222289 /* main.m in Sources */,
				600EC6DB23067F5400222289 /* UIScrollView+GKCategory.m in Sources */,
				600EC5582306588500222289 /* AppDelegate.m in Sources */,
				600EC63623065FA700222289 /* GKDemo004ViewController.m in Sources */,
				600EC60E23065FA700222289 /* GKWYMusicFindViewController.m in Sources */,
				793A13CE234B1B380085DF82 /* UIViewController+FullScreen.m in Sources */,
				600EC61423065FA700222289 /* GKWYNewsNewViewController.m in Sources */,
				600EC62723065FA700222289 /* GKDouyinHomeSearchViewController.m in Sources */,
				600EC62123065FA700222289 /* GKDemoBaseViewController.m in Sources */,
				600EC62523065FA700222289 /* GKDouyinScrollView.m in Sources */,
				600EC6DC23067F5400222289 /* UINavigationItem+GKCategory.m in Sources */,
				600EC6DE23067F5400222289 /* GKNavigationBar.m in Sources */,
				600EC61623065FA700222289 /* GKWYNewsCommentViewController.m in Sources */,
				600EC61F23065FA700222289 /* GKToutiaoHomeViewController.m in Sources */,
				600EC62C23065FA700222289 /* GKDemo010ViewController.m in Sources */,
				600EC61223065FA700222289 /* GKWYNewsViewController.m in Sources */,
				600EC61023065FA700222289 /* GKWYMusicAccountViewController.m in Sources */,
				600EC63423065FA700222289 /* GKDemo005ViewController.m in Sources */,
				600EC60F23065FA700222289 /* GKWYMusicMineViewController.m in Sources */,
				600EC62023065FA700222289 /* GKTabBaseViewController.m in Sources */,
				600EC62623065FA700222289 /* GKDouyinPersonalViewController.m in Sources */,
				600EC60C23065FA700222289 /* GKWYMusicDetailViewController.m in Sources */,
				600EC6DA23067F5400222289 /* UIBarButtonItem+GKCategory.m in Sources */,
				600EC62F23065FA700222289 /* GKDemo001ViewController.m in Sources */,
				603C8EE6234ED4F7001B4C3C /* GKPushTab002ViewController.m in Sources */,
				600EC61723065FA700222289 /* GKWYNewsDetailViewController.m in Sources */,
				600EC61823065FA700222289 /* GKWYNewsVideoViewController.m in Sources */,
				600EC6D423067F5400222289 /* GKPushTransitionAnimation.m in Sources */,
				600EC61D23065FA700222289 /* GKToutiaoVideoViewController.m in Sources */,
				603C8EE3234ED4ED001B4C3C /* GKPushTab001ViewController.m in Sources */,
				600EC6E023067F5400222289 /* GKNavigationBarViewController.m in Sources */,
				6011631B236FF52900622897 /* UIImage+GKCategory.m in Sources */,
				600EC61523065FA700222289 /* GKWYNewsProfileViewController.m in Sources */,
				600EC63723065FA700222289 /* GKDemo003ViewController.m in Sources */,
				600EC62B23065FA700222289 /* GKTab002ViewController.m in Sources */,
				600EC61E23065FA700222289 /* GKToutiaoMicroViewController.m in Sources */,
				600EC63223065FA700222289 /* GKDemo007ViewController.m in Sources */,
				600EC6D523067F5400222289 /* GKDelegateHandler.m in Sources */,
				600EC62323065FA700222289 /* GKDouyinHomePlayerViewController.m in Sources */,
				600EC61923065FA700222289 /* GKWYNewsLiveViewController.m in Sources */,
				600EC62923065FA700222289 /* GKTab001ViewController.m in Sources */,
				600EC60D23065FA700222289 /* GKWYMusicFriendViewController.m in Sources */,
			);
			runOnlyForDeploymentPostprocessing = 0;
		};
		600EC5672306588700222289 /* Sources */ = {
			isa = PBXSourcesBuildPhase;
			buildActionMask = 2147483647;
			files = (
				600EC5702306588700222289 /* GKNavigationBarViewControllerDemoTests.m in Sources */,
			);
			runOnlyForDeploymentPostprocessing = 0;
		};
		60180AAF23585A7500C48293 /* Sources */ = {
			isa = PBXSourcesBuildPhase;
			buildActionMask = 2147483647;
			files = (
				60D0DC07236FF8B800266415 /* UIImage+GKCategory.m in Sources */,
				60180AD123585B8600C48293 /* GKDelegateHandler.m in Sources */,
				60180AD223585B8600C48293 /* GKPushTransitionAnimation.m in Sources */,
				60180AD323585B8600C48293 /* GKPopTransitionAnimation.m in Sources */,
				60180AD423585B8600C48293 /* GKBaseTransitionAnimation.m in Sources */,
				60180AD623585B8600C48293 /* UIScrollView+GKCategory.m in Sources */,
				60180AD723585B8600C48293 /* UIBarButtonItem+GKCategory.m in Sources */,
				60180AD823585B8600C48293 /* UINavigationItem+GKCategory.m in Sources */,
				60180AD923585B8600C48293 /* UINavigationController+GKCategory.m in Sources */,
				60180ADB23585B8600C48293 /* UIViewController+GKCategory.m in Sources */,
				60180ADC23585B8600C48293 /* GKNavigationBarViewController.m in Sources */,
				60180ADD23585B8600C48293 /* GKNavigationBarConfigure.m in Sources */,
				60180ADE23585B8600C48293 /* GKNavigationBar.m in Sources */,
			);
			runOnlyForDeploymentPostprocessing = 0;
		};
/* End PBXSourcesBuildPhase section */

/* Begin PBXTargetDependency section */
		600EC56D2306588700222289 /* PBXTargetDependency */ = {
			isa = PBXTargetDependency;
			target = 600EC5522306588500222289 /* GKNavigationBarViewControllerDemo */;
			targetProxy = 600EC56C2306588700222289 /* PBXContainerItemProxy */;
		};
/* End PBXTargetDependency section */

/* Begin PBXVariantGroup section */
		600EC5612306588700222289 /* LaunchScreen.storyboard */ = {
			isa = PBXVariantGroup;
			children = (
				600EC5622306588700222289 /* Base */,
			);
			name = LaunchScreen.storyboard;
			sourceTree = "<group>";
		};
/* End PBXVariantGroup section */

/* Begin XCBuildConfiguration section */
		600EC57D2306588700222289 /* Debug */ = {
			isa = XCBuildConfiguration;
			buildSettings = {
				ALWAYS_SEARCH_USER_PATHS = NO;
				CLANG_ANALYZER_NONNULL = YES;
				CLANG_ANALYZER_NUMBER_OBJECT_CONVERSION = YES_AGGRESSIVE;
				CLANG_CXX_LANGUAGE_STANDARD = "gnu++14";
				CLANG_CXX_LIBRARY = "libc++";
				CLANG_ENABLE_MODULES = YES;
				CLANG_ENABLE_OBJC_ARC = YES;
				CLANG_ENABLE_OBJC_WEAK = YES;
				CLANG_WARN_BLOCK_CAPTURE_AUTORELEASING = YES;
				CLANG_WARN_BOOL_CONVERSION = YES;
				CLANG_WARN_COMMA = YES;
				CLANG_WARN_CONSTANT_CONVERSION = YES;
				CLANG_WARN_DEPRECATED_OBJC_IMPLEMENTATIONS = YES;
				CLANG_WARN_DIRECT_OBJC_ISA_USAGE = YES_ERROR;
				CLANG_WARN_DOCUMENTATION_COMMENTS = YES;
				CLANG_WARN_EMPTY_BODY = YES;
				CLANG_WARN_ENUM_CONVERSION = YES;
				CLANG_WARN_INFINITE_RECURSION = YES;
				CLANG_WARN_INT_CONVERSION = YES;
				CLANG_WARN_NON_LITERAL_NULL_CONVERSION = YES;
				CLANG_WARN_OBJC_IMPLICIT_RETAIN_SELF = YES;
				CLANG_WARN_OBJC_LITERAL_CONVERSION = YES;
				CLANG_WARN_OBJC_ROOT_CLASS = YES_ERROR;
				CLANG_WARN_RANGE_LOOP_ANALYSIS = YES;
				CLANG_WARN_STRICT_PROTOTYPES = YES;
				CLANG_WARN_SUSPICIOUS_MOVE = YES;
				CLANG_WARN_UNGUARDED_AVAILABILITY = YES_AGGRESSIVE;
				CLANG_WARN_UNREACHABLE_CODE = YES;
				CLANG_WARN__DUPLICATE_METHOD_MATCH = YES;
				CODE_SIGN_IDENTITY = "iPhone Developer";
				COPY_PHASE_STRIP = NO;
				DEBUG_INFORMATION_FORMAT = dwarf;
				ENABLE_STRICT_OBJC_MSGSEND = YES;
				ENABLE_TESTABILITY = YES;
				GCC_C_LANGUAGE_STANDARD = gnu11;
				GCC_DYNAMIC_NO_PIC = NO;
				GCC_NO_COMMON_BLOCKS = YES;
				GCC_OPTIMIZATION_LEVEL = 0;
				GCC_PREPROCESSOR_DEFINITIONS = (
					"DEBUG=1",
					"$(inherited)",
				);
				GCC_WARN_64_TO_32_BIT_CONVERSION = YES;
				GCC_WARN_ABOUT_RETURN_TYPE = YES_ERROR;
				GCC_WARN_UNDECLARED_SELECTOR = YES;
				GCC_WARN_UNINITIALIZED_AUTOS = YES_AGGRESSIVE;
				GCC_WARN_UNUSED_FUNCTION = YES;
				GCC_WARN_UNUSED_VARIABLE = YES;
				IPHONEOS_DEPLOYMENT_TARGET = 12.4;
				MTL_ENABLE_DEBUG_INFO = INCLUDE_SOURCE;
				MTL_FAST_MATH = YES;
				ONLY_ACTIVE_ARCH = YES;
				SDKROOT = iphoneos;
			};
			name = Debug;
		};
		600EC57E2306588700222289 /* Release */ = {
			isa = XCBuildConfiguration;
			buildSettings = {
				ALWAYS_SEARCH_USER_PATHS = NO;
				CLANG_ANALYZER_NONNULL = YES;
				CLANG_ANALYZER_NUMBER_OBJECT_CONVERSION = YES_AGGRESSIVE;
				CLANG_CXX_LANGUAGE_STANDARD = "gnu++14";
				CLANG_CXX_LIBRARY = "libc++";
				CLANG_ENABLE_MODULES = YES;
				CLANG_ENABLE_OBJC_ARC = YES;
				CLANG_ENABLE_OBJC_WEAK = YES;
				CLANG_WARN_BLOCK_CAPTURE_AUTORELEASING = YES;
				CLANG_WARN_BOOL_CONVERSION = YES;
				CLANG_WARN_COMMA = YES;
				CLANG_WARN_CONSTANT_CONVERSION = YES;
				CLANG_WARN_DEPRECATED_OBJC_IMPLEMENTATIONS = YES;
				CLANG_WARN_DIRECT_OBJC_ISA_USAGE = YES_ERROR;
				CLANG_WARN_DOCUMENTATION_COMMENTS = YES;
				CLANG_WARN_EMPTY_BODY = YES;
				CLANG_WARN_ENUM_CONVERSION = YES;
				CLANG_WARN_INFINITE_RECURSION = YES;
				CLANG_WARN_INT_CONVERSION = YES;
				CLANG_WARN_NON_LITERAL_NULL_CONVERSION = YES;
				CLANG_WARN_OBJC_IMPLICIT_RETAIN_SELF = YES;
				CLANG_WARN_OBJC_LITERAL_CONVERSION = YES;
				CLANG_WARN_OBJC_ROOT_CLASS = YES_ERROR;
				CLANG_WARN_RANGE_LOOP_ANALYSIS = YES;
				CLANG_WARN_STRICT_PROTOTYPES = YES;
				CLANG_WARN_SUSPICIOUS_MOVE = YES;
				CLANG_WARN_UNGUARDED_AVAILABILITY = YES_AGGRESSIVE;
				CLANG_WARN_UNREACHABLE_CODE = YES;
				CLANG_WARN__DUPLICATE_METHOD_MATCH = YES;
				CODE_SIGN_IDENTITY = "iPhone Developer";
				COPY_PHASE_STRIP = NO;
				DEBUG_INFORMATION_FORMAT = "dwarf-with-dsym";
				ENABLE_NS_ASSERTIONS = NO;
				ENABLE_STRICT_OBJC_MSGSEND = YES;
				GCC_C_LANGUAGE_STANDARD = gnu11;
				GCC_NO_COMMON_BLOCKS = YES;
				GCC_WARN_64_TO_32_BIT_CONVERSION = YES;
				GCC_WARN_ABOUT_RETURN_TYPE = YES_ERROR;
				GCC_WARN_UNDECLARED_SELECTOR = YES;
				GCC_WARN_UNINITIALIZED_AUTOS = YES_AGGRESSIVE;
				GCC_WARN_UNUSED_FUNCTION = YES;
				GCC_WARN_UNUSED_VARIABLE = YES;
				IPHONEOS_DEPLOYMENT_TARGET = 12.4;
				MTL_ENABLE_DEBUG_INFO = NO;
				MTL_FAST_MATH = YES;
				SDKROOT = iphoneos;
				VALIDATE_PRODUCT = YES;
			};
			name = Release;
		};
		600EC5802306588700222289 /* Debug */ = {
			isa = XCBuildConfiguration;
			baseConfigurationReference = 269F61B4ACDBF25AE775D67A /* Pods-GKNavigationBarViewControllerDemo.debug.xcconfig */;
			buildSettings = {
				ASSETCATALOG_COMPILER_APPICON_NAME = AppIcon;
				CODE_SIGN_IDENTITY = "iPhone Developer: xinjun zhang (DNJGV7XB9Q)";
				CODE_SIGN_STYLE = Manual;
				DEVELOPMENT_TEAM = X52753HQNM;
				GCC_PREFIX_HEADER = GKNavigationBarViewControllerDemo/PrefixHeader.pch;
				INFOPLIST_FILE = GKNavigationBarViewControllerDemo/Info.plist;
				IPHONEOS_DEPLOYMENT_TARGET = 9.0;
				LD_RUNPATH_SEARCH_PATHS = (
					"$(inherited)",
					"@executable_path/Frameworks",
				);
				PRODUCT_BUNDLE_IDENTIFIER = com.test.gknavigationbar;
				PRODUCT_NAME = "$(TARGET_NAME)";
				PROVISIONING_PROFILE_SPECIFIER = aystfm_dev_test;
				TARGETED_DEVICE_FAMILY = "1,2";
			};
			name = Debug;
		};
		600EC5812306588700222289 /* Release */ = {
			isa = XCBuildConfiguration;
			baseConfigurationReference = 656BD2E20F7FF5D6C823AB90 /* Pods-GKNavigationBarViewControllerDemo.release.xcconfig */;
			buildSettings = {
				ASSETCATALOG_COMPILER_APPICON_NAME = AppIcon;
				CODE_SIGN_IDENTITY = "iPhone Developer: xinjun zhang (DNJGV7XB9Q)";
				CODE_SIGN_STYLE = Manual;
				DEVELOPMENT_TEAM = X52753HQNM;
				GCC_PREFIX_HEADER = GKNavigationBarViewControllerDemo/PrefixHeader.pch;
				INFOPLIST_FILE = GKNavigationBarViewControllerDemo/Info.plist;
				IPHONEOS_DEPLOYMENT_TARGET = 9.0;
				LD_RUNPATH_SEARCH_PATHS = (
					"$(inherited)",
					"@executable_path/Frameworks",
				);
				PRODUCT_BUNDLE_IDENTIFIER = com.test.gknavigationbar;
				PRODUCT_NAME = "$(TARGET_NAME)";
				PROVISIONING_PROFILE_SPECIFIER = aystfm_dev_test;
				TARGETED_DEVICE_FAMILY = "1,2";
			};
			name = Release;
		};
		600EC5832306588700222289 /* Debug */ = {
			isa = XCBuildConfiguration;
			buildSettings = {
				BUNDLE_LOADER = "$(TEST_HOST)";
				CODE_SIGN_STYLE = Automatic;
				INFOPLIST_FILE = GKNavigationBarViewControllerDemoTests/Info.plist;
				LD_RUNPATH_SEARCH_PATHS = (
					"$(inherited)",
					"@executable_path/Frameworks",
					"@loader_path/Frameworks",
				);
				PRODUCT_BUNDLE_IDENTIFIER = com.aiyinsitanfm.GKNavigationBarViewControllerDemoTests;
				PRODUCT_NAME = "$(TARGET_NAME)";
				TARGETED_DEVICE_FAMILY = "1,2";
				TEST_HOST = "$(BUILT_PRODUCTS_DIR)/GKNavigationBarViewControllerDemo.app/GKNavigationBarViewControllerDemo";
			};
			name = Debug;
		};
		600EC5842306588700222289 /* Release */ = {
			isa = XCBuildConfiguration;
			buildSettings = {
				BUNDLE_LOADER = "$(TEST_HOST)";
				CODE_SIGN_STYLE = Automatic;
				INFOPLIST_FILE = GKNavigationBarViewControllerDemoTests/Info.plist;
				LD_RUNPATH_SEARCH_PATHS = (
					"$(inherited)",
					"@executable_path/Frameworks",
					"@loader_path/Frameworks",
				);
				PRODUCT_BUNDLE_IDENTIFIER = com.aiyinsitanfm.GKNavigationBarViewControllerDemoTests;
				PRODUCT_NAME = "$(TARGET_NAME)";
				TARGETED_DEVICE_FAMILY = "1,2";
				TEST_HOST = "$(BUILT_PRODUCTS_DIR)/GKNavigationBarViewControllerDemo.app/GKNavigationBarViewControllerDemo";
			};
			name = Release;
		};
		60180ACB23585A7500C48293 /* Debug */ = {
			isa = XCBuildConfiguration;
			buildSettings = {
				CODE_SIGN_IDENTITY = "";
				CODE_SIGN_STYLE = Manual;
				CURRENT_PROJECT_VERSION = 1;
				DEFINES_MODULE = YES;
				DEVELOPMENT_TEAM = "";
				DYLIB_COMPATIBILITY_VERSION = 1;
				DYLIB_CURRENT_VERSION = 1;
				DYLIB_INSTALL_NAME_BASE = "@rpath";
				INFOPLIST_FILE = GKNavigationBarViewControllerFramework/Info.plist;
				INSTALL_PATH = "$(LOCAL_LIBRARY_DIR)/Frameworks";
				IPHONEOS_DEPLOYMENT_TARGET = 8.0;
				LD_RUNPATH_SEARCH_PATHS = (
					"$(inherited)",
					"@executable_path/Frameworks",
					"@loader_path/Frameworks",
				);
				OTHER_LDFLAGS = "-all_load";
				PRODUCT_BUNDLE_IDENTIFIER = com.test.GKNavigationBarViewControllerFramework;
				PRODUCT_MODULE_NAME = GKNavigationBarViewController;
				PRODUCT_NAME = GKNavigationBarViewController;
				PROVISIONING_PROFILE_SPECIFIER = "";
				"PROVISIONING_PROFILE_SPECIFIER[sdk=macosx*]" = "";
				SKIP_INSTALL = YES;
				SUPPORTS_MACCATALYST = YES;
				TARGETED_DEVICE_FAMILY = "1,2";
				VERSIONING_SYSTEM = "apple-generic";
				VERSION_INFO_PREFIX = "";
			};
			name = Debug;
		};
		60180ACC23585A7500C48293 /* Release */ = {
			isa = XCBuildConfiguration;
			buildSettings = {
				CODE_SIGN_IDENTITY = "";
				CODE_SIGN_STYLE = Manual;
				CURRENT_PROJECT_VERSION = 1;
				DEFINES_MODULE = YES;
				DEVELOPMENT_TEAM = "";
				DYLIB_COMPATIBILITY_VERSION = 1;
				DYLIB_CURRENT_VERSION = 1;
				DYLIB_INSTALL_NAME_BASE = "@rpath";
				INFOPLIST_FILE = GKNavigationBarViewControllerFramework/Info.plist;
				INSTALL_PATH = "$(LOCAL_LIBRARY_DIR)/Frameworks";
				IPHONEOS_DEPLOYMENT_TARGET = 8.0;
				LD_RUNPATH_SEARCH_PATHS = (
					"$(inherited)",
					"@executable_path/Frameworks",
					"@loader_path/Frameworks",
				);
				OTHER_LDFLAGS = "-all_load";
				PRODUCT_BUNDLE_IDENTIFIER = com.test.GKNavigationBarViewControllerFramework;
				PRODUCT_MODULE_NAME = GKNavigationBarViewController;
				PRODUCT_NAME = GKNavigationBarViewController;
				PROVISIONING_PROFILE_SPECIFIER = "";
				"PROVISIONING_PROFILE_SPECIFIER[sdk=macosx*]" = "";
				SKIP_INSTALL = YES;
				SUPPORTS_MACCATALYST = YES;
				TARGETED_DEVICE_FAMILY = "1,2";
				VERSIONING_SYSTEM = "apple-generic";
				VERSION_INFO_PREFIX = "";
			};
			name = Release;
		};
/* End XCBuildConfiguration section */

/* Begin XCConfigurationList section */
		600EC54E2306588500222289 /* Build configuration list for PBXProject "GKNavigationBarViewControllerDemo" */ = {
			isa = XCConfigurationList;
			buildConfigurations = (
				600EC57D2306588700222289 /* Debug */,
				600EC57E2306588700222289 /* Release */,
			);
			defaultConfigurationIsVisible = 0;
			defaultConfigurationName = Release;
		};
		600EC57F2306588700222289 /* Build configuration list for PBXNativeTarget "GKNavigationBarViewControllerDemo" */ = {
			isa = XCConfigurationList;
			buildConfigurations = (
				600EC5802306588700222289 /* Debug */,
				600EC5812306588700222289 /* Release */,
			);
			defaultConfigurationIsVisible = 0;
			defaultConfigurationName = Release;
		};
		600EC5822306588700222289 /* Build configuration list for PBXNativeTarget "GKNavigationBarViewControllerDemoTests" */ = {
			isa = XCConfigurationList;
			buildConfigurations = (
				600EC5832306588700222289 /* Debug */,
				600EC5842306588700222289 /* Release */,
			);
			defaultConfigurationIsVisible = 0;
			defaultConfigurationName = Release;
		};
		60180ACF23585A7500C48293 /* Build configuration list for PBXNativeTarget "GKNavigationBarViewControllerFramework" */ = {
			isa = XCConfigurationList;
			buildConfigurations = (
				60180ACB23585A7500C48293 /* Debug */,
				60180ACC23585A7500C48293 /* Release */,
			);
			defaultConfigurationIsVisible = 0;
			defaultConfigurationName = Release;
		};
/* End XCConfigurationList section */
	};
	rootObject = 600EC54B2306588500222289 /* Project object */;
}
