PODS:
  - IQKeyboardManager (6.5.5)
  - Masonry (1.1.0)
  - TZImagePickerController (3.3.2)

DEPENDENCIES:
  - IQKeyboardManager
  - Masonry
  - TZImagePickerController

SPEC REPOS:
  https://github.com/CocoaPods/Specs.git:
    - IQKeyboardManager
    - Masonry
    - TZImagePickerController

SPEC CHECKSUMS:
  IQKeyboardManager: 3a8b9e603f8b0eeaf5f096a1f2b2cfcf121992ef
  Masonry: 678fab65091a9290e40e2832a55e7ab731aad201
  TZImagePickerController: 36ca728ec681228918aa82e993aaab1962281b72

PODFILE CHECKSUM: 5f7e71f1bd9e8e068511abe6d0bb6c8dd9fa1629

COCOAPODS: 1.9.3
